
Microsoft Visual Studio Solution File, Format Version 12.00
# Visual Studio Version 16
VisualStudioVersion = 16.0.29021.104
MinimumVisualStudioVersion = 10.0.40219.1
Project("{2150E333-8FDC-42A3-9474-1A3956D46DE8}") = "Templates", "Templates", "{8BECB2E8-F7DD-4E7E-8AA8-435B91B6E17E}"
EndProject
Project("{2150E333-8FDC-42A3-9474-1A3956D46DE8}") = "Tools", "Tools", "{B78E2F50-2EA8-4B71-A86C-51573E0E414B}"
EndProject
Project("{2150E333-8FDC-42A3-9474-1A3956D46DE8}") = "Console", "Console", "{917D5746-1F3F-4BF6-843B-97015EAEE76A}"
EndProject
Project("{2150E333-8FDC-42A3-9474-1A3956D46DE8}") = "Tests", "Tests", "{D92B4E4D-D2F4-41AF-B4BB-B215B24E7CBA}"
EndProject
Project("{2150E333-8FDC-42A3-9474-1A3956D46DE8}") = "Blazor", "Blazor", "{82CB67A3-F807-4963-AE6F-27AA99AB3552}"
EndProject
Project("{2150E333-8FDC-42A3-9474-1A3956D46DE8}") = "Hosted", "Hosted", "{86F1402B-57B7-4469-9E7F-F0BE4ED7F1A9}"
EndProject
Project("{2150E333-8FDC-42A3-9474-1A3956D46DE8}") = "Tests", "Tests", "{7565AEE0-6406-47A5-A8ED-564EF796D53F}"
EndProject
Global
	GlobalSection(SolutionProperties) = preSolution
		HideSolutionNode = FALSE
	EndGlobalSection
	GlobalSection(NestedProjects) = preSolution
		{917D5746-1F3F-4BF6-843B-97015EAEE76A} = {8BECB2E8-F7DD-4E7E-8AA8-435B91B6E17E}
		{D92B4E4D-D2F4-41AF-B4BB-B215B24E7CBA} = {917D5746-1F3F-4BF6-843B-97015EAEE76A}
		{82CB67A3-F807-4963-AE6F-27AA99AB3552} = {8BECB2E8-F7DD-4E7E-8AA8-435B91B6E17E}
		{86F1402B-57B7-4469-9E7F-F0BE4ED7F1A9} = {82CB67A3-F807-4963-AE6F-27AA99AB3552}
		{7565AEE0-6406-47A5-A8ED-564EF796D53F} = {86F1402B-57B7-4469-9E7F-F0BE4ED7F1A9}
	EndGlobalSection
	GlobalSection(ExtensibilityGlobals) = postSolution
		SolutionGuid = {45975B52-2924-43D1-921B-79161479954E}
	EndGlobalSection
EndGlobal
