
Microsoft Visual Studio Solution File, Format Version 12.00
# Visual Studio Version 16
VisualStudioVersion = 16.0.28606.126
MinimumVisualStudioVersion = 10.0.40219.1
Project("{2150E333-8FDC-42A3-9474-1A3956D46DE8}") = "Templates", "Templates", "{908B0A29-DD28-4807-B28E-3CF820B86B1B}"
EndProject
Project("{2150E333-8FDC-42A3-9474-1A3956D46DE8}") = "Tools", "Tools", "{E5536454-D05F-4C5B-92E5-AB44091503DA}"
EndProject
Project("{9A19103F-16F7-4668-BE54-9A1E7A4F7556}") = "Tools", "Tools\Source\Tools.csproj", "{4F2A89FC-EBD8-43F0-8C1E-4DDCEE0B5558}"
EndProject
Project("{2150E333-8FDC-42A3-9474-1A3956D46DE8}") = "TimeWarpConsole", "TimeWarpConsole", "{980E7B16-9AE3-43F9-B4A8-D9710104E6FA}"
EndProject
Project("{9A19103F-16F7-4668-BE54-9A1E7A4F7556}") = "Console-CSharp", "source\TimeWarp.Console.Template\content\TimeWarp.Console-CSharp\Source\Console-CSharp.csproj", "{C20DBFCF-F6C9-4459-A0F3-0FD16B3D996B}"
EndProject
Project("{2150E333-8FDC-42A3-9474-1A3956D46DE8}") = "Tests", "Tests", "{3B39AA15-731F-47BB-BBD0-0114411DAD95}"
EndProject
Project("{9A19103F-16F7-4668-BE54-9A1E7A4F7556}") = "Console-CSharp.Tests", "source\TimeWarp.Console.Template\content\TimeWarp.Console-CSharp\Tests\Console-CSharp.Tests\Console-CSharp.Tests.csproj", "{0B6BEFE0-390C-42EF-917D-B929B99A81FA}"
EndProject
Global
	GlobalSection(SolutionConfigurationPlatforms) = preSolution
		Debug|Any CPU = Debug|Any CPU
		Release|Any CPU = Release|Any CPU
	EndGlobalSection
	GlobalSection(ProjectConfigurationPlatforms) = postSolution
		{4F2A89FC-EBD8-43F0-8C1E-4DDCEE0B5558}.Debug|Any CPU.ActiveCfg = Debug|Any CPU
		{4F2A89FC-EBD8-43F0-8C1E-4DDCEE0B5558}.Debug|Any CPU.Build.0 = Debug|Any CPU
		{4F2A89FC-EBD8-43F0-8C1E-4DDCEE0B5558}.Release|Any CPU.ActiveCfg = Release|Any CPU
		{4F2A89FC-EBD8-43F0-8C1E-4DDCEE0B5558}.Release|Any CPU.Build.0 = Release|Any CPU
		{C20DBFCF-F6C9-4459-A0F3-0FD16B3D996B}.Debug|Any CPU.ActiveCfg = Debug|Any CPU
		{C20DBFCF-F6C9-4459-A0F3-0FD16B3D996B}.Debug|Any CPU.Build.0 = Debug|Any CPU
		{C20DBFCF-F6C9-4459-A0F3-0FD16B3D996B}.Release|Any CPU.ActiveCfg = Release|Any CPU
		{C20DBFCF-F6C9-4459-A0F3-0FD16B3D996B}.Release|Any CPU.Build.0 = Release|Any CPU
		{0B6BEFE0-390C-42EF-917D-B929B99A81FA}.Debug|Any CPU.ActiveCfg = Debug|Any CPU
		{0B6BEFE0-390C-42EF-917D-B929B99A81FA}.Debug|Any CPU.Build.0 = Debug|Any CPU
		{0B6BEFE0-390C-42EF-917D-B929B99A81FA}.Release|Any CPU.ActiveCfg = Release|Any CPU
		{0B6BEFE0-390C-42EF-917D-B929B99A81FA}.Release|Any CPU.Build.0 = Release|Any CPU
	EndGlobalSection
	GlobalSection(SolutionProperties) = preSolution
		HideSolutionNode = FALSE
	EndGlobalSection
	GlobalSection(NestedProjects) = preSolution
		{4F2A89FC-EBD8-43F0-8C1E-4DDCEE0B5558} = {E5536454-D05F-4C5B-92E5-AB44091503DA}
		{980E7B16-9AE3-43F9-B4A8-D9710104E6FA} = {908B0A29-DD28-4807-B28E-3CF820B86B1B}
		{C20DBFCF-F6C9-4459-A0F3-0FD16B3D996B} = {980E7B16-9AE3-43F9-B4A8-D9710104E6FA}
		{3B39AA15-731F-47BB-BBD0-0114411DAD95} = {980E7B16-9AE3-43F9-B4A8-D9710104E6FA}
		{0B6BEFE0-390C-42EF-917D-B929B99A81FA} = {3B39AA15-731F-47BB-BBD0-0114411DAD95}
	EndGlobalSection
	GlobalSection(ExtensibilityGlobals) = postSolution
		SolutionGuid = {16FA64C2-4A0E-42D4-94E6-C8CFDE84597E}
	EndGlobalSection
EndGlobal
