<Solution>
  <Folder Name="/source/" />
  <Folder Name="/source/common/">
    <Project Path="source/common/foundation-contracts/foundation-contracts.csproj" />
    <Project Path="source/common/foundation-domain/foundation-domain.csproj" />
    <Project Path="source/common/foundation-application/foundation-application.csproj" />
  </Folder>
  <Folder Name="/source/libraries/">
    <Project Path="source/libraries/timewarp-modules/timewarp-modules.csproj" />
    <Project Path="source/libraries/timewarp-automation-contracts/timewarp-automation-contracts.csproj" />
  </Folder>
  <Folder Name="/source/analyzers/">
    <Project Path="source/analyzers/timewarp-architecture-attributes/timewarp-architecture-attributes.csproj" />
    <Project Path="source/analyzers/timewarp-architecture-analyzers/timewarp-architecture-analyzers.csproj" />
  </Folder>
  <Folder Name="/source/container-apps/">
    <Project Path="source/container-apps/api/api-domain/api-domain.csproj" />
    <Project Path="source/container-apps/grpc/grpc-domain/grpc-domain.csproj" />
    <Project Path="source/container-apps/web/web-domain/web-domain.csproj" />
    <Project Path="source/container-apps/aspire/aspire-service-defaults/aspire-service-defaults.csproj" />
  </Folder>
</Solution>
