<Solution>
  <Folder Name="/source/" />
  <Folder Name="/source/libraries/">
    <Project Path="source/libraries/timewarp-modules/timewarp-modules.csproj" />
  </Folder>
  <Folder Name="/source/analyzers/">
    <Project Path="source/analyzers/timewarp-architecture-attributes/timewarp-architecture-attributes.csproj" />
    <Project Path="source/analyzers/timewarp-architecture-analyzers/timewarp-architecture-analyzers.csproj" />
    <Project Path="source/analyzers/timewarp-architecture-generator/timewarp-architecture-generator.csproj" />
  </Folder>
</Solution>
