
Microsoft Visual Studio Solution File, Format Version 12.00
# Visual Studio Version 17
VisualStudioVersion = 17.0.31717.71
MinimumVisualStudioVersion = 10.0.40219.1
Project("{2150E333-8FDC-42A3-9474-1A3956D46DE8}") = "00-DevOps", "00-DevOps", "{968CBDA4-4227-4C7B-9F41-804376A8F193}"
EndProject
Project("{2150E333-8FDC-42A3-9474-1A3956D46DE8}") = "00-Libraries", "00-Libraries", "{78D09B55-6B42-4869-B943-87ACAD8439FB}"
EndProject
Project("{2150E333-8FDC-42A3-9474-1A3956D46DE8}") = "01-Tools", "01-Tools", "{E1A28909-AC7A-4D97-810F-D9F2BDEAAFAF}"
EndProject
Project("{2150E333-8FDC-42A3-9474-1A3956D46DE8}") = "02-Common", "02-Common", "{2DB1A6D9-AD51-4D72-9A4C-B08592E7ABA9}"
EndProject
Project("{2150E333-8FDC-42A3-9474-1A3956D46DE8}") = "03-Solution Items", "03-Solution Items", "{6B623CDC-91E7-47FD-A039-A40427FB7FE8}"
	ProjectSection(SolutionItems) = preProject
		.editorconfig = .editorconfig
		.gitignore = .gitignore
		CodeMaid.config = CodeMaid.config
		CSS Bundle Hash Management in Blazor with Tailwind.md = CSS Bundle Hash Management in Blazor with Tailwind.md
		Directory.Build.props = Directory.Build.props
		Directory.Packages.props = Directory.Packages.props
		global.json = global.json
		NuGet.config = NuGet.config
		README.md = README.md
		Run.ps1 = Run.ps1
		RunRelease.ps1 = RunRelease.ps1
		.template.config\template.json = .template.config\template.json
		TestCafe.ps1 = TestCafe.ps1
		TimeWarp.ruleset = TimeWarp.ruleset
		UNLICENSE.md = UNLICENSE.md
		Watch.ps1 = Watch.ps1
	EndProjectSection
EndProject
Project("{2150E333-8FDC-42A3-9474-1A3956D46DE8}") = "04-Tests", "04-Tests", "{2902FDFD-016E-4BF7-8B41-53D674FA53DD}"
EndProject
Project("{2150E333-8FDC-42A3-9474-1A3956D46DE8}") = "05-ContainerApps", "05-ContainerApps", "{3FE33776-60AF-4FAA-AF1A-EC3E15BBB509}"
EndProject
Project("{2150E333-8FDC-42A3-9474-1A3956D46DE8}") = "ContainerApps", "ContainerApps", "{F324E68B-9E03-4D9F-848E-398203410723}"
EndProject
Project("{2150E333-8FDC-42A3-9474-1A3956D46DE8}") = "Api", "Api", "{40FA15DA-FF57-49E7-AD29-3C6C12F29237}"
EndProject
Project("{2150E333-8FDC-42A3-9474-1A3956D46DE8}") = "Grpc", "Grpc", "{F549E7AE-C09B-402D-8AEC-43013297EDC3}"
EndProject
Project("{2150E333-8FDC-42A3-9474-1A3956D46DE8}") = "Web", "Web", "{A6A5A004-4F3D-46E8-BA25-BCEF3DB8A4E2}"
EndProject
Project("{2150E333-8FDC-42A3-9474-1A3956D46DE8}") = "Yarp", "Yarp", "{45A9CAA5-8BF5-48E9-BBAD-85D5001764AC}"
EndProject
Project("{2150E333-8FDC-42A3-9474-1A3956D46DE8}") = "Api", "Api", "{E3B896E0-4EBE-410B-A036-2EC3B6FA9EFE}"
EndProject
Project("{2150E333-8FDC-42A3-9474-1A3956D46DE8}") = "Grpc", "Grpc", "{97A8BD76-BAAC-4BEB-8D61-4BC1D51EB0A8}"
EndProject
Project("{2150E333-8FDC-42A3-9474-1A3956D46DE8}") = "Web", "Web", "{4F06C18A-94D0-4F34-89C9-F189FD1C8E74}"
EndProject
Project("{9A19103F-16F7-4668-BE54-9A1E7A4F7556}") = "Testing.Common", "Tests\TimeWarp.Testing\Testing.Common.csproj", "{0A40E8BE-AAE4-4382-A76C-5F65D3ABF62E}"
EndProject
Project("{9A19103F-16F7-4668-BE54-9A1E7A4F7556}") = "TimeWarp.Modules", "Source\Libraries\TimeWarp.Modules\TimeWarp.Modules.csproj", "{4777B983-0F31-4F72-BD72-70B62D3D8143}"
EndProject
Project("{9A19103F-16F7-4668-BE54-9A1E7A4F7556}") = "Common.Application", "Source\Common\Common.Application\Common.Application.csproj", "{3F3814F8-BEA1-4447-98A4-4DE447ED7BB8}"
EndProject
Project("{9A19103F-16F7-4668-BE54-9A1E7A4F7556}") = "Common.Contracts", "Source\Common\Common.Contracts\Common.Contracts.csproj", "{B7BFD6D0-E502-4AA4-BF2E-D94C2F084F41}"
EndProject
Project("{9A19103F-16F7-4668-BE54-9A1E7A4F7556}") = "Common.Domain", "Source\Common\Common.Domain\Common.Domain.csproj", "{95F17ABE-8AC6-4EDC-B837-7F3C533D4562}"
EndProject
Project("{9A19103F-16F7-4668-BE54-9A1E7A4F7556}") = "Common.Infrastructure", "Source\Common\Common.Infrastructure\Common.Infrastructure.csproj", "{02257162-95A3-45AB-A022-68A35A93BE3C}"
EndProject
Project("{9A19103F-16F7-4668-BE54-9A1E7A4F7556}") = "Common.Server", "Source\Common\Common.Server\Common.Server.csproj", "{74203078-7F4E-4025-B713-79F2D7DC9D52}"
EndProject
Project("{9A19103F-16F7-4668-BE54-9A1E7A4F7556}") = "EndToEnd.Playwright.Tests", "Tests\EndToEnd.Playwright.Tests\EndToEnd.Playwright.Tests.csproj", "{77DF0E93-7A26-442E-A995-BACAD6A3B3C7}"
EndProject
Project("{9A19103F-16F7-4668-BE54-9A1E7A4F7556}") = "Web.Server.Integration.Tests", "Tests\Web.Server.Integration.Tests\Web.Server.Integration.Tests.csproj", "{C734286B-E573-4F72-BBE6-57ADDD4265D5}"
EndProject
Project("{9A19103F-16F7-4668-BE54-9A1E7A4F7556}") = "Web.Spa.Integration.Tests", "Tests\Web.Spa.Integration.Tests\Web.Spa.Integration.Tests.csproj", "{03E78D0D-A549-4D34-BD55-0AF81B1A203D}"
EndProject
Project("{9A19103F-16F7-4668-BE54-9A1E7A4F7556}") = "Api.Server", "Source\ContainerApps\Api\Api.Server\Api.Server.csproj", "{9DB258A0-067A-4F5C-94F0-0D39A1927C6D}"
EndProject
Project("{9A19103F-16F7-4668-BE54-9A1E7A4F7556}") = "Api.Contracts", "Source\ContainerApps\Api\Api.Contracts\Api.Contracts.csproj", "{FF19203B-D199-459E-8448-06A37D3C7E88}"
EndProject
Project("{9A19103F-16F7-4668-BE54-9A1E7A4F7556}") = "Api.Application", "Source\ContainerApps\Api\Api.Application\Api.Application.csproj", "{A0330F86-0A50-4264-88EE-3745C187767D}"
EndProject
Project("{9A19103F-16F7-4668-BE54-9A1E7A4F7556}") = "Api.Infrastructure", "Source\ContainerApps\Api\Api.Infrastructure\Api.Infrastructure.csproj", "{C0DECA29-541A-4BA1-93B3-8C8C2AF5B2C2}"
EndProject
Project("{9A19103F-16F7-4668-BE54-9A1E7A4F7556}") = "Api.Domain", "Source\ContainerApps\Api\Api.Domain\Api.Domain.csproj", "{4D43F8E5-727F-4382-A606-21E1C8E204D0}"
EndProject
Project("{9A19103F-16F7-4668-BE54-9A1E7A4F7556}") = "Grpc.Server", "Source\ContainerApps\Grpc\Grpc.Server\Grpc.Server.csproj", "{86B3E2AC-37E8-4A07-9DFC-41DC831ECE51}"
EndProject
Project("{9A19103F-16F7-4668-BE54-9A1E7A4F7556}") = "Grpc.Contracts", "Source\ContainerApps\Grpc\Grpc.Contracts\Grpc.Contracts.csproj", "{8C377EA5-3EBE-4DDC-B800-85731946DEB7}"
EndProject
Project("{9A19103F-16F7-4668-BE54-9A1E7A4F7556}") = "Grpc.Application", "Source\ContainerApps\Grpc\Grpc.Application\Grpc.Application.csproj", "{BACD8F0E-B087-4B2E-AE73-D468CCF94B16}"
EndProject
Project("{9A19103F-16F7-4668-BE54-9A1E7A4F7556}") = "Grpc.Domain", "Source\ContainerApps\Grpc\Grpc.Domain\Grpc.Domain.csproj", "{39C108FB-C8E1-45B6-B067-83A26054DA2B}"
EndProject
Project("{9A19103F-16F7-4668-BE54-9A1E7A4F7556}") = "Grpc.Infrastructure", "Source\ContainerApps\Grpc\Grpc.Infrastructure\Grpc.Infrastructure.csproj", "{F8CCA479-E0F4-4E88-A439-39CC8B3B7C9B}"
EndProject
Project("{9A19103F-16F7-4668-BE54-9A1E7A4F7556}") = "Web.Server", "Source\ContainerApps\Web\Web.Server\Web.Server.csproj", "{CFFB80F7-6230-4244-A07F-12F5A295FB21}"
EndProject
Project("{9A19103F-16F7-4668-BE54-9A1E7A4F7556}") = "Web.Spa", "Source\ContainerApps\Web\Web.Spa\Web.Spa.csproj", "{545E3103-354C-4058-8D8F-60D70DCC115B}"
EndProject
Project("{9A19103F-16F7-4668-BE54-9A1E7A4F7556}") = "Web.Application", "Source\ContainerApps\Web\Web.Application\Web.Application.csproj", "{5122D985-AB9C-442E-B60D-27BE2BDED4CE}"
EndProject
Project("{9A19103F-16F7-4668-BE54-9A1E7A4F7556}") = "Web.Domain", "Source\ContainerApps\Web\Web.Domain\Web.Domain.csproj", "{FEF1F47E-97AE-45BC-9211-2ECF5A227342}"
EndProject
Project("{9A19103F-16F7-4668-BE54-9A1E7A4F7556}") = "Web.Infrastructure", "Source\ContainerApps\Web\Web.Infrastructure\Web.Infrastructure.csproj", "{8BCA26F0-1960-4092-8FC3-ADCBAE9F3868}"
EndProject
Project("{9A19103F-16F7-4668-BE54-9A1E7A4F7556}") = "Web.Contracts", "Source\ContainerApps\Web\Web.Contracts\Web.Contracts.csproj", "{DBDCECC2-1280-40E7-BDF8-71BB3F941279}"
EndProject
Project("{9A19103F-16F7-4668-BE54-9A1E7A4F7556}") = "Yarp", "Source\ContainerApps\Yarp\Yarp.csproj", "{08ED6B59-E051-4B4A-AEEA-351D0720FC46}"
EndProject
Project("{2150E333-8FDC-42A3-9474-1A3956D46DE8}") = "Common", "Common", "{AF802A33-1D61-4089-986C-1265BFD04C79}"
EndProject
Project("{9A19103F-16F7-4668-BE54-9A1E7A4F7556}") = "Common.Infrastructure.Tests", "Tests\Common\Common.Infrastructure.Tests\Common.Infrastructure.Tests.csproj", "{92834F28-8ECE-4F49-A4F5-DF6AA560CC67}"
EndProject
Project("{2150E333-8FDC-42A3-9474-1A3956D46DE8}") = "06-NewFileTemplates", "06-NewFileTemplates", "{B5A98DD8-85DD-408D-A60F-D9D1CD5F17CF}"
	ProjectSection(SolutionItems) = preProject
		.templates\.cs-interface.txt = .templates\.cs-interface.txt
		.templates\.cs.txt = .templates\.cs.txt
		.templates\.html.txt = .templates\.html.txt
		.templates\.json.txt = .templates\.json.txt
		.templates\.md.txt = .templates\.md.txt
		.templates\action.cs.txt = .templates\action.cs.txt
		.templates\package.json.txt = .templates\package.json.txt
		.templates\validator.txt = .templates\validator.txt
	EndProjectSection
EndProject
Project("{9A19103F-16F7-4668-BE54-9A1E7A4F7556}") = "Aspire.AppHost", "Source\ContainerApps\Aspire\Aspire.AppHost\Aspire.AppHost.csproj", "{8A027784-9F48-4EF7-979F-9DF6AA37F25B}"
EndProject
Project("{9A19103F-16F7-4668-BE54-9A1E7A4F7556}") = "Aspire.ServiceDefaults", "Source\ContainerApps\Aspire\Aspire.ServiceDefaults\Aspire.ServiceDefaults.csproj", "{C0785709-7B33-46AA-ACB3-D8DE09DA0AA8}"
EndProject
Project("{2150E333-8FDC-42A3-9474-1A3956D46DE8}") = "07-Aspire", "07-Aspire", "{DA25DAAF-F149-43EB-AD42-34DB9840D97D}"
EndProject
Project("{2150E333-8FDC-42A3-9474-1A3956D46DE8}") = "Aspire", "Aspire", "{03E1531D-A295-4B91-91A9-DF50D3BF3C53}"
EndProject
Project("{9A19103F-16F7-4668-BE54-9A1E7A4F7556}") = "Api.Server.Integration.Tests", "Tests\ContainerApps\Api\Api.Server.Integration.Tests\Api.Server.Integration.Tests.csproj", "{13F27F0D-B598-464F-83A0-E4EB4E3B9B34}"
EndProject
Project("{2150E333-8FDC-42A3-9474-1A3956D46DE8}") = "Yarp", "Yarp", "{B190F92F-6117-48F1-AB9A-E2097F1C062E}"
EndProject
Project("{9A19103F-16F7-4668-BE54-9A1E7A4F7556}") = "Aspire", "Tests\ContainerApps\Aspire\Aspire.csproj", "{A1AB07F6-E7FF-4A19-8B95-8653273E4EC3}"
EndProject
Project("{2150E333-8FDC-42A3-9474-1A3956D46DE8}") = "Analyzers", "Analyzers", "{3979C93A-21A2-4166-99B9-C62E2839B561}"
EndProject
Project("{FAE04EC0-301F-11D3-BF4B-00C04F79EFBC}") = "TimeWarp.Architecture.Analyzers.Tests", "Tests\Analyzers\TimeWarp.Architecture.Analyzers.Tests\TimeWarp.Architecture.Analyzers.Tests.csproj", "{3AEDDC5D-2E97-49DF-85AD-11DC2E9BB084}"
EndProject
Project("{2150E333-8FDC-42A3-9474-1A3956D46DE8}") = "08-Analyzers", "08-Analyzers", "{A988AE51-34CF-4B84-9CCE-461AA31A560D}"
EndProject
Project("{FAE04EC0-301F-11D3-BF4B-00C04F79EFBC}") = "TimeWarp.Architecture.Analyzers", "Source\Analyzers\TimeWarp.Architecture.Analyzers\TimeWarp.Architecture.Analyzers.csproj", "{7069BD78-9259-4AD8-B5D2-68644ADE46D8}"
EndProject
Project("{FAE04EC0-301F-11D3-BF4B-00C04F79EFBC}") = "TimeWarp.MediatR", "Source\Libraries\TimeWarp.MediatR\TimeWarp.MediatR.csproj", "{3BAC7DCB-CDA5-4B9F-8330-DA2FD955304D}"
EndProject
Project("{FAE04EC0-301F-11D3-BF4B-00C04F79EFBC}") = "TimeWarp.Architecture.SourceGenerator", "Source\Analyzers\TimeWarp.Architecture.SourceGenerator\TimeWarp.Architecture.SourceGenerator.csproj", "{7602C1F5-4F2C-4BF3-8C66-1E5C0C0F6C2D}"
EndProject
Project("{FAE04EC0-301F-11D3-BF4B-00C04F79EFBC}") = "TimeWarp.Architecture.SourceGenerator.Tests", "Tests\Analyzers\TimeWarp.Architecture.SourceGenerator.Tests\TimeWarp.Architecture.SourceGenerator.Tests.csproj", "{8C7E9D2F-9E2B-4F2D-8C66-1E5C0C0F6C2D}"
EndProject
Project("{FAE04EC0-301F-11D3-BF4B-00C04F79EFBC}") = "TimeWarp.Architecture.Attributes", "Source\Analyzers\TimeWarp.Architecture.Attributes\TimeWarp.Architecture.Attributes.csproj", "{83873073-34C9-45DE-B2D0-2F101002C75E}"
EndProject
Project("{2150E333-8FDC-42A3-9474-1A3956D46DE8}") = "Source", "Source", "{48F3B877-972E-4970-9726-26122D873ABD}"
EndProject
Project("{FAE04EC0-301F-11D3-BF4B-00C04F79EFBC}") = "GenTester", "Source\GenTester\GenTester.csproj", "{A3D6B7C7-820E-487A-A63A-56D2E10FAD45}"
EndProject
Project("{2150E333-8FDC-42A3-9474-1A3956D46DE8}") = "Libraries", "Libraries", "{BCB5D317-2779-CDB3-7592-E872FA1688FC}"
EndProject
Project("{FAE04EC0-301F-11D3-BF4B-00C04F79EFBC}") = "TimeWarp.Automation", "Source\Libraries\TimeWarp.Automation\TimeWarp.Automation.csproj", "{C20ADFC3-1C00-456F-9DBF-E63268335345}"
EndProject
Project("{FAE04EC0-301F-11D3-BF4B-00C04F79EFBC}") = "TimeWarp.Automation.Tests", "Tests\Libraries\TimeWarp.Automation.Tests\TimeWarp.Automation.Tests.csproj", "{60402B5F-8281-4655-A0A0-5792F80A64C4}"
EndProject
Project("{2150E333-8FDC-42A3-9474-1A3956D46DE8}") = "Libraries", "Libraries", "{D74B136E-03BA-4EDC-A652-9930966A15E3}"
EndProject
Global
	GlobalSection(SolutionConfigurationPlatforms) = preSolution
		Debug|Any CPU = Debug|Any CPU
		Debug|x64 = Debug|x64
		Debug|x86 = Debug|x86
		ReduxDevToolsEnabled|Any CPU = ReduxDevToolsEnabled|Any CPU
		ReduxDevToolsEnabled|x64 = ReduxDevToolsEnabled|x64
		ReduxDevToolsEnabled|x86 = ReduxDevToolsEnabled|x86
		Release|Any CPU = Release|Any CPU
		Release|x64 = Release|x64
		Release|x86 = Release|x86
	EndGlobalSection
	GlobalSection(ProjectConfigurationPlatforms) = postSolution
		{0A40E8BE-AAE4-4382-A76C-5F65D3ABF62E}.Debug|Any CPU.ActiveCfg = Debug|Any CPU
		{0A40E8BE-AAE4-4382-A76C-5F65D3ABF62E}.Debug|Any CPU.Build.0 = Debug|Any CPU
		{0A40E8BE-AAE4-4382-A76C-5F65D3ABF62E}.Debug|x64.ActiveCfg = Debug|Any CPU
		{0A40E8BE-AAE4-4382-A76C-5F65D3ABF62E}.Debug|x64.Build.0 = Debug|Any CPU
		{0A40E8BE-AAE4-4382-A76C-5F65D3ABF62E}.Debug|x86.ActiveCfg = Debug|Any CPU
		{0A40E8BE-AAE4-4382-A76C-5F65D3ABF62E}.Debug|x86.Build.0 = Debug|Any CPU
		{0A40E8BE-AAE4-4382-A76C-5F65D3ABF62E}.ReduxDevToolsEnabled|Any CPU.ActiveCfg = Release|Any CPU
		{0A40E8BE-AAE4-4382-A76C-5F65D3ABF62E}.ReduxDevToolsEnabled|Any CPU.Build.0 = Release|Any CPU
		{0A40E8BE-AAE4-4382-A76C-5F65D3ABF62E}.ReduxDevToolsEnabled|x64.ActiveCfg = ReduxDevToolsEnabled|Any CPU
		{0A40E8BE-AAE4-4382-A76C-5F65D3ABF62E}.ReduxDevToolsEnabled|x64.Build.0 = ReduxDevToolsEnabled|Any CPU
		{0A40E8BE-AAE4-4382-A76C-5F65D3ABF62E}.ReduxDevToolsEnabled|x86.ActiveCfg = ReduxDevToolsEnabled|Any CPU
		{0A40E8BE-AAE4-4382-A76C-5F65D3ABF62E}.ReduxDevToolsEnabled|x86.Build.0 = ReduxDevToolsEnabled|Any CPU
		{0A40E8BE-AAE4-4382-A76C-5F65D3ABF62E}.Release|Any CPU.ActiveCfg = Release|Any CPU
		{0A40E8BE-AAE4-4382-A76C-5F65D3ABF62E}.Release|Any CPU.Build.0 = Release|Any CPU
		{0A40E8BE-AAE4-4382-A76C-5F65D3ABF62E}.Release|x64.ActiveCfg = Release|Any CPU
		{0A40E8BE-AAE4-4382-A76C-5F65D3ABF62E}.Release|x64.Build.0 = Release|Any CPU
		{0A40E8BE-AAE4-4382-A76C-5F65D3ABF62E}.Release|x86.ActiveCfg = Release|Any CPU
		{0A40E8BE-AAE4-4382-A76C-5F65D3ABF62E}.Release|x86.Build.0 = Release|Any CPU
		{4777B983-0F31-4F72-BD72-70B62D3D8143}.Debug|Any CPU.ActiveCfg = Debug|Any CPU
		{4777B983-0F31-4F72-BD72-70B62D3D8143}.Debug|Any CPU.Build.0 = Debug|Any CPU
		{4777B983-0F31-4F72-BD72-70B62D3D8143}.Debug|x64.ActiveCfg = Debug|Any CPU
		{4777B983-0F31-4F72-BD72-70B62D3D8143}.Debug|x64.Build.0 = Debug|Any CPU
		{4777B983-0F31-4F72-BD72-70B62D3D8143}.Debug|x86.ActiveCfg = Debug|Any CPU
		{4777B983-0F31-4F72-BD72-70B62D3D8143}.Debug|x86.Build.0 = Debug|Any CPU
		{4777B983-0F31-4F72-BD72-70B62D3D8143}.ReduxDevToolsEnabled|Any CPU.ActiveCfg = Release|Any CPU
		{4777B983-0F31-4F72-BD72-70B62D3D8143}.ReduxDevToolsEnabled|Any CPU.Build.0 = Release|Any CPU
		{4777B983-0F31-4F72-BD72-70B62D3D8143}.ReduxDevToolsEnabled|x64.ActiveCfg = ReduxDevToolsEnabled|Any CPU
		{4777B983-0F31-4F72-BD72-70B62D3D8143}.ReduxDevToolsEnabled|x64.Build.0 = ReduxDevToolsEnabled|Any CPU
		{4777B983-0F31-4F72-BD72-70B62D3D8143}.ReduxDevToolsEnabled|x86.ActiveCfg = ReduxDevToolsEnabled|Any CPU
		{4777B983-0F31-4F72-BD72-70B62D3D8143}.ReduxDevToolsEnabled|x86.Build.0 = ReduxDevToolsEnabled|Any CPU
		{4777B983-0F31-4F72-BD72-70B62D3D8143}.Release|Any CPU.ActiveCfg = Release|Any CPU
		{4777B983-0F31-4F72-BD72-70B62D3D8143}.Release|Any CPU.Build.0 = Release|Any CPU
		{4777B983-0F31-4F72-BD72-70B62D3D8143}.Release|x64.ActiveCfg = Release|Any CPU
		{4777B983-0F31-4F72-BD72-70B62D3D8143}.Release|x64.Build.0 = Release|Any CPU
		{4777B983-0F31-4F72-BD72-70B62D3D8143}.Release|x86.ActiveCfg = Release|Any CPU
		{4777B983-0F31-4F72-BD72-70B62D3D8143}.Release|x86.Build.0 = Release|Any CPU
		{3F3814F8-BEA1-4447-98A4-4DE447ED7BB8}.Debug|Any CPU.ActiveCfg = Debug|Any CPU
		{3F3814F8-BEA1-4447-98A4-4DE447ED7BB8}.Debug|Any CPU.Build.0 = Debug|Any CPU
		{3F3814F8-BEA1-4447-98A4-4DE447ED7BB8}.Debug|x64.ActiveCfg = Debug|Any CPU
		{3F3814F8-BEA1-4447-98A4-4DE447ED7BB8}.Debug|x64.Build.0 = Debug|Any CPU
		{3F3814F8-BEA1-4447-98A4-4DE447ED7BB8}.Debug|x86.ActiveCfg = Debug|Any CPU
		{3F3814F8-BEA1-4447-98A4-4DE447ED7BB8}.Debug|x86.Build.0 = Debug|Any CPU
		{3F3814F8-BEA1-4447-98A4-4DE447ED7BB8}.ReduxDevToolsEnabled|Any CPU.ActiveCfg = Release|Any CPU
		{3F3814F8-BEA1-4447-98A4-4DE447ED7BB8}.ReduxDevToolsEnabled|Any CPU.Build.0 = Release|Any CPU
		{3F3814F8-BEA1-4447-98A4-4DE447ED7BB8}.ReduxDevToolsEnabled|x64.ActiveCfg = ReduxDevToolsEnabled|Any CPU
		{3F3814F8-BEA1-4447-98A4-4DE447ED7BB8}.ReduxDevToolsEnabled|x64.Build.0 = ReduxDevToolsEnabled|Any CPU
		{3F3814F8-BEA1-4447-98A4-4DE447ED7BB8}.ReduxDevToolsEnabled|x86.ActiveCfg = ReduxDevToolsEnabled|Any CPU
		{3F3814F8-BEA1-4447-98A4-4DE447ED7BB8}.ReduxDevToolsEnabled|x86.Build.0 = ReduxDevToolsEnabled|Any CPU
		{3F3814F8-BEA1-4447-98A4-4DE447ED7BB8}.Release|Any CPU.ActiveCfg = Release|Any CPU
		{3F3814F8-BEA1-4447-98A4-4DE447ED7BB8}.Release|Any CPU.Build.0 = Release|Any CPU
		{3F3814F8-BEA1-4447-98A4-4DE447ED7BB8}.Release|x64.ActiveCfg = Release|Any CPU
		{3F3814F8-BEA1-4447-98A4-4DE447ED7BB8}.Release|x64.Build.0 = Release|Any CPU
		{3F3814F8-BEA1-4447-98A4-4DE447ED7BB8}.Release|x86.ActiveCfg = Release|Any CPU
		{3F3814F8-BEA1-4447-98A4-4DE447ED7BB8}.Release|x86.Build.0 = Release|Any CPU
		{B7BFD6D0-E502-4AA4-BF2E-D94C2F084F41}.Debug|Any CPU.ActiveCfg = Debug|Any CPU
		{B7BFD6D0-E502-4AA4-BF2E-D94C2F084F41}.Debug|Any CPU.Build.0 = Debug|Any CPU
		{B7BFD6D0-E502-4AA4-BF2E-D94C2F084F41}.Debug|x64.ActiveCfg = Debug|Any CPU
		{B7BFD6D0-E502-4AA4-BF2E-D94C2F084F41}.Debug|x64.Build.0 = Debug|Any CPU
		{B7BFD6D0-E502-4AA4-BF2E-D94C2F084F41}.Debug|x86.ActiveCfg = Debug|Any CPU
		{B7BFD6D0-E502-4AA4-BF2E-D94C2F084F41}.Debug|x86.Build.0 = Debug|Any CPU
		{B7BFD6D0-E502-4AA4-BF2E-D94C2F084F41}.ReduxDevToolsEnabled|Any CPU.ActiveCfg = Release|Any CPU
		{B7BFD6D0-E502-4AA4-BF2E-D94C2F084F41}.ReduxDevToolsEnabled|Any CPU.Build.0 = Release|Any CPU
		{B7BFD6D0-E502-4AA4-BF2E-D94C2F084F41}.ReduxDevToolsEnabled|x64.ActiveCfg = ReduxDevToolsEnabled|Any CPU
		{B7BFD6D0-E502-4AA4-BF2E-D94C2F084F41}.ReduxDevToolsEnabled|x64.Build.0 = ReduxDevToolsEnabled|Any CPU
		{B7BFD6D0-E502-4AA4-BF2E-D94C2F084F41}.ReduxDevToolsEnabled|x86.ActiveCfg = ReduxDevToolsEnabled|Any CPU
		{B7BFD6D0-E502-4AA4-BF2E-D94C2F084F41}.ReduxDevToolsEnabled|x86.Build.0 = ReduxDevToolsEnabled|Any CPU
		{B7BFD6D0-E502-4AA4-BF2E-D94C2F084F41}.Release|Any CPU.ActiveCfg = Release|Any CPU
		{B7BFD6D0-E502-4AA4-BF2E-D94C2F084F41}.Release|Any CPU.Build.0 = Release|Any CPU
		{B7BFD6D0-E502-4AA4-BF2E-D94C2F084F41}.Release|x64.ActiveCfg = Release|Any CPU
		{B7BFD6D0-E502-4AA4-BF2E-D94C2F084F41}.Release|x64.Build.0 = Release|Any CPU
		{B7BFD6D0-E502-4AA4-BF2E-D94C2F084F41}.Release|x86.ActiveCfg = Release|Any CPU
		{B7BFD6D0-E502-4AA4-BF2E-D94C2F084F41}.Release|x86.Build.0 = Release|Any CPU
		{95F17ABE-8AC6-4EDC-B837-7F3C533D4562}.Debug|Any CPU.ActiveCfg = Debug|Any CPU
		{95F17ABE-8AC6-4EDC-B837-7F3C533D4562}.Debug|Any CPU.Build.0 = Debug|Any CPU
		{95F17ABE-8AC6-4EDC-B837-7F3C533D4562}.Debug|x64.ActiveCfg = Debug|Any CPU
		{95F17ABE-8AC6-4EDC-B837-7F3C533D4562}.Debug|x64.Build.0 = Debug|Any CPU
		{95F17ABE-8AC6-4EDC-B837-7F3C533D4562}.Debug|x86.ActiveCfg = Debug|Any CPU
		{95F17ABE-8AC6-4EDC-B837-7F3C533D4562}.Debug|x86.Build.0 = Debug|Any CPU
		{95F17ABE-8AC6-4EDC-B837-7F3C533D4562}.ReduxDevToolsEnabled|Any CPU.ActiveCfg = Release|Any CPU
		{95F17ABE-8AC6-4EDC-B837-7F3C533D4562}.ReduxDevToolsEnabled|Any CPU.Build.0 = Release|Any CPU
		{95F17ABE-8AC6-4EDC-B837-7F3C533D4562}.ReduxDevToolsEnabled|x64.ActiveCfg = ReduxDevToolsEnabled|Any CPU
		{95F17ABE-8AC6-4EDC-B837-7F3C533D4562}.ReduxDevToolsEnabled|x64.Build.0 = ReduxDevToolsEnabled|Any CPU
		{95F17ABE-8AC6-4EDC-B837-7F3C533D4562}.ReduxDevToolsEnabled|x86.ActiveCfg = ReduxDevToolsEnabled|Any CPU
		{95F17ABE-8AC6-4EDC-B837-7F3C533D4562}.ReduxDevToolsEnabled|x86.Build.0 = ReduxDevToolsEnabled|Any CPU
		{95F17ABE-8AC6-4EDC-B837-7F3C533D4562}.Release|Any CPU.ActiveCfg = Release|Any CPU
		{95F17ABE-8AC6-4EDC-B837-7F3C533D4562}.Release|Any CPU.Build.0 = Release|Any CPU
		{95F17ABE-8AC6-4EDC-B837-7F3C533D4562}.Release|x64.ActiveCfg = Release|Any CPU
		{95F17ABE-8AC6-4EDC-B837-7F3C533D4562}.Release|x64.Build.0 = Release|Any CPU
		{95F17ABE-8AC6-4EDC-B837-7F3C533D4562}.Release|x86.ActiveCfg = Release|Any CPU
		{95F17ABE-8AC6-4EDC-B837-7F3C533D4562}.Release|x86.Build.0 = Release|Any CPU
		{02257162-95A3-45AB-A022-68A35A93BE3C}.Debug|Any CPU.ActiveCfg = Debug|Any CPU
		{02257162-95A3-45AB-A022-68A35A93BE3C}.Debug|Any CPU.Build.0 = Debug|Any CPU
		{02257162-95A3-45AB-A022-68A35A93BE3C}.Debug|x64.ActiveCfg = Debug|Any CPU
		{02257162-95A3-45AB-A022-68A35A93BE3C}.Debug|x64.Build.0 = Debug|Any CPU
		{02257162-95A3-45AB-A022-68A35A93BE3C}.Debug|x86.ActiveCfg = Debug|Any CPU
		{02257162-95A3-45AB-A022-68A35A93BE3C}.Debug|x86.Build.0 = Debug|Any CPU
		{02257162-95A3-45AB-A022-68A35A93BE3C}.ReduxDevToolsEnabled|Any CPU.ActiveCfg = Release|Any CPU
		{02257162-95A3-45AB-A022-68A35A93BE3C}.ReduxDevToolsEnabled|Any CPU.Build.0 = Release|Any CPU
		{02257162-95A3-45AB-A022-68A35A93BE3C}.ReduxDevToolsEnabled|x64.ActiveCfg = ReduxDevToolsEnabled|Any CPU
		{02257162-95A3-45AB-A022-68A35A93BE3C}.ReduxDevToolsEnabled|x64.Build.0 = ReduxDevToolsEnabled|Any CPU
		{02257162-95A3-45AB-A022-68A35A93BE3C}.ReduxDevToolsEnabled|x86.ActiveCfg = ReduxDevToolsEnabled|Any CPU
		{02257162-95A3-45AB-A022-68A35A93BE3C}.ReduxDevToolsEnabled|x86.Build.0 = ReduxDevToolsEnabled|Any CPU
		{02257162-95A3-45AB-A022-68A35A93BE3C}.Release|Any CPU.ActiveCfg = Release|Any CPU
		{02257162-95A3-45AB-A022-68A35A93BE3C}.Release|Any CPU.Build.0 = Release|Any CPU
		{02257162-95A3-45AB-A022-68A35A93BE3C}.Release|x64.ActiveCfg = Release|Any CPU
		{02257162-95A3-45AB-A022-68A35A93BE3C}.Release|x64.Build.0 = Release|Any CPU
		{02257162-95A3-45AB-A022-68A35A93BE3C}.Release|x86.ActiveCfg = Release|Any CPU
		{02257162-95A3-45AB-A022-68A35A93BE3C}.Release|x86.Build.0 = Release|Any CPU
		{74203078-7F4E-4025-B713-79F2D7DC9D52}.Debug|Any CPU.ActiveCfg = Debug|Any CPU
		{74203078-7F4E-4025-B713-79F2D7DC9D52}.Debug|Any CPU.Build.0 = Debug|Any CPU
		{74203078-7F4E-4025-B713-79F2D7DC9D52}.Debug|x64.ActiveCfg = Debug|Any CPU
		{74203078-7F4E-4025-B713-79F2D7DC9D52}.Debug|x64.Build.0 = Debug|Any CPU
		{74203078-7F4E-4025-B713-79F2D7DC9D52}.Debug|x86.ActiveCfg = Debug|Any CPU
		{74203078-7F4E-4025-B713-79F2D7DC9D52}.Debug|x86.Build.0 = Debug|Any CPU
		{74203078-7F4E-4025-B713-79F2D7DC9D52}.ReduxDevToolsEnabled|Any CPU.ActiveCfg = Release|Any CPU
		{74203078-7F4E-4025-B713-79F2D7DC9D52}.ReduxDevToolsEnabled|Any CPU.Build.0 = Release|Any CPU
		{74203078-7F4E-4025-B713-79F2D7DC9D52}.ReduxDevToolsEnabled|x64.ActiveCfg = ReduxDevToolsEnabled|Any CPU
		{74203078-7F4E-4025-B713-79F2D7DC9D52}.ReduxDevToolsEnabled|x64.Build.0 = ReduxDevToolsEnabled|Any CPU
		{74203078-7F4E-4025-B713-79F2D7DC9D52}.ReduxDevToolsEnabled|x86.ActiveCfg = ReduxDevToolsEnabled|Any CPU
		{74203078-7F4E-4025-B713-79F2D7DC9D52}.ReduxDevToolsEnabled|x86.Build.0 = ReduxDevToolsEnabled|Any CPU
		{74203078-7F4E-4025-B713-79F2D7DC9D52}.Release|Any CPU.ActiveCfg = Release|Any CPU
		{74203078-7F4E-4025-B713-79F2D7DC9D52}.Release|Any CPU.Build.0 = Release|Any CPU
		{74203078-7F4E-4025-B713-79F2D7DC9D52}.Release|x64.ActiveCfg = Release|Any CPU
		{74203078-7F4E-4025-B713-79F2D7DC9D52}.Release|x64.Build.0 = Release|Any CPU
		{74203078-7F4E-4025-B713-79F2D7DC9D52}.Release|x86.ActiveCfg = Release|Any CPU
		{74203078-7F4E-4025-B713-79F2D7DC9D52}.Release|x86.Build.0 = Release|Any CPU
		{77DF0E93-7A26-442E-A995-BACAD6A3B3C7}.Debug|Any CPU.ActiveCfg = Debug|Any CPU
		{77DF0E93-7A26-442E-A995-BACAD6A3B3C7}.Debug|Any CPU.Build.0 = Debug|Any CPU
		{77DF0E93-7A26-442E-A995-BACAD6A3B3C7}.Debug|x64.ActiveCfg = Debug|Any CPU
		{77DF0E93-7A26-442E-A995-BACAD6A3B3C7}.Debug|x64.Build.0 = Debug|Any CPU
		{77DF0E93-7A26-442E-A995-BACAD6A3B3C7}.Debug|x86.ActiveCfg = Debug|Any CPU
		{77DF0E93-7A26-442E-A995-BACAD6A3B3C7}.Debug|x86.Build.0 = Debug|Any CPU
		{77DF0E93-7A26-442E-A995-BACAD6A3B3C7}.ReduxDevToolsEnabled|Any CPU.ActiveCfg = Release|Any CPU
		{77DF0E93-7A26-442E-A995-BACAD6A3B3C7}.ReduxDevToolsEnabled|Any CPU.Build.0 = Release|Any CPU
		{77DF0E93-7A26-442E-A995-BACAD6A3B3C7}.ReduxDevToolsEnabled|x64.ActiveCfg = ReduxDevToolsEnabled|Any CPU
		{77DF0E93-7A26-442E-A995-BACAD6A3B3C7}.ReduxDevToolsEnabled|x64.Build.0 = ReduxDevToolsEnabled|Any CPU
		{77DF0E93-7A26-442E-A995-BACAD6A3B3C7}.ReduxDevToolsEnabled|x86.ActiveCfg = ReduxDevToolsEnabled|Any CPU
		{77DF0E93-7A26-442E-A995-BACAD6A3B3C7}.ReduxDevToolsEnabled|x86.Build.0 = ReduxDevToolsEnabled|Any CPU
		{77DF0E93-7A26-442E-A995-BACAD6A3B3C7}.Release|Any CPU.ActiveCfg = Release|Any CPU
		{77DF0E93-7A26-442E-A995-BACAD6A3B3C7}.Release|Any CPU.Build.0 = Release|Any CPU
		{77DF0E93-7A26-442E-A995-BACAD6A3B3C7}.Release|x64.ActiveCfg = Release|Any CPU
		{77DF0E93-7A26-442E-A995-BACAD6A3B3C7}.Release|x64.Build.0 = Release|Any CPU
		{77DF0E93-7A26-442E-A995-BACAD6A3B3C7}.Release|x86.ActiveCfg = Release|Any CPU
		{77DF0E93-7A26-442E-A995-BACAD6A3B3C7}.Release|x86.Build.0 = Release|Any CPU
		{C734286B-E573-4F72-BBE6-57ADDD4265D5}.Debug|Any CPU.ActiveCfg = Debug|Any CPU
		{C734286B-E573-4F72-BBE6-57ADDD4265D5}.Debug|Any CPU.Build.0 = Debug|Any CPU
		{C734286B-E573-4F72-BBE6-57ADDD4265D5}.Debug|x64.ActiveCfg = Debug|Any CPU
		{C734286B-E573-4F72-BBE6-57ADDD4265D5}.Debug|x64.Build.0 = Debug|Any CPU
		{C734286B-E573-4F72-BBE6-57ADDD4265D5}.Debug|x86.ActiveCfg = Debug|Any CPU
		{C734286B-E573-4F72-BBE6-57ADDD4265D5}.Debug|x86.Build.0 = Debug|Any CPU
		{C734286B-E573-4F72-BBE6-57ADDD4265D5}.ReduxDevToolsEnabled|Any CPU.ActiveCfg = Release|Any CPU
		{C734286B-E573-4F72-BBE6-57ADDD4265D5}.ReduxDevToolsEnabled|Any CPU.Build.0 = Release|Any CPU
		{C734286B-E573-4F72-BBE6-57ADDD4265D5}.ReduxDevToolsEnabled|x64.ActiveCfg = ReduxDevToolsEnabled|Any CPU
		{C734286B-E573-4F72-BBE6-57ADDD4265D5}.ReduxDevToolsEnabled|x64.Build.0 = ReduxDevToolsEnabled|Any CPU
		{C734286B-E573-4F72-BBE6-57ADDD4265D5}.ReduxDevToolsEnabled|x86.ActiveCfg = ReduxDevToolsEnabled|Any CPU
		{C734286B-E573-4F72-BBE6-57ADDD4265D5}.ReduxDevToolsEnabled|x86.Build.0 = ReduxDevToolsEnabled|Any CPU
		{C734286B-E573-4F72-BBE6-57ADDD4265D5}.Release|Any CPU.ActiveCfg = Release|Any CPU
		{C734286B-E573-4F72-BBE6-57ADDD4265D5}.Release|Any CPU.Build.0 = Release|Any CPU
		{C734286B-E573-4F72-BBE6-57ADDD4265D5}.Release|x64.ActiveCfg = Release|Any CPU
		{C734286B-E573-4F72-BBE6-57ADDD4265D5}.Release|x64.Build.0 = Release|Any CPU
		{C734286B-E573-4F72-BBE6-57ADDD4265D5}.Release|x86.ActiveCfg = Release|Any CPU
		{C734286B-E573-4F72-BBE6-57ADDD4265D5}.Release|x86.Build.0 = Release|Any CPU
		{03E78D0D-A549-4D34-BD55-0AF81B1A203D}.Debug|Any CPU.ActiveCfg = Debug|Any CPU
		{03E78D0D-A549-4D34-BD55-0AF81B1A203D}.Debug|Any CPU.Build.0 = Debug|Any CPU
		{03E78D0D-A549-4D34-BD55-0AF81B1A203D}.Debug|x64.ActiveCfg = Debug|Any CPU
		{03E78D0D-A549-4D34-BD55-0AF81B1A203D}.Debug|x64.Build.0 = Debug|Any CPU
		{03E78D0D-A549-4D34-BD55-0AF81B1A203D}.Debug|x86.ActiveCfg = Debug|Any CPU
		{03E78D0D-A549-4D34-BD55-0AF81B1A203D}.Debug|x86.Build.0 = Debug|Any CPU
		{03E78D0D-A549-4D34-BD55-0AF81B1A203D}.ReduxDevToolsEnabled|Any CPU.ActiveCfg = Release|Any CPU
		{03E78D0D-A549-4D34-BD55-0AF81B1A203D}.ReduxDevToolsEnabled|Any CPU.Build.0 = Release|Any CPU
		{03E78D0D-A549-4D34-BD55-0AF81B1A203D}.ReduxDevToolsEnabled|x64.ActiveCfg = ReduxDevToolsEnabled|Any CPU
		{03E78D0D-A549-4D34-BD55-0AF81B1A203D}.ReduxDevToolsEnabled|x64.Build.0 = ReduxDevToolsEnabled|Any CPU
		{03E78D0D-A549-4D34-BD55-0AF81B1A203D}.ReduxDevToolsEnabled|x86.ActiveCfg = ReduxDevToolsEnabled|Any CPU
		{03E78D0D-A549-4D34-BD55-0AF81B1A203D}.ReduxDevToolsEnabled|x86.Build.0 = ReduxDevToolsEnabled|Any CPU
		{03E78D0D-A549-4D34-BD55-0AF81B1A203D}.Release|Any CPU.ActiveCfg = Release|Any CPU
		{03E78D0D-A549-4D34-BD55-0AF81B1A203D}.Release|Any CPU.Build.0 = Release|Any CPU
		{03E78D0D-A549-4D34-BD55-0AF81B1A203D}.Release|x64.ActiveCfg = Release|Any CPU
		{03E78D0D-A549-4D34-BD55-0AF81B1A203D}.Release|x64.Build.0 = Release|Any CPU
		{03E78D0D-A549-4D34-BD55-0AF81B1A203D}.Release|x86.ActiveCfg = Release|Any CPU
		{03E78D0D-A549-4D34-BD55-0AF81B1A203D}.Release|x86.Build.0 = Release|Any CPU
		{9DB258A0-067A-4F5C-94F0-0D39A1927C6D}.Debug|Any CPU.ActiveCfg = Debug|Any CPU
		{9DB258A0-067A-4F5C-94F0-0D39A1927C6D}.Debug|Any CPU.Build.0 = Debug|Any CPU
		{9DB258A0-067A-4F5C-94F0-0D39A1927C6D}.Debug|x64.ActiveCfg = Debug|Any CPU
		{9DB258A0-067A-4F5C-94F0-0D39A1927C6D}.Debug|x64.Build.0 = Debug|Any CPU
		{9DB258A0-067A-4F5C-94F0-0D39A1927C6D}.Debug|x86.ActiveCfg = Debug|Any CPU
		{9DB258A0-067A-4F5C-94F0-0D39A1927C6D}.Debug|x86.Build.0 = Debug|Any CPU
		{9DB258A0-067A-4F5C-94F0-0D39A1927C6D}.ReduxDevToolsEnabled|Any CPU.ActiveCfg = Release|Any CPU
		{9DB258A0-067A-4F5C-94F0-0D39A1927C6D}.ReduxDevToolsEnabled|Any CPU.Build.0 = Release|Any CPU
		{9DB258A0-067A-4F5C-94F0-0D39A1927C6D}.ReduxDevToolsEnabled|x64.ActiveCfg = ReduxDevToolsEnabled|Any CPU
		{9DB258A0-067A-4F5C-94F0-0D39A1927C6D}.ReduxDevToolsEnabled|x64.Build.0 = ReduxDevToolsEnabled|Any CPU
		{9DB258A0-067A-4F5C-94F0-0D39A1927C6D}.ReduxDevToolsEnabled|x86.ActiveCfg = ReduxDevToolsEnabled|Any CPU
		{9DB258A0-067A-4F5C-94F0-0D39A1927C6D}.ReduxDevToolsEnabled|x86.Build.0 = ReduxDevToolsEnabled|Any CPU
		{9DB258A0-067A-4F5C-94F0-0D39A1927C6D}.Release|Any CPU.ActiveCfg = Release|Any CPU
		{9DB258A0-067A-4F5C-94F0-0D39A1927C6D}.Release|Any CPU.Build.0 = Release|Any CPU
		{9DB258A0-067A-4F5C-94F0-0D39A1927C6D}.Release|x64.ActiveCfg = Release|Any CPU
		{9DB258A0-067A-4F5C-94F0-0D39A1927C6D}.Release|x64.Build.0 = Release|Any CPU
		{9DB258A0-067A-4F5C-94F0-0D39A1927C6D}.Release|x86.ActiveCfg = Release|Any CPU
		{9DB258A0-067A-4F5C-94F0-0D39A1927C6D}.Release|x86.Build.0 = Release|Any CPU
		{FF19203B-D199-459E-8448-06A37D3C7E88}.Debug|Any CPU.ActiveCfg = Debug|Any CPU
		{FF19203B-D199-459E-8448-06A37D3C7E88}.Debug|Any CPU.Build.0 = Debug|Any CPU
		{FF19203B-D199-459E-8448-06A37D3C7E88}.Debug|x64.ActiveCfg = Debug|Any CPU
		{FF19203B-D199-459E-8448-06A37D3C7E88}.Debug|x64.Build.0 = Debug|Any CPU
		{FF19203B-D199-459E-8448-06A37D3C7E88}.Debug|x86.ActiveCfg = Debug|Any CPU
		{FF19203B-D199-459E-8448-06A37D3C7E88}.Debug|x86.Build.0 = Debug|Any CPU
		{FF19203B-D199-459E-8448-06A37D3C7E88}.ReduxDevToolsEnabled|Any CPU.ActiveCfg = Release|Any CPU
		{FF19203B-D199-459E-8448-06A37D3C7E88}.ReduxDevToolsEnabled|Any CPU.Build.0 = Release|Any CPU
		{FF19203B-D199-459E-8448-06A37D3C7E88}.ReduxDevToolsEnabled|x64.ActiveCfg = ReduxDevToolsEnabled|Any CPU
		{FF19203B-D199-459E-8448-06A37D3C7E88}.ReduxDevToolsEnabled|x64.Build.0 = ReduxDevToolsEnabled|Any CPU
		{FF19203B-D199-459E-8448-06A37D3C7E88}.ReduxDevToolsEnabled|x86.ActiveCfg = ReduxDevToolsEnabled|Any CPU
		{FF19203B-D199-459E-8448-06A37D3C7E88}.ReduxDevToolsEnabled|x86.Build.0 = ReduxDevToolsEnabled|Any CPU
		{FF19203B-D199-459E-8448-06A37D3C7E88}.Release|Any CPU.ActiveCfg = Release|Any CPU
		{FF19203B-D199-459E-8448-06A37D3C7E88}.Release|Any CPU.Build.0 = Release|Any CPU
		{FF19203B-D199-459E-8448-06A37D3C7E88}.Release|x64.ActiveCfg = Release|Any CPU
		{FF19203B-D199-459E-8448-06A37D3C7E88}.Release|x64.Build.0 = Release|Any CPU
		{FF19203B-D199-459E-8448-06A37D3C7E88}.Release|x86.ActiveCfg = Release|Any CPU
		{FF19203B-D199-459E-8448-06A37D3C7E88}.Release|x86.Build.0 = Release|Any CPU
		{A0330F86-0A50-4264-88EE-3745C187767D}.Debug|Any CPU.ActiveCfg = Debug|Any CPU
		{A0330F86-0A50-4264-88EE-3745C187767D}.Debug|Any CPU.Build.0 = Debug|Any CPU
		{A0330F86-0A50-4264-88EE-3745C187767D}.Debug|x64.ActiveCfg = Debug|Any CPU
		{A0330F86-0A50-4264-88EE-3745C187767D}.Debug|x64.Build.0 = Debug|Any CPU
		{A0330F86-0A50-4264-88EE-3745C187767D}.Debug|x86.ActiveCfg = Debug|Any CPU
		{A0330F86-0A50-4264-88EE-3745C187767D}.Debug|x86.Build.0 = Debug|Any CPU
		{A0330F86-0A50-4264-88EE-3745C187767D}.ReduxDevToolsEnabled|Any CPU.ActiveCfg = Release|Any CPU
		{A0330F86-0A50-4264-88EE-3745C187767D}.ReduxDevToolsEnabled|Any CPU.Build.0 = Release|Any CPU
		{A0330F86-0A50-4264-88EE-3745C187767D}.ReduxDevToolsEnabled|x64.ActiveCfg = ReduxDevToolsEnabled|Any CPU
		{A0330F86-0A50-4264-88EE-3745C187767D}.ReduxDevToolsEnabled|x64.Build.0 = ReduxDevToolsEnabled|Any CPU
		{A0330F86-0A50-4264-88EE-3745C187767D}.ReduxDevToolsEnabled|x86.ActiveCfg = ReduxDevToolsEnabled|Any CPU
		{A0330F86-0A50-4264-88EE-3745C187767D}.ReduxDevToolsEnabled|x86.Build.0 = ReduxDevToolsEnabled|Any CPU
		{A0330F86-0A50-4264-88EE-3745C187767D}.Release|Any CPU.ActiveCfg = Release|Any CPU
		{A0330F86-0A50-4264-88EE-3745C187767D}.Release|Any CPU.Build.0 = Release|Any CPU
		{A0330F86-0A50-4264-88EE-3745C187767D}.Release|x64.ActiveCfg = Release|Any CPU
		{A0330F86-0A50-4264-88EE-3745C187767D}.Release|x64.Build.0 = Release|Any CPU
		{A0330F86-0A50-4264-88EE-3745C187767D}.Release|x86.ActiveCfg = Release|Any CPU
		{A0330F86-0A50-4264-88EE-3745C187767D}.Release|x86.Build.0 = Release|Any CPU
		{C0DECA29-541A-4BA1-93B3-8C8C2AF5B2C2}.Debug|Any CPU.ActiveCfg = Debug|Any CPU
		{C0DECA29-541A-4BA1-93B3-8C8C2AF5B2C2}.Debug|Any CPU.Build.0 = Debug|Any CPU
		{C0DECA29-541A-4BA1-93B3-8C8C2AF5B2C2}.Debug|x64.ActiveCfg = Debug|Any CPU
		{C0DECA29-541A-4BA1-93B3-8C8C2AF5B2C2}.Debug|x64.Build.0 = Debug|Any CPU
		{C0DECA29-541A-4BA1-93B3-8C8C2AF5B2C2}.Debug|x86.ActiveCfg = Debug|Any CPU
		{C0DECA29-541A-4BA1-93B3-8C8C2AF5B2C2}.Debug|x86.Build.0 = Debug|Any CPU
		{C0DECA29-541A-4BA1-93B3-8C8C2AF5B2C2}.ReduxDevToolsEnabled|Any CPU.ActiveCfg = Release|Any CPU
		{C0DECA29-541A-4BA1-93B3-8C8C2AF5B2C2}.ReduxDevToolsEnabled|Any CPU.Build.0 = Release|Any CPU
		{C0DECA29-541A-4BA1-93B3-8C8C2AF5B2C2}.ReduxDevToolsEnabled|x64.ActiveCfg = ReduxDevToolsEnabled|Any CPU
		{C0DECA29-541A-4BA1-93B3-8C8C2AF5B2C2}.ReduxDevToolsEnabled|x64.Build.0 = ReduxDevToolsEnabled|Any CPU
		{C0DECA29-541A-4BA1-93B3-8C8C2AF5B2C2}.ReduxDevToolsEnabled|x86.ActiveCfg = ReduxDevToolsEnabled|Any CPU
		{C0DECA29-541A-4BA1-93B3-8C8C2AF5B2C2}.ReduxDevToolsEnabled|x86.Build.0 = ReduxDevToolsEnabled|Any CPU
		{C0DECA29-541A-4BA1-93B3-8C8C2AF5B2C2}.Release|Any CPU.ActiveCfg = Release|Any CPU
		{C0DECA29-541A-4BA1-93B3-8C8C2AF5B2C2}.Release|Any CPU.Build.0 = Release|Any CPU
		{C0DECA29-541A-4BA1-93B3-8C8C2AF5B2C2}.Release|x64.ActiveCfg = Release|Any CPU
		{C0DECA29-541A-4BA1-93B3-8C8C2AF5B2C2}.Release|x64.Build.0 = Release|Any CPU
		{C0DECA29-541A-4BA1-93B3-8C8C2AF5B2C2}.Release|x86.ActiveCfg = Release|Any CPU
		{C0DECA29-541A-4BA1-93B3-8C8C2AF5B2C2}.Release|x86.Build.0 = Release|Any CPU
		{4D43F8E5-727F-4382-A606-21E1C8E204D0}.Debug|Any CPU.ActiveCfg = Debug|Any CPU
		{4D43F8E5-727F-4382-A606-21E1C8E204D0}.Debug|Any CPU.Build.0 = Debug|Any CPU
		{4D43F8E5-727F-4382-A606-21E1C8E204D0}.Debug|x64.ActiveCfg = Debug|Any CPU
		{4D43F8E5-727F-4382-A606-21E1C8E204D0}.Debug|x64.Build.0 = Debug|Any CPU
		{4D43F8E5-727F-4382-A606-21E1C8E204D0}.Debug|x86.ActiveCfg = Debug|Any CPU
		{4D43F8E5-727F-4382-A606-21E1C8E204D0}.Debug|x86.Build.0 = Debug|Any CPU
		{4D43F8E5-727F-4382-A606-21E1C8E204D0}.ReduxDevToolsEnabled|Any CPU.ActiveCfg = Release|Any CPU
		{4D43F8E5-727F-4382-A606-21E1C8E204D0}.ReduxDevToolsEnabled|Any CPU.Build.0 = Release|Any CPU
		{4D43F8E5-727F-4382-A606-21E1C8E204D0}.ReduxDevToolsEnabled|x64.ActiveCfg = ReduxDevToolsEnabled|Any CPU
		{4D43F8E5-727F-4382-A606-21E1C8E204D0}.ReduxDevToolsEnabled|x64.Build.0 = ReduxDevToolsEnabled|Any CPU
		{4D43F8E5-727F-4382-A606-21E1C8E204D0}.ReduxDevToolsEnabled|x86.ActiveCfg = ReduxDevToolsEnabled|Any CPU
		{4D43F8E5-727F-4382-A606-21E1C8E204D0}.ReduxDevToolsEnabled|x86.Build.0 = ReduxDevToolsEnabled|Any CPU
		{4D43F8E5-727F-4382-A606-21E1C8E204D0}.Release|Any CPU.ActiveCfg = Release|Any CPU
		{4D43F8E5-727F-4382-A606-21E1C8E204D0}.Release|Any CPU.Build.0 = Release|Any CPU
		{4D43F8E5-727F-4382-A606-21E1C8E204D0}.Release|x64.ActiveCfg = Release|Any CPU
		{4D43F8E5-727F-4382-A606-21E1C8E204D0}.Release|x64.Build.0 = Release|Any CPU
		{4D43F8E5-727F-4382-A606-21E1C8E204D0}.Release|x86.ActiveCfg = Release|Any CPU
		{4D43F8E5-727F-4382-A606-21E1C8E204D0}.Release|x86.Build.0 = Release|Any CPU
		{86B3E2AC-37E8-4A07-9DFC-41DC831ECE51}.Debug|Any CPU.ActiveCfg = Debug|Any CPU
		{86B3E2AC-37E8-4A07-9DFC-41DC831ECE51}.Debug|Any CPU.Build.0 = Debug|Any CPU
		{86B3E2AC-37E8-4A07-9DFC-41DC831ECE51}.Debug|x64.ActiveCfg = Debug|Any CPU
		{86B3E2AC-37E8-4A07-9DFC-41DC831ECE51}.Debug|x64.Build.0 = Debug|Any CPU
		{86B3E2AC-37E8-4A07-9DFC-41DC831ECE51}.Debug|x86.ActiveCfg = Debug|Any CPU
		{86B3E2AC-37E8-4A07-9DFC-41DC831ECE51}.Debug|x86.Build.0 = Debug|Any CPU
		{86B3E2AC-37E8-4A07-9DFC-41DC831ECE51}.ReduxDevToolsEnabled|Any CPU.ActiveCfg = Release|Any CPU
		{86B3E2AC-37E8-4A07-9DFC-41DC831ECE51}.ReduxDevToolsEnabled|Any CPU.Build.0 = Release|Any CPU
		{86B3E2AC-37E8-4A07-9DFC-41DC831ECE51}.ReduxDevToolsEnabled|x64.ActiveCfg = ReduxDevToolsEnabled|Any CPU
		{86B3E2AC-37E8-4A07-9DFC-41DC831ECE51}.ReduxDevToolsEnabled|x64.Build.0 = ReduxDevToolsEnabled|Any CPU
		{86B3E2AC-37E8-4A07-9DFC-41DC831ECE51}.ReduxDevToolsEnabled|x86.ActiveCfg = ReduxDevToolsEnabled|Any CPU
		{86B3E2AC-37E8-4A07-9DFC-41DC831ECE51}.ReduxDevToolsEnabled|x86.Build.0 = ReduxDevToolsEnabled|Any CPU
		{86B3E2AC-37E8-4A07-9DFC-41DC831ECE51}.Release|Any CPU.ActiveCfg = Release|Any CPU
		{86B3E2AC-37E8-4A07-9DFC-41DC831ECE51}.Release|Any CPU.Build.0 = Release|Any CPU
		{86B3E2AC-37E8-4A07-9DFC-41DC831ECE51}.Release|x64.ActiveCfg = Release|Any CPU
		{86B3E2AC-37E8-4A07-9DFC-41DC831ECE51}.Release|x64.Build.0 = Release|Any CPU
		{86B3E2AC-37E8-4A07-9DFC-41DC831ECE51}.Release|x86.ActiveCfg = Release|Any CPU
		{86B3E2AC-37E8-4A07-9DFC-41DC831ECE51}.Release|x86.Build.0 = Release|Any CPU
		{8C377EA5-3EBE-4DDC-B800-85731946DEB7}.Debug|Any CPU.ActiveCfg = Debug|Any CPU
		{8C377EA5-3EBE-4DDC-B800-85731946DEB7}.Debug|Any CPU.Build.0 = Debug|Any CPU
		{8C377EA5-3EBE-4DDC-B800-85731946DEB7}.Debug|x64.ActiveCfg = Debug|Any CPU
		{8C377EA5-3EBE-4DDC-B800-85731946DEB7}.Debug|x64.Build.0 = Debug|Any CPU
		{8C377EA5-3EBE-4DDC-B800-85731946DEB7}.Debug|x86.ActiveCfg = Debug|Any CPU
		{8C377EA5-3EBE-4DDC-B800-85731946DEB7}.Debug|x86.Build.0 = Debug|Any CPU
		{8C377EA5-3EBE-4DDC-B800-85731946DEB7}.ReduxDevToolsEnabled|Any CPU.ActiveCfg = Release|Any CPU
		{8C377EA5-3EBE-4DDC-B800-85731946DEB7}.ReduxDevToolsEnabled|Any CPU.Build.0 = Release|Any CPU
		{8C377EA5-3EBE-4DDC-B800-85731946DEB7}.ReduxDevToolsEnabled|x64.ActiveCfg = ReduxDevToolsEnabled|Any CPU
		{8C377EA5-3EBE-4DDC-B800-85731946DEB7}.ReduxDevToolsEnabled|x64.Build.0 = ReduxDevToolsEnabled|Any CPU
		{8C377EA5-3EBE-4DDC-B800-85731946DEB7}.ReduxDevToolsEnabled|x86.ActiveCfg = ReduxDevToolsEnabled|Any CPU
		{8C377EA5-3EBE-4DDC-B800-85731946DEB7}.ReduxDevToolsEnabled|x86.Build.0 = ReduxDevToolsEnabled|Any CPU
		{8C377EA5-3EBE-4DDC-B800-85731946DEB7}.Release|Any CPU.ActiveCfg = Release|Any CPU
		{8C377EA5-3EBE-4DDC-B800-85731946DEB7}.Release|Any CPU.Build.0 = Release|Any CPU
		{8C377EA5-3EBE-4DDC-B800-85731946DEB7}.Release|x64.ActiveCfg = Release|Any CPU
		{8C377EA5-3EBE-4DDC-B800-85731946DEB7}.Release|x64.Build.0 = Release|Any CPU
		{8C377EA5-3EBE-4DDC-B800-85731946DEB7}.Release|x86.ActiveCfg = Release|Any CPU
		{8C377EA5-3EBE-4DDC-B800-85731946DEB7}.Release|x86.Build.0 = Release|Any CPU
		{BACD8F0E-B087-4B2E-AE73-D468CCF94B16}.Debug|Any CPU.ActiveCfg = Debug|Any CPU
		{BACD8F0E-B087-4B2E-AE73-D468CCF94B16}.Debug|Any CPU.Build.0 = Debug|Any CPU
		{BACD8F0E-B087-4B2E-AE73-D468CCF94B16}.Debug|x64.ActiveCfg = Debug|Any CPU
		{BACD8F0E-B087-4B2E-AE73-D468CCF94B16}.Debug|x64.Build.0 = Debug|Any CPU
		{BACD8F0E-B087-4B2E-AE73-D468CCF94B16}.Debug|x86.ActiveCfg = Debug|Any CPU
		{BACD8F0E-B087-4B2E-AE73-D468CCF94B16}.Debug|x86.Build.0 = Debug|Any CPU
		{BACD8F0E-B087-4B2E-AE73-D468CCF94B16}.ReduxDevToolsEnabled|Any CPU.ActiveCfg = Release|Any CPU
		{BACD8F0E-B087-4B2E-AE73-D468CCF94B16}.ReduxDevToolsEnabled|Any CPU.Build.0 = Release|Any CPU
		{BACD8F0E-B087-4B2E-AE73-D468CCF94B16}.ReduxDevToolsEnabled|x64.ActiveCfg = ReduxDevToolsEnabled|Any CPU
		{BACD8F0E-B087-4B2E-AE73-D468CCF94B16}.ReduxDevToolsEnabled|x64.Build.0 = ReduxDevToolsEnabled|Any CPU
		{BACD8F0E-B087-4B2E-AE73-D468CCF94B16}.ReduxDevToolsEnabled|x86.ActiveCfg = ReduxDevToolsEnabled|Any CPU
		{BACD8F0E-B087-4B2E-AE73-D468CCF94B16}.ReduxDevToolsEnabled|x86.Build.0 = ReduxDevToolsEnabled|Any CPU
		{BACD8F0E-B087-4B2E-AE73-D468CCF94B16}.Release|Any CPU.ActiveCfg = Release|Any CPU
		{BACD8F0E-B087-4B2E-AE73-D468CCF94B16}.Release|Any CPU.Build.0 = Release|Any CPU
		{BACD8F0E-B087-4B2E-AE73-D468CCF94B16}.Release|x64.ActiveCfg = Release|Any CPU
		{BACD8F0E-B087-4B2E-AE73-D468CCF94B16}.Release|x64.Build.0 = Release|Any CPU
		{BACD8F0E-B087-4B2E-AE73-D468CCF94B16}.Release|x86.ActiveCfg = Release|Any CPU
		{BACD8F0E-B087-4B2E-AE73-D468CCF94B16}.Release|x86.Build.0 = Release|Any CPU
		{39C108FB-C8E1-45B6-B067-83A26054DA2B}.Debug|Any CPU.ActiveCfg = Debug|Any CPU
		{39C108FB-C8E1-45B6-B067-83A26054DA2B}.Debug|Any CPU.Build.0 = Debug|Any CPU
		{39C108FB-C8E1-45B6-B067-83A26054DA2B}.Debug|x64.ActiveCfg = Debug|Any CPU
		{39C108FB-C8E1-45B6-B067-83A26054DA2B}.Debug|x64.Build.0 = Debug|Any CPU
		{39C108FB-C8E1-45B6-B067-83A26054DA2B}.Debug|x86.ActiveCfg = Debug|Any CPU
		{39C108FB-C8E1-45B6-B067-83A26054DA2B}.Debug|x86.Build.0 = Debug|Any CPU
		{39C108FB-C8E1-45B6-B067-83A26054DA2B}.ReduxDevToolsEnabled|Any CPU.ActiveCfg = Release|Any CPU
		{39C108FB-C8E1-45B6-B067-83A26054DA2B}.ReduxDevToolsEnabled|Any CPU.Build.0 = Release|Any CPU
		{39C108FB-C8E1-45B6-B067-83A26054DA2B}.ReduxDevToolsEnabled|x64.ActiveCfg = ReduxDevToolsEnabled|Any CPU
		{39C108FB-C8E1-45B6-B067-83A26054DA2B}.ReduxDevToolsEnabled|x64.Build.0 = ReduxDevToolsEnabled|Any CPU
		{39C108FB-C8E1-45B6-B067-83A26054DA2B}.ReduxDevToolsEnabled|x86.ActiveCfg = ReduxDevToolsEnabled|Any CPU
		{39C108FB-C8E1-45B6-B067-83A26054DA2B}.ReduxDevToolsEnabled|x86.Build.0 = ReduxDevToolsEnabled|Any CPU
		{39C108FB-C8E1-45B6-B067-83A26054DA2B}.Release|Any CPU.ActiveCfg = Release|Any CPU
		{39C108FB-C8E1-45B6-B067-83A26054DA2B}.Release|Any CPU.Build.0 = Release|Any CPU
		{39C108FB-C8E1-45B6-B067-83A26054DA2B}.Release|x64.ActiveCfg = Release|Any CPU
		{39C108FB-C8E1-45B6-B067-83A26054DA2B}.Release|x64.Build.0 = Release|Any CPU
		{39C108FB-C8E1-45B6-B067-83A26054DA2B}.Release|x86.ActiveCfg = Release|Any CPU
		{39C108FB-C8E1-45B6-B067-83A26054DA2B}.Release|x86.Build.0 = Release|Any CPU
		{F8CCA479-E0F4-4E88-A439-39CC8B3B7C9B}.Debug|Any CPU.ActiveCfg = Debug|Any CPU
		{F8CCA479-E0F4-4E88-A439-39CC8B3B7C9B}.Debug|Any CPU.Build.0 = Debug|Any CPU
		{F8CCA479-E0F4-4E88-A439-39CC8B3B7C9B}.Debug|x64.ActiveCfg = Debug|Any CPU
		{F8CCA479-E0F4-4E88-A439-39CC8B3B7C9B}.Debug|x64.Build.0 = Debug|Any CPU
		{F8CCA479-E0F4-4E88-A439-39CC8B3B7C9B}.Debug|x86.ActiveCfg = Debug|Any CPU
		{F8CCA479-E0F4-4E88-A439-39CC8B3B7C9B}.Debug|x86.Build.0 = Debug|Any CPU
		{F8CCA479-E0F4-4E88-A439-39CC8B3B7C9B}.ReduxDevToolsEnabled|Any CPU.ActiveCfg = Release|Any CPU
		{F8CCA479-E0F4-4E88-A439-39CC8B3B7C9B}.ReduxDevToolsEnabled|Any CPU.Build.0 = Release|Any CPU
		{F8CCA479-E0F4-4E88-A439-39CC8B3B7C9B}.ReduxDevToolsEnabled|x64.ActiveCfg = ReduxDevToolsEnabled|Any CPU
		{F8CCA479-E0F4-4E88-A439-39CC8B3B7C9B}.ReduxDevToolsEnabled|x64.Build.0 = ReduxDevToolsEnabled|Any CPU
		{F8CCA479-E0F4-4E88-A439-39CC8B3B7C9B}.ReduxDevToolsEnabled|x86.ActiveCfg = ReduxDevToolsEnabled|Any CPU
		{F8CCA479-E0F4-4E88-A439-39CC8B3B7C9B}.ReduxDevToolsEnabled|x86.Build.0 = ReduxDevToolsEnabled|Any CPU
		{F8CCA479-E0F4-4E88-A439-39CC8B3B7C9B}.Release|Any CPU.ActiveCfg = Release|Any CPU
		{F8CCA479-E0F4-4E88-A439-39CC8B3B7C9B}.Release|Any CPU.Build.0 = Release|Any CPU
		{F8CCA479-E0F4-4E88-A439-39CC8B3B7C9B}.Release|x64.ActiveCfg = Release|Any CPU
		{F8CCA479-E0F4-4E88-A439-39CC8B3B7C9B}.Release|x64.Build.0 = Release|Any CPU
		{F8CCA479-E0F4-4E88-A439-39CC8B3B7C9B}.Release|x86.ActiveCfg = Release|Any CPU
		{F8CCA479-E0F4-4E88-A439-39CC8B3B7C9B}.Release|x86.Build.0 = Release|Any CPU
		{CFFB80F7-6230-4244-A07F-12F5A295FB21}.Debug|Any CPU.ActiveCfg = Debug|Any CPU
		{CFFB80F7-6230-4244-A07F-12F5A295FB21}.Debug|Any CPU.Build.0 = Debug|Any CPU
		{CFFB80F7-6230-4244-A07F-12F5A295FB21}.Debug|x64.ActiveCfg = Debug|Any CPU
		{CFFB80F7-6230-4244-A07F-12F5A295FB21}.Debug|x64.Build.0 = Debug|Any CPU
		{CFFB80F7-6230-4244-A07F-12F5A295FB21}.Debug|x86.ActiveCfg = Debug|Any CPU
		{CFFB80F7-6230-4244-A07F-12F5A295FB21}.Debug|x86.Build.0 = Debug|Any CPU
		{CFFB80F7-6230-4244-A07F-12F5A295FB21}.ReduxDevToolsEnabled|Any CPU.ActiveCfg = Release|Any CPU
		{CFFB80F7-6230-4244-A07F-12F5A295FB21}.ReduxDevToolsEnabled|Any CPU.Build.0 = Release|Any CPU
		{CFFB80F7-6230-4244-A07F-12F5A295FB21}.ReduxDevToolsEnabled|x64.ActiveCfg = ReduxDevToolsEnabled|Any CPU
		{CFFB80F7-6230-4244-A07F-12F5A295FB21}.ReduxDevToolsEnabled|x64.Build.0 = ReduxDevToolsEnabled|Any CPU
		{CFFB80F7-6230-4244-A07F-12F5A295FB21}.ReduxDevToolsEnabled|x86.ActiveCfg = ReduxDevToolsEnabled|Any CPU
		{CFFB80F7-6230-4244-A07F-12F5A295FB21}.ReduxDevToolsEnabled|x86.Build.0 = ReduxDevToolsEnabled|Any CPU
		{CFFB80F7-6230-4244-A07F-12F5A295FB21}.Release|Any CPU.ActiveCfg = Release|Any CPU
		{CFFB80F7-6230-4244-A07F-12F5A295FB21}.Release|Any CPU.Build.0 = Release|Any CPU
		{CFFB80F7-6230-4244-A07F-12F5A295FB21}.Release|x64.ActiveCfg = Release|Any CPU
		{CFFB80F7-6230-4244-A07F-12F5A295FB21}.Release|x64.Build.0 = Release|Any CPU
		{CFFB80F7-6230-4244-A07F-12F5A295FB21}.Release|x86.ActiveCfg = Release|Any CPU
		{CFFB80F7-6230-4244-A07F-12F5A295FB21}.Release|x86.Build.0 = Release|Any CPU
		{545E3103-354C-4058-8D8F-60D70DCC115B}.Debug|Any CPU.ActiveCfg = Debug|Any CPU
		{545E3103-354C-4058-8D8F-60D70DCC115B}.Debug|Any CPU.Build.0 = Debug|Any CPU
		{545E3103-354C-4058-8D8F-60D70DCC115B}.Debug|x64.ActiveCfg = Debug|Any CPU
		{545E3103-354C-4058-8D8F-60D70DCC115B}.Debug|x64.Build.0 = Debug|Any CPU
		{545E3103-354C-4058-8D8F-60D70DCC115B}.Debug|x86.ActiveCfg = Debug|Any CPU
		{545E3103-354C-4058-8D8F-60D70DCC115B}.Debug|x86.Build.0 = Debug|Any CPU
		{545E3103-354C-4058-8D8F-60D70DCC115B}.ReduxDevToolsEnabled|Any CPU.ActiveCfg = Release|Any CPU
		{545E3103-354C-4058-8D8F-60D70DCC115B}.ReduxDevToolsEnabled|Any CPU.Build.0 = Release|Any CPU
		{545E3103-354C-4058-8D8F-60D70DCC115B}.ReduxDevToolsEnabled|x64.ActiveCfg = ReduxDevToolsEnabled|Any CPU
		{545E3103-354C-4058-8D8F-60D70DCC115B}.ReduxDevToolsEnabled|x64.Build.0 = ReduxDevToolsEnabled|Any CPU
		{545E3103-354C-4058-8D8F-60D70DCC115B}.ReduxDevToolsEnabled|x86.ActiveCfg = ReduxDevToolsEnabled|Any CPU
		{545E3103-354C-4058-8D8F-60D70DCC115B}.ReduxDevToolsEnabled|x86.Build.0 = ReduxDevToolsEnabled|Any CPU
		{545E3103-354C-4058-8D8F-60D70DCC115B}.Release|Any CPU.ActiveCfg = Release|Any CPU
		{545E3103-354C-4058-8D8F-60D70DCC115B}.Release|Any CPU.Build.0 = Release|Any CPU
		{545E3103-354C-4058-8D8F-60D70DCC115B}.Release|x64.ActiveCfg = Release|Any CPU
		{545E3103-354C-4058-8D8F-60D70DCC115B}.Release|x64.Build.0 = Release|Any CPU
		{545E3103-354C-4058-8D8F-60D70DCC115B}.Release|x86.ActiveCfg = Release|Any CPU
		{545E3103-354C-4058-8D8F-60D70DCC115B}.Release|x86.Build.0 = Release|Any CPU
		{5122D985-AB9C-442E-B60D-27BE2BDED4CE}.Debug|Any CPU.ActiveCfg = Debug|Any CPU
		{5122D985-AB9C-442E-B60D-27BE2BDED4CE}.Debug|Any CPU.Build.0 = Debug|Any CPU
		{5122D985-AB9C-442E-B60D-27BE2BDED4CE}.Debug|x64.ActiveCfg = Debug|Any CPU
		{5122D985-AB9C-442E-B60D-27BE2BDED4CE}.Debug|x64.Build.0 = Debug|Any CPU
		{5122D985-AB9C-442E-B60D-27BE2BDED4CE}.Debug|x86.ActiveCfg = Debug|Any CPU
		{5122D985-AB9C-442E-B60D-27BE2BDED4CE}.Debug|x86.Build.0 = Debug|Any CPU
		{5122D985-AB9C-442E-B60D-27BE2BDED4CE}.ReduxDevToolsEnabled|Any CPU.ActiveCfg = Release|Any CPU
		{5122D985-AB9C-442E-B60D-27BE2BDED4CE}.ReduxDevToolsEnabled|Any CPU.Build.0 = Release|Any CPU
		{5122D985-AB9C-442E-B60D-27BE2BDED4CE}.ReduxDevToolsEnabled|x64.ActiveCfg = ReduxDevToolsEnabled|Any CPU
		{5122D985-AB9C-442E-B60D-27BE2BDED4CE}.ReduxDevToolsEnabled|x64.Build.0 = ReduxDevToolsEnabled|Any CPU
		{5122D985-AB9C-442E-B60D-27BE2BDED4CE}.ReduxDevToolsEnabled|x86.ActiveCfg = ReduxDevToolsEnabled|Any CPU
		{5122D985-AB9C-442E-B60D-27BE2BDED4CE}.ReduxDevToolsEnabled|x86.Build.0 = ReduxDevToolsEnabled|Any CPU
		{5122D985-AB9C-442E-B60D-27BE2BDED4CE}.Release|Any CPU.ActiveCfg = Release|Any CPU
		{5122D985-AB9C-442E-B60D-27BE2BDED4CE}.Release|Any CPU.Build.0 = Release|Any CPU
		{5122D985-AB9C-442E-B60D-27BE2BDED4CE}.Release|x64.ActiveCfg = Release|Any CPU
		{5122D985-AB9C-442E-B60D-27BE2BDED4CE}.Release|x64.Build.0 = Release|Any CPU
		{5122D985-AB9C-442E-B60D-27BE2BDED4CE}.Release|x86.ActiveCfg = Release|Any CPU
		{5122D985-AB9C-442E-B60D-27BE2BDED4CE}.Release|x86.Build.0 = Release|Any CPU
		{FEF1F47E-97AE-45BC-9211-2ECF5A227342}.Debug|Any CPU.ActiveCfg = Debug|Any CPU
		{FEF1F47E-97AE-45BC-9211-2ECF5A227342}.Debug|Any CPU.Build.0 = Debug|Any CPU
		{FEF1F47E-97AE-45BC-9211-2ECF5A227342}.Debug|x64.ActiveCfg = Debug|Any CPU
		{FEF1F47E-97AE-45BC-9211-2ECF5A227342}.Debug|x64.Build.0 = Debug|Any CPU
		{FEF1F47E-97AE-45BC-9211-2ECF5A227342}.Debug|x86.ActiveCfg = Debug|Any CPU
		{FEF1F47E-97AE-45BC-9211-2ECF5A227342}.Debug|x86.Build.0 = Debug|Any CPU
		{FEF1F47E-97AE-45BC-9211-2ECF5A227342}.ReduxDevToolsEnabled|Any CPU.ActiveCfg = Release|Any CPU
		{FEF1F47E-97AE-45BC-9211-2ECF5A227342}.ReduxDevToolsEnabled|Any CPU.Build.0 = Release|Any CPU
		{FEF1F47E-97AE-45BC-9211-2ECF5A227342}.ReduxDevToolsEnabled|x64.ActiveCfg = ReduxDevToolsEnabled|Any CPU
		{FEF1F47E-97AE-45BC-9211-2ECF5A227342}.ReduxDevToolsEnabled|x64.Build.0 = ReduxDevToolsEnabled|Any CPU
		{FEF1F47E-97AE-45BC-9211-2ECF5A227342}.ReduxDevToolsEnabled|x86.ActiveCfg = ReduxDevToolsEnabled|Any CPU
		{FEF1F47E-97AE-45BC-9211-2ECF5A227342}.ReduxDevToolsEnabled|x86.Build.0 = ReduxDevToolsEnabled|Any CPU
		{FEF1F47E-97AE-45BC-9211-2ECF5A227342}.Release|Any CPU.ActiveCfg = Release|Any CPU
		{FEF1F47E-97AE-45BC-9211-2ECF5A227342}.Release|Any CPU.Build.0 = Release|Any CPU
		{FEF1F47E-97AE-45BC-9211-2ECF5A227342}.Release|x64.ActiveCfg = Release|Any CPU
		{FEF1F47E-97AE-45BC-9211-2ECF5A227342}.Release|x64.Build.0 = Release|Any CPU
		{FEF1F47E-97AE-45BC-9211-2ECF5A227342}.Release|x86.ActiveCfg = Release|Any CPU
		{FEF1F47E-97AE-45BC-9211-2ECF5A227342}.Release|x86.Build.0 = Release|Any CPU
		{8BCA26F0-1960-4092-8FC3-ADCBAE9F3868}.Debug|Any CPU.ActiveCfg = Debug|Any CPU
		{8BCA26F0-1960-4092-8FC3-ADCBAE9F3868}.Debug|Any CPU.Build.0 = Debug|Any CPU
		{8BCA26F0-1960-4092-8FC3-ADCBAE9F3868}.Debug|x64.ActiveCfg = Debug|Any CPU
		{8BCA26F0-1960-4092-8FC3-ADCBAE9F3868}.Debug|x64.Build.0 = Debug|Any CPU
		{8BCA26F0-1960-4092-8FC3-ADCBAE9F3868}.Debug|x86.ActiveCfg = Debug|Any CPU
		{8BCA26F0-1960-4092-8FC3-ADCBAE9F3868}.Debug|x86.Build.0 = Debug|Any CPU
		{8BCA26F0-1960-4092-8FC3-ADCBAE9F3868}.ReduxDevToolsEnabled|Any CPU.ActiveCfg = Release|Any CPU
		{8BCA26F0-1960-4092-8FC3-ADCBAE9F3868}.ReduxDevToolsEnabled|Any CPU.Build.0 = Release|Any CPU
		{8BCA26F0-1960-4092-8FC3-ADCBAE9F3868}.ReduxDevToolsEnabled|x64.ActiveCfg = ReduxDevToolsEnabled|Any CPU
		{8BCA26F0-1960-4092-8FC3-ADCBAE9F3868}.ReduxDevToolsEnabled|x64.Build.0 = ReduxDevToolsEnabled|Any CPU
		{8BCA26F0-1960-4092-8FC3-ADCBAE9F3868}.ReduxDevToolsEnabled|x86.ActiveCfg = ReduxDevToolsEnabled|Any CPU
		{8BCA26F0-1960-4092-8FC3-ADCBAE9F3868}.ReduxDevToolsEnabled|x86.Build.0 = ReduxDevToolsEnabled|Any CPU
		{8BCA26F0-1960-4092-8FC3-ADCBAE9F3868}.Release|Any CPU.ActiveCfg = Release|Any CPU
		{8BCA26F0-1960-4092-8FC3-ADCBAE9F3868}.Release|Any CPU.Build.0 = Release|Any CPU
		{8BCA26F0-1960-4092-8FC3-ADCBAE9F3868}.Release|x64.ActiveCfg = Release|Any CPU
		{8BCA26F0-1960-4092-8FC3-ADCBAE9F3868}.Release|x64.Build.0 = Release|Any CPU
		{8BCA26F0-1960-4092-8FC3-ADCBAE9F3868}.Release|x86.ActiveCfg = Release|Any CPU
		{8BCA26F0-1960-4092-8FC3-ADCBAE9F3868}.Release|x86.Build.0 = Release|Any CPU
		{DBDCECC2-1280-40E7-BDF8-71BB3F941279}.Debug|Any CPU.ActiveCfg = Debug|Any CPU
		{DBDCECC2-1280-40E7-BDF8-71BB3F941279}.Debug|Any CPU.Build.0 = Debug|Any CPU
		{DBDCECC2-1280-40E7-BDF8-71BB3F941279}.Debug|x64.ActiveCfg = Debug|Any CPU
		{DBDCECC2-1280-40E7-BDF8-71BB3F941279}.Debug|x64.Build.0 = Debug|Any CPU
		{DBDCECC2-1280-40E7-BDF8-71BB3F941279}.Debug|x86.ActiveCfg = Debug|Any CPU
		{DBDCECC2-1280-40E7-BDF8-71BB3F941279}.Debug|x86.Build.0 = Debug|Any CPU
		{DBDCECC2-1280-40E7-BDF8-71BB3F941279}.ReduxDevToolsEnabled|Any CPU.ActiveCfg = Release|Any CPU
		{DBDCECC2-1280-40E7-BDF8-71BB3F941279}.ReduxDevToolsEnabled|Any CPU.Build.0 = Release|Any CPU
		{DBDCECC2-1280-40E7-BDF8-71BB3F941279}.ReduxDevToolsEnabled|x64.ActiveCfg = ReduxDevToolsEnabled|Any CPU
		{DBDCECC2-1280-40E7-BDF8-71BB3F941279}.ReduxDevToolsEnabled|x64.Build.0 = ReduxDevToolsEnabled|Any CPU
		{DBDCECC2-1280-40E7-BDF8-71BB3F941279}.ReduxDevToolsEnabled|x86.ActiveCfg = ReduxDevToolsEnabled|Any CPU
		{DBDCECC2-1280-40E7-BDF8-71BB3F941279}.ReduxDevToolsEnabled|x86.Build.0 = ReduxDevToolsEnabled|Any CPU
		{DBDCECC2-1280-40E7-BDF8-71BB3F941279}.Release|Any CPU.ActiveCfg = Release|Any CPU
		{DBDCECC2-1280-40E7-BDF8-71BB3F941279}.Release|Any CPU.Build.0 = Release|Any CPU
		{DBDCECC2-1280-40E7-BDF8-71BB3F941279}.Release|x64.ActiveCfg = Release|Any CPU
		{DBDCECC2-1280-40E7-BDF8-71BB3F941279}.Release|x64.Build.0 = Release|Any CPU
		{DBDCECC2-1280-40E7-BDF8-71BB3F941279}.Release|x86.ActiveCfg = Release|Any CPU
		{DBDCECC2-1280-40E7-BDF8-71BB3F941279}.Release|x86.Build.0 = Release|Any CPU
		{08ED6B59-E051-4B4A-AEEA-351D0720FC46}.Debug|Any CPU.ActiveCfg = Debug|Any CPU
		{08ED6B59-E051-4B4A-AEEA-351D0720FC46}.Debug|Any CPU.Build.0 = Debug|Any CPU
		{08ED6B59-E051-4B4A-AEEA-351D0720FC46}.Debug|x64.ActiveCfg = Debug|Any CPU
		{08ED6B59-E051-4B4A-AEEA-351D0720FC46}.Debug|x64.Build.0 = Debug|Any CPU
		{08ED6B59-E051-4B4A-AEEA-351D0720FC46}.Debug|x86.ActiveCfg = Debug|Any CPU
		{08ED6B59-E051-4B4A-AEEA-351D0720FC46}.Debug|x86.Build.0 = Debug|Any CPU
		{08ED6B59-E051-4B4A-AEEA-351D0720FC46}.ReduxDevToolsEnabled|Any CPU.ActiveCfg = Release|Any CPU
		{08ED6B59-E051-4B4A-AEEA-351D0720FC46}.ReduxDevToolsEnabled|Any CPU.Build.0 = Release|Any CPU
		{08ED6B59-E051-4B4A-AEEA-351D0720FC46}.ReduxDevToolsEnabled|x64.ActiveCfg = ReduxDevToolsEnabled|Any CPU
		{08ED6B59-E051-4B4A-AEEA-351D0720FC46}.ReduxDevToolsEnabled|x64.Build.0 = ReduxDevToolsEnabled|Any CPU
		{08ED6B59-E051-4B4A-AEEA-351D0720FC46}.ReduxDevToolsEnabled|x86.ActiveCfg = ReduxDevToolsEnabled|Any CPU
		{08ED6B59-E051-4B4A-AEEA-351D0720FC46}.ReduxDevToolsEnabled|x86.Build.0 = ReduxDevToolsEnabled|Any CPU
		{08ED6B59-E051-4B4A-AEEA-351D0720FC46}.Release|Any CPU.ActiveCfg = Release|Any CPU
		{08ED6B59-E051-4B4A-AEEA-351D0720FC46}.Release|Any CPU.Build.0 = Release|Any CPU
		{08ED6B59-E051-4B4A-AEEA-351D0720FC46}.Release|x64.ActiveCfg = Release|Any CPU
		{08ED6B59-E051-4B4A-AEEA-351D0720FC46}.Release|x64.Build.0 = Release|Any CPU
		{08ED6B59-E051-4B4A-AEEA-351D0720FC46}.Release|x86.ActiveCfg = Release|Any CPU
		{08ED6B59-E051-4B4A-AEEA-351D0720FC46}.Release|x86.Build.0 = Release|Any CPU
		{92834F28-8ECE-4F49-A4F5-DF6AA560CC67}.Debug|Any CPU.ActiveCfg = Debug|Any CPU
		{92834F28-8ECE-4F49-A4F5-DF6AA560CC67}.Debug|Any CPU.Build.0 = Debug|Any CPU
		{92834F28-8ECE-4F49-A4F5-DF6AA560CC67}.Debug|x64.ActiveCfg = Debug|Any CPU
		{92834F28-8ECE-4F49-A4F5-DF6AA560CC67}.Debug|x64.Build.0 = Debug|Any CPU
		{92834F28-8ECE-4F49-A4F5-DF6AA560CC67}.Debug|x86.ActiveCfg = Debug|Any CPU
		{92834F28-8ECE-4F49-A4F5-DF6AA560CC67}.Debug|x86.Build.0 = Debug|Any CPU
		{92834F28-8ECE-4F49-A4F5-DF6AA560CC67}.ReduxDevToolsEnabled|Any CPU.ActiveCfg = Release|Any CPU
		{92834F28-8ECE-4F49-A4F5-DF6AA560CC67}.ReduxDevToolsEnabled|Any CPU.Build.0 = Release|Any CPU
		{92834F28-8ECE-4F49-A4F5-DF6AA560CC67}.ReduxDevToolsEnabled|x64.ActiveCfg = ReduxDevToolsEnabled|Any CPU
		{92834F28-8ECE-4F49-A4F5-DF6AA560CC67}.ReduxDevToolsEnabled|x64.Build.0 = ReduxDevToolsEnabled|Any CPU
		{92834F28-8ECE-4F49-A4F5-DF6AA560CC67}.ReduxDevToolsEnabled|x86.ActiveCfg = ReduxDevToolsEnabled|Any CPU
		{92834F28-8ECE-4F49-A4F5-DF6AA560CC67}.ReduxDevToolsEnabled|x86.Build.0 = ReduxDevToolsEnabled|Any CPU
		{92834F28-8ECE-4F49-A4F5-DF6AA560CC67}.Release|Any CPU.ActiveCfg = Release|Any CPU
		{92834F28-8ECE-4F49-A4F5-DF6AA560CC67}.Release|Any CPU.Build.0 = Release|Any CPU
		{92834F28-8ECE-4F49-A4F5-DF6AA560CC67}.Release|x64.ActiveCfg = Release|Any CPU
		{92834F28-8ECE-4F49-A4F5-DF6AA560CC67}.Release|x64.Build.0 = Release|Any CPU
		{92834F28-8ECE-4F49-A4F5-DF6AA560CC67}.Release|x86.ActiveCfg = Release|Any CPU
		{92834F28-8ECE-4F49-A4F5-DF6AA560CC67}.Release|x86.Build.0 = Release|Any CPU
		{8A027784-9F48-4EF7-979F-9DF6AA37F25B}.Debug|Any CPU.ActiveCfg = Debug|Any CPU
		{8A027784-9F48-4EF7-979F-9DF6AA37F25B}.Debug|Any CPU.Build.0 = Debug|Any CPU
		{8A027784-9F48-4EF7-979F-9DF6AA37F25B}.Debug|x64.ActiveCfg = Debug|Any CPU
		{8A027784-9F48-4EF7-979F-9DF6AA37F25B}.Debug|x64.Build.0 = Debug|Any CPU
		{8A027784-9F48-4EF7-979F-9DF6AA37F25B}.Debug|x86.ActiveCfg = Debug|Any CPU
		{8A027784-9F48-4EF7-979F-9DF6AA37F25B}.Debug|x86.Build.0 = Debug|Any CPU
		{8A027784-9F48-4EF7-979F-9DF6AA37F25B}.ReduxDevToolsEnabled|Any CPU.ActiveCfg = Release|Any CPU
		{8A027784-9F48-4EF7-979F-9DF6AA37F25B}.ReduxDevToolsEnabled|Any CPU.Build.0 = Release|Any CPU
		{8A027784-9F48-4EF7-979F-9DF6AA37F25B}.ReduxDevToolsEnabled|x64.ActiveCfg = ReduxDevToolsEnabled|Any CPU
		{8A027784-9F48-4EF7-979F-9DF6AA37F25B}.ReduxDevToolsEnabled|x64.Build.0 = ReduxDevToolsEnabled|Any CPU
		{8A027784-9F48-4EF7-979F-9DF6AA37F25B}.ReduxDevToolsEnabled|x86.ActiveCfg = ReduxDevToolsEnabled|Any CPU
		{8A027784-9F48-4EF7-979F-9DF6AA37F25B}.ReduxDevToolsEnabled|x86.Build.0 = ReduxDevToolsEnabled|Any CPU
		{8A027784-9F48-4EF7-979F-9DF6AA37F25B}.Release|Any CPU.ActiveCfg = Release|Any CPU
		{8A027784-9F48-4EF7-979F-9DF6AA37F25B}.Release|Any CPU.Build.0 = Release|Any CPU
		{8A027784-9F48-4EF7-979F-9DF6AA37F25B}.Release|x64.ActiveCfg = Release|Any CPU
		{8A027784-9F48-4EF7-979F-9DF6AA37F25B}.Release|x64.Build.0 = Release|Any CPU
		{8A027784-9F48-4EF7-979F-9DF6AA37F25B}.Release|x86.ActiveCfg = Release|Any CPU
		{8A027784-9F48-4EF7-979F-9DF6AA37F25B}.Release|x86.Build.0 = Release|Any CPU
		{C0785709-7B33-46AA-ACB3-D8DE09DA0AA8}.Debug|Any CPU.ActiveCfg = Debug|Any CPU
		{C0785709-7B33-46AA-ACB3-D8DE09DA0AA8}.Debug|Any CPU.Build.0 = Debug|Any CPU
		{C0785709-7B33-46AA-ACB3-D8DE09DA0AA8}.Debug|x64.ActiveCfg = Debug|Any CPU
		{C0785709-7B33-46AA-ACB3-D8DE09DA0AA8}.Debug|x64.Build.0 = Debug|Any CPU
		{C0785709-7B33-46AA-ACB3-D8DE09DA0AA8}.Debug|x86.ActiveCfg = Debug|Any CPU
		{C0785709-7B33-46AA-ACB3-D8DE09DA0AA8}.Debug|x86.Build.0 = Debug|Any CPU
		{C0785709-7B33-46AA-ACB3-D8DE09DA0AA8}.ReduxDevToolsEnabled|Any CPU.ActiveCfg = Release|Any CPU
		{C0785709-7B33-46AA-ACB3-D8DE09DA0AA8}.ReduxDevToolsEnabled|Any CPU.Build.0 = Release|Any CPU
		{C0785709-7B33-46AA-ACB3-D8DE09DA0AA8}.ReduxDevToolsEnabled|x64.ActiveCfg = ReduxDevToolsEnabled|Any CPU
		{C0785709-7B33-46AA-ACB3-D8DE09DA0AA8}.ReduxDevToolsEnabled|x64.Build.0 = ReduxDevToolsEnabled|Any CPU
		{C0785709-7B33-46AA-ACB3-D8DE09DA0AA8}.ReduxDevToolsEnabled|x86.ActiveCfg = ReduxDevToolsEnabled|Any CPU
		{C0785709-7B33-46AA-ACB3-D8DE09DA0AA8}.ReduxDevToolsEnabled|x86.Build.0 = ReduxDevToolsEnabled|Any CPU
		{C0785709-7B33-46AA-ACB3-D8DE09DA0AA8}.Release|Any CPU.ActiveCfg = Release|Any CPU
		{C0785709-7B33-46AA-ACB3-D8DE09DA0AA8}.Release|Any CPU.Build.0 = Release|Any CPU
		{C0785709-7B33-46AA-ACB3-D8DE09DA0AA8}.Release|x64.ActiveCfg = Release|Any CPU
		{C0785709-7B33-46AA-ACB3-D8DE09DA0AA8}.Release|x64.Build.0 = Release|Any CPU
		{C0785709-7B33-46AA-ACB3-D8DE09DA0AA8}.Release|x86.ActiveCfg = Release|Any CPU
		{C0785709-7B33-46AA-ACB3-D8DE09DA0AA8}.Release|x86.Build.0 = Release|Any CPU
		{13F27F0D-B598-464F-83A0-E4EB4E3B9B34}.Debug|Any CPU.ActiveCfg = Debug|Any CPU
		{13F27F0D-B598-464F-83A0-E4EB4E3B9B34}.Debug|Any CPU.Build.0 = Debug|Any CPU
		{13F27F0D-B598-464F-83A0-E4EB4E3B9B34}.Debug|x64.ActiveCfg = Debug|Any CPU
		{13F27F0D-B598-464F-83A0-E4EB4E3B9B34}.Debug|x64.Build.0 = Debug|Any CPU
		{13F27F0D-B598-464F-83A0-E4EB4E3B9B34}.Debug|x86.ActiveCfg = Debug|Any CPU
		{13F27F0D-B598-464F-83A0-E4EB4E3B9B34}.Debug|x86.Build.0 = Debug|Any CPU
		{13F27F0D-B598-464F-83A0-E4EB4E3B9B34}.ReduxDevToolsEnabled|Any CPU.ActiveCfg = Debug|Any CPU
		{13F27F0D-B598-464F-83A0-E4EB4E3B9B34}.ReduxDevToolsEnabled|Any CPU.Build.0 = Debug|Any CPU
		{13F27F0D-B598-464F-83A0-E4EB4E3B9B34}.ReduxDevToolsEnabled|x64.ActiveCfg = ReduxDevToolsEnabled|Any CPU
		{13F27F0D-B598-464F-83A0-E4EB4E3B9B34}.ReduxDevToolsEnabled|x64.Build.0 = ReduxDevToolsEnabled|Any CPU
		{13F27F0D-B598-464F-83A0-E4EB4E3B9B34}.ReduxDevToolsEnabled|x86.ActiveCfg = ReduxDevToolsEnabled|Any CPU
		{13F27F0D-B598-464F-83A0-E4EB4E3B9B34}.ReduxDevToolsEnabled|x86.Build.0 = ReduxDevToolsEnabled|Any CPU
		{13F27F0D-B598-464F-83A0-E4EB4E3B9B34}.Release|Any CPU.ActiveCfg = Release|Any CPU
		{13F27F0D-B598-464F-83A0-E4EB4E3B9B34}.Release|Any CPU.Build.0 = Release|Any CPU
		{13F27F0D-B598-464F-83A0-E4EB4E3B9B34}.Release|x64.ActiveCfg = Release|Any CPU
		{13F27F0D-B598-464F-83A0-E4EB4E3B9B34}.Release|x64.Build.0 = Release|Any CPU
		{13F27F0D-B598-464F-83A0-E4EB4E3B9B34}.Release|x86.ActiveCfg = Release|Any CPU
		{13F27F0D-B598-464F-83A0-E4EB4E3B9B34}.Release|x86.Build.0 = Release|Any CPU
		{A1AB07F6-E7FF-4A19-8B95-8653273E4EC3}.Debug|Any CPU.ActiveCfg = Debug|Any CPU
		{A1AB07F6-E7FF-4A19-8B95-8653273E4EC3}.Debug|Any CPU.Build.0 = Debug|Any CPU
		{A1AB07F6-E7FF-4A19-8B95-8653273E4EC3}.Debug|x64.ActiveCfg = Debug|Any CPU
		{A1AB07F6-E7FF-4A19-8B95-8653273E4EC3}.Debug|x64.Build.0 = Debug|Any CPU
		{A1AB07F6-E7FF-4A19-8B95-8653273E4EC3}.Debug|x86.ActiveCfg = Debug|Any CPU
		{A1AB07F6-E7FF-4A19-8B95-8653273E4EC3}.Debug|x86.Build.0 = Debug|Any CPU
		{A1AB07F6-E7FF-4A19-8B95-8653273E4EC3}.ReduxDevToolsEnabled|Any CPU.ActiveCfg = Release|Any CPU
		{A1AB07F6-E7FF-4A19-8B95-8653273E4EC3}.ReduxDevToolsEnabled|Any CPU.Build.0 = Release|Any CPU
		{A1AB07F6-E7FF-4A19-8B95-8653273E4EC3}.ReduxDevToolsEnabled|x64.ActiveCfg = ReduxDevToolsEnabled|Any CPU
		{A1AB07F6-E7FF-4A19-8B95-8653273E4EC3}.ReduxDevToolsEnabled|x64.Build.0 = ReduxDevToolsEnabled|Any CPU
		{A1AB07F6-E7FF-4A19-8B95-8653273E4EC3}.ReduxDevToolsEnabled|x86.ActiveCfg = ReduxDevToolsEnabled|Any CPU
		{A1AB07F6-E7FF-4A19-8B95-8653273E4EC3}.ReduxDevToolsEnabled|x86.Build.0 = ReduxDevToolsEnabled|Any CPU
		{A1AB07F6-E7FF-4A19-8B95-8653273E4EC3}.Release|Any CPU.ActiveCfg = Release|Any CPU
		{A1AB07F6-E7FF-4A19-8B95-8653273E4EC3}.Release|Any CPU.Build.0 = Release|Any CPU
		{A1AB07F6-E7FF-4A19-8B95-8653273E4EC3}.Release|x64.ActiveCfg = Release|Any CPU
		{A1AB07F6-E7FF-4A19-8B95-8653273E4EC3}.Release|x64.Build.0 = Release|Any CPU
		{A1AB07F6-E7FF-4A19-8B95-8653273E4EC3}.Release|x86.ActiveCfg = Release|Any CPU
		{A1AB07F6-E7FF-4A19-8B95-8653273E4EC3}.Release|x86.Build.0 = Release|Any CPU
		{3AEDDC5D-2E97-49DF-85AD-11DC2E9BB084}.Debug|Any CPU.ActiveCfg = Debug|Any CPU
		{3AEDDC5D-2E97-49DF-85AD-11DC2E9BB084}.Debug|Any CPU.Build.0 = Debug|Any CPU
		{3AEDDC5D-2E97-49DF-85AD-11DC2E9BB084}.Debug|x64.ActiveCfg = Debug|Any CPU
		{3AEDDC5D-2E97-49DF-85AD-11DC2E9BB084}.Debug|x64.Build.0 = Debug|Any CPU
		{3AEDDC5D-2E97-49DF-85AD-11DC2E9BB084}.Debug|x86.ActiveCfg = Debug|Any CPU
		{3AEDDC5D-2E97-49DF-85AD-11DC2E9BB084}.Debug|x86.Build.0 = Debug|Any CPU
		{3AEDDC5D-2E97-49DF-85AD-11DC2E9BB084}.ReduxDevToolsEnabled|Any CPU.ActiveCfg = Debug|Any CPU
		{3AEDDC5D-2E97-49DF-85AD-11DC2E9BB084}.ReduxDevToolsEnabled|Any CPU.Build.0 = Debug|Any CPU
		{3AEDDC5D-2E97-49DF-85AD-11DC2E9BB084}.ReduxDevToolsEnabled|x64.ActiveCfg = ReduxDevToolsEnabled|Any CPU
		{3AEDDC5D-2E97-49DF-85AD-11DC2E9BB084}.ReduxDevToolsEnabled|x64.Build.0 = ReduxDevToolsEnabled|Any CPU
		{3AEDDC5D-2E97-49DF-85AD-11DC2E9BB084}.ReduxDevToolsEnabled|x86.ActiveCfg = ReduxDevToolsEnabled|Any CPU
		{3AEDDC5D-2E97-49DF-85AD-11DC2E9BB084}.ReduxDevToolsEnabled|x86.Build.0 = ReduxDevToolsEnabled|Any CPU
		{3AEDDC5D-2E97-49DF-85AD-11DC2E9BB084}.Release|Any CPU.ActiveCfg = Release|Any CPU
		{3AEDDC5D-2E97-49DF-85AD-11DC2E9BB084}.Release|Any CPU.Build.0 = Release|Any CPU
		{3AEDDC5D-2E97-49DF-85AD-11DC2E9BB084}.Release|x64.ActiveCfg = Release|Any CPU
		{3AEDDC5D-2E97-49DF-85AD-11DC2E9BB084}.Release|x64.Build.0 = Release|Any CPU
		{3AEDDC5D-2E97-49DF-85AD-11DC2E9BB084}.Release|x86.ActiveCfg = Release|Any CPU
		{3AEDDC5D-2E97-49DF-85AD-11DC2E9BB084}.Release|x86.Build.0 = Release|Any CPU
		{7069BD78-9259-4AD8-B5D2-68644ADE46D8}.Debug|Any CPU.ActiveCfg = Debug|Any CPU
		{7069BD78-9259-4AD8-B5D2-68644ADE46D8}.Debug|Any CPU.Build.0 = Debug|Any CPU
		{7069BD78-9259-4AD8-B5D2-68644ADE46D8}.Debug|x64.ActiveCfg = Debug|Any CPU
		{7069BD78-9259-4AD8-B5D2-68644ADE46D8}.Debug|x64.Build.0 = Debug|Any CPU
		{7069BD78-9259-4AD8-B5D2-68644ADE46D8}.Debug|x86.ActiveCfg = Debug|Any CPU
		{7069BD78-9259-4AD8-B5D2-68644ADE46D8}.Debug|x86.Build.0 = Debug|Any CPU
		{7069BD78-9259-4AD8-B5D2-68644ADE46D8}.ReduxDevToolsEnabled|Any CPU.ActiveCfg = Debug|Any CPU
		{7069BD78-9259-4AD8-B5D2-68644ADE46D8}.ReduxDevToolsEnabled|Any CPU.Build.0 = Debug|Any CPU
		{7069BD78-9259-4AD8-B5D2-68644ADE46D8}.ReduxDevToolsEnabled|x64.ActiveCfg = ReduxDevToolsEnabled|Any CPU
		{7069BD78-9259-4AD8-B5D2-68644ADE46D8}.ReduxDevToolsEnabled|x64.Build.0 = ReduxDevToolsEnabled|Any CPU
		{7069BD78-9259-4AD8-B5D2-68644ADE46D8}.ReduxDevToolsEnabled|x86.ActiveCfg = ReduxDevToolsEnabled|Any CPU
		{7069BD78-9259-4AD8-B5D2-68644ADE46D8}.ReduxDevToolsEnabled|x86.Build.0 = ReduxDevToolsEnabled|Any CPU
		{7069BD78-9259-4AD8-B5D2-68644ADE46D8}.Release|Any CPU.ActiveCfg = Release|Any CPU
		{7069BD78-9259-4AD8-B5D2-68644ADE46D8}.Release|Any CPU.Build.0 = Release|Any CPU
		{7069BD78-9259-4AD8-B5D2-68644ADE46D8}.Release|x64.ActiveCfg = Release|Any CPU
		{7069BD78-9259-4AD8-B5D2-68644ADE46D8}.Release|x64.Build.0 = Release|Any CPU
		{7069BD78-9259-4AD8-B5D2-68644ADE46D8}.Release|x86.ActiveCfg = Release|Any CPU
		{7069BD78-9259-4AD8-B5D2-68644ADE46D8}.Release|x86.Build.0 = Release|Any CPU
		{3BAC7DCB-CDA5-4B9F-8330-DA2FD955304D}.Debug|Any CPU.ActiveCfg = Debug|Any CPU
		{3BAC7DCB-CDA5-4B9F-8330-DA2FD955304D}.Debug|Any CPU.Build.0 = Debug|Any CPU
		{3BAC7DCB-CDA5-4B9F-8330-DA2FD955304D}.Debug|x64.ActiveCfg = Debug|Any CPU
		{3BAC7DCB-CDA5-4B9F-8330-DA2FD955304D}.Debug|x64.Build.0 = Debug|Any CPU
		{3BAC7DCB-CDA5-4B9F-8330-DA2FD955304D}.Debug|x86.ActiveCfg = Debug|Any CPU
		{3BAC7DCB-CDA5-4B9F-8330-DA2FD955304D}.Debug|x86.Build.0 = Debug|Any CPU
		{3BAC7DCB-CDA5-4B9F-8330-DA2FD955304D}.ReduxDevToolsEnabled|Any CPU.ActiveCfg = Debug|Any CPU
		{3BAC7DCB-CDA5-4B9F-8330-DA2FD955304D}.ReduxDevToolsEnabled|Any CPU.Build.0 = Debug|Any CPU
		{3BAC7DCB-CDA5-4B9F-8330-DA2FD955304D}.ReduxDevToolsEnabled|x64.ActiveCfg = ReduxDevToolsEnabled|Any CPU
		{3BAC7DCB-CDA5-4B9F-8330-DA2FD955304D}.ReduxDevToolsEnabled|x64.Build.0 = ReduxDevToolsEnabled|Any CPU
		{3BAC7DCB-CDA5-4B9F-8330-DA2FD955304D}.ReduxDevToolsEnabled|x86.ActiveCfg = ReduxDevToolsEnabled|Any CPU
		{3BAC7DCB-CDA5-4B9F-8330-DA2FD955304D}.ReduxDevToolsEnabled|x86.Build.0 = ReduxDevToolsEnabled|Any CPU
		{3BAC7DCB-CDA5-4B9F-8330-DA2FD955304D}.Release|Any CPU.ActiveCfg = Release|Any CPU
		{3BAC7DCB-CDA5-4B9F-8330-DA2FD955304D}.Release|Any CPU.Build.0 = Release|Any CPU
		{3BAC7DCB-CDA5-4B9F-8330-DA2FD955304D}.Release|x64.ActiveCfg = Release|Any CPU
		{3BAC7DCB-CDA5-4B9F-8330-DA2FD955304D}.Release|x64.Build.0 = Release|Any CPU
		{3BAC7DCB-CDA5-4B9F-8330-DA2FD955304D}.Release|x86.ActiveCfg = Release|Any CPU
		{3BAC7DCB-CDA5-4B9F-8330-DA2FD955304D}.Release|x86.Build.0 = Release|Any CPU
		{7602C1F5-4F2C-4BF3-8C66-1E5C0C0F6C2D}.Debug|Any CPU.ActiveCfg = Debug|Any CPU
		{7602C1F5-4F2C-4BF3-8C66-1E5C0C0F6C2D}.Debug|Any CPU.Build.0 = Debug|Any CPU
		{7602C1F5-4F2C-4BF3-8C66-1E5C0C0F6C2D}.Debug|x64.ActiveCfg = Debug|Any CPU
		{7602C1F5-4F2C-4BF3-8C66-1E5C0C0F6C2D}.Debug|x64.Build.0 = Debug|Any CPU
		{7602C1F5-4F2C-4BF3-8C66-1E5C0C0F6C2D}.Debug|x86.ActiveCfg = Debug|Any CPU
		{7602C1F5-4F2C-4BF3-8C66-1E5C0C0F6C2D}.Debug|x86.Build.0 = Debug|Any CPU
		{7602C1F5-4F2C-4BF3-8C66-1E5C0C0F6C2D}.ReduxDevToolsEnabled|Any CPU.ActiveCfg = Release|Any CPU
		{7602C1F5-4F2C-4BF3-8C66-1E5C0C0F6C2D}.ReduxDevToolsEnabled|Any CPU.Build.0 = Release|Any CPU
		{7602C1F5-4F2C-4BF3-8C66-1E5C0C0F6C2D}.ReduxDevToolsEnabled|x64.ActiveCfg = ReduxDevToolsEnabled|Any CPU
		{7602C1F5-4F2C-4BF3-8C66-1E5C0C0F6C2D}.ReduxDevToolsEnabled|x64.Build.0 = ReduxDevToolsEnabled|Any CPU
		{7602C1F5-4F2C-4BF3-8C66-1E5C0C0F6C2D}.ReduxDevToolsEnabled|x86.ActiveCfg = ReduxDevToolsEnabled|Any CPU
		{7602C1F5-4F2C-4BF3-8C66-1E5C0C0F6C2D}.ReduxDevToolsEnabled|x86.Build.0 = ReduxDevToolsEnabled|Any CPU
		{7602C1F5-4F2C-4BF3-8C66-1E5C0C0F6C2D}.Release|Any CPU.ActiveCfg = Release|Any CPU
		{7602C1F5-4F2C-4BF3-8C66-1E5C0C0F6C2D}.Release|Any CPU.Build.0 = Release|Any CPU
		{7602C1F5-4F2C-4BF3-8C66-1E5C0C0F6C2D}.Release|x64.ActiveCfg = Release|Any CPU
		{7602C1F5-4F2C-4BF3-8C66-1E5C0C0F6C2D}.Release|x64.Build.0 = Release|Any CPU
		{7602C1F5-4F2C-4BF3-8C66-1E5C0C0F6C2D}.Release|x86.ActiveCfg = Release|Any CPU
		{7602C1F5-4F2C-4BF3-8C66-1E5C0C0F6C2D}.Release|x86.Build.0 = Release|Any CPU
		{8C7E9D2F-9E2B-4F2D-8C66-1E5C0C0F6C2D}.Debug|Any CPU.ActiveCfg = Debug|Any CPU
		{8C7E9D2F-9E2B-4F2D-8C66-1E5C0C0F6C2D}.Debug|Any CPU.Build.0 = Debug|Any CPU
		{8C7E9D2F-9E2B-4F2D-8C66-1E5C0C0F6C2D}.Debug|x64.ActiveCfg = Debug|Any CPU
		{8C7E9D2F-9E2B-4F2D-8C66-1E5C0C0F6C2D}.Debug|x64.Build.0 = Debug|Any CPU
		{8C7E9D2F-9E2B-4F2D-8C66-1E5C0C0F6C2D}.Debug|x86.ActiveCfg = Debug|Any CPU
		{8C7E9D2F-9E2B-4F2D-8C66-1E5C0C0F6C2D}.Debug|x86.Build.0 = Debug|Any CPU
		{8C7E9D2F-9E2B-4F2D-8C66-1E5C0C0F6C2D}.ReduxDevToolsEnabled|Any CPU.ActiveCfg = Release|Any CPU
		{8C7E9D2F-9E2B-4F2D-8C66-1E5C0C0F6C2D}.ReduxDevToolsEnabled|Any CPU.Build.0 = Release|Any CPU
		{8C7E9D2F-9E2B-4F2D-8C66-1E5C0C0F6C2D}.ReduxDevToolsEnabled|x64.ActiveCfg = ReduxDevToolsEnabled|Any CPU
		{8C7E9D2F-9E2B-4F2D-8C66-1E5C0C0F6C2D}.ReduxDevToolsEnabled|x64.Build.0 = ReduxDevToolsEnabled|Any CPU
		{8C7E9D2F-9E2B-4F2D-8C66-1E5C0C0F6C2D}.ReduxDevToolsEnabled|x86.ActiveCfg = ReduxDevToolsEnabled|Any CPU
		{8C7E9D2F-9E2B-4F2D-8C66-1E5C0C0F6C2D}.ReduxDevToolsEnabled|x86.Build.0 = ReduxDevToolsEnabled|Any CPU
		{8C7E9D2F-9E2B-4F2D-8C66-1E5C0C0F6C2D}.Release|Any CPU.ActiveCfg = Release|Any CPU
		{8C7E9D2F-9E2B-4F2D-8C66-1E5C0C0F6C2D}.Release|Any CPU.Build.0 = Release|Any CPU
		{8C7E9D2F-9E2B-4F2D-8C66-1E5C0C0F6C2D}.Release|x64.ActiveCfg = Release|Any CPU
		{8C7E9D2F-9E2B-4F2D-8C66-1E5C0C0F6C2D}.Release|x64.Build.0 = Release|Any CPU
		{8C7E9D2F-9E2B-4F2D-8C66-1E5C0C0F6C2D}.Release|x86.ActiveCfg = Release|Any CPU
		{8C7E9D2F-9E2B-4F2D-8C66-1E5C0C0F6C2D}.Release|x86.Build.0 = Release|Any CPU
		{83873073-34C9-45DE-B2D0-2F101002C75E}.Debug|Any CPU.ActiveCfg = Debug|Any CPU
		{83873073-34C9-45DE-B2D0-2F101002C75E}.Debug|Any CPU.Build.0 = Debug|Any CPU
		{83873073-34C9-45DE-B2D0-2F101002C75E}.Debug|x64.ActiveCfg = Debug|Any CPU
		{83873073-34C9-45DE-B2D0-2F101002C75E}.Debug|x64.Build.0 = Debug|Any CPU
		{83873073-34C9-45DE-B2D0-2F101002C75E}.Debug|x86.ActiveCfg = Debug|Any CPU
		{83873073-34C9-45DE-B2D0-2F101002C75E}.Debug|x86.Build.0 = Debug|Any CPU
		{83873073-34C9-45DE-B2D0-2F101002C75E}.ReduxDevToolsEnabled|Any CPU.ActiveCfg = Debug|Any CPU
		{83873073-34C9-45DE-B2D0-2F101002C75E}.ReduxDevToolsEnabled|Any CPU.Build.0 = Debug|Any CPU
		{83873073-34C9-45DE-B2D0-2F101002C75E}.ReduxDevToolsEnabled|x64.ActiveCfg = ReduxDevToolsEnabled|Any CPU
		{83873073-34C9-45DE-B2D0-2F101002C75E}.ReduxDevToolsEnabled|x64.Build.0 = ReduxDevToolsEnabled|Any CPU
		{83873073-34C9-45DE-B2D0-2F101002C75E}.ReduxDevToolsEnabled|x86.ActiveCfg = ReduxDevToolsEnabled|Any CPU
		{83873073-34C9-45DE-B2D0-2F101002C75E}.ReduxDevToolsEnabled|x86.Build.0 = ReduxDevToolsEnabled|Any CPU
		{83873073-34C9-45DE-B2D0-2F101002C75E}.Release|Any CPU.ActiveCfg = Release|Any CPU
		{83873073-34C9-45DE-B2D0-2F101002C75E}.Release|Any CPU.Build.0 = Release|Any CPU
		{83873073-34C9-45DE-B2D0-2F101002C75E}.Release|x64.ActiveCfg = Release|Any CPU
		{83873073-34C9-45DE-B2D0-2F101002C75E}.Release|x64.Build.0 = Release|Any CPU
		{83873073-34C9-45DE-B2D0-2F101002C75E}.Release|x86.ActiveCfg = Release|Any CPU
		{83873073-34C9-45DE-B2D0-2F101002C75E}.Release|x86.Build.0 = Release|Any CPU
		{A3D6B7C7-820E-487A-A63A-56D2E10FAD45}.Debug|Any CPU.ActiveCfg = Debug|Any CPU
		{A3D6B7C7-820E-487A-A63A-56D2E10FAD45}.Debug|Any CPU.Build.0 = Debug|Any CPU
		{A3D6B7C7-820E-487A-A63A-56D2E10FAD45}.Debug|x64.ActiveCfg = Debug|Any CPU
		{A3D6B7C7-820E-487A-A63A-56D2E10FAD45}.Debug|x64.Build.0 = Debug|Any CPU
		{A3D6B7C7-820E-487A-A63A-56D2E10FAD45}.Debug|x86.ActiveCfg = Debug|Any CPU
		{A3D6B7C7-820E-487A-A63A-56D2E10FAD45}.Debug|x86.Build.0 = Debug|Any CPU
		{A3D6B7C7-820E-487A-A63A-56D2E10FAD45}.ReduxDevToolsEnabled|Any CPU.ActiveCfg = Debug|Any CPU
		{A3D6B7C7-820E-487A-A63A-56D2E10FAD45}.ReduxDevToolsEnabled|Any CPU.Build.0 = Debug|Any CPU
		{A3D6B7C7-820E-487A-A63A-56D2E10FAD45}.ReduxDevToolsEnabled|x64.ActiveCfg = ReduxDevToolsEnabled|Any CPU
		{A3D6B7C7-820E-487A-A63A-56D2E10FAD45}.ReduxDevToolsEnabled|x64.Build.0 = ReduxDevToolsEnabled|Any CPU
		{A3D6B7C7-820E-487A-A63A-56D2E10FAD45}.ReduxDevToolsEnabled|x86.ActiveCfg = ReduxDevToolsEnabled|Any CPU
		{A3D6B7C7-820E-487A-A63A-56D2E10FAD45}.ReduxDevToolsEnabled|x86.Build.0 = ReduxDevToolsEnabled|Any CPU
		{A3D6B7C7-820E-487A-A63A-56D2E10FAD45}.Release|Any CPU.ActiveCfg = Release|Any CPU
		{A3D6B7C7-820E-487A-A63A-56D2E10FAD45}.Release|Any CPU.Build.0 = Release|Any CPU
		{A3D6B7C7-820E-487A-A63A-56D2E10FAD45}.Release|x64.ActiveCfg = Release|Any CPU
		{A3D6B7C7-820E-487A-A63A-56D2E10FAD45}.Release|x64.Build.0 = Release|Any CPU
		{A3D6B7C7-820E-487A-A63A-56D2E10FAD45}.Release|x86.ActiveCfg = Release|Any CPU
		{A3D6B7C7-820E-487A-A63A-56D2E10FAD45}.Release|x86.Build.0 = Release|Any CPU
		{C20ADFC3-1C00-456F-9DBF-E63268335345}.Debug|Any CPU.ActiveCfg = Debug|Any CPU
		{C20ADFC3-1C00-456F-9DBF-E63268335345}.Debug|Any CPU.Build.0 = Debug|Any CPU
		{C20ADFC3-1C00-456F-9DBF-E63268335345}.Debug|x64.ActiveCfg = Debug|Any CPU
		{C20ADFC3-1C00-456F-9DBF-E63268335345}.Debug|x64.Build.0 = Debug|Any CPU
		{C20ADFC3-1C00-456F-9DBF-E63268335345}.Debug|x86.ActiveCfg = Debug|Any CPU
		{C20ADFC3-1C00-456F-9DBF-E63268335345}.Debug|x86.Build.0 = Debug|Any CPU
		{C20ADFC3-1C00-456F-9DBF-E63268335345}.ReduxDevToolsEnabled|Any CPU.ActiveCfg = Debug|Any CPU
		{C20ADFC3-1C00-456F-9DBF-E63268335345}.ReduxDevToolsEnabled|Any CPU.Build.0 = Debug|Any CPU
		{C20ADFC3-1C00-456F-9DBF-E63268335345}.ReduxDevToolsEnabled|x64.ActiveCfg = Debug|Any CPU
		{C20ADFC3-1C00-456F-9DBF-E63268335345}.ReduxDevToolsEnabled|x64.Build.0 = Debug|Any CPU
		{C20ADFC3-1C00-456F-9DBF-E63268335345}.ReduxDevToolsEnabled|x86.ActiveCfg = Debug|Any CPU
		{C20ADFC3-1C00-456F-9DBF-E63268335345}.ReduxDevToolsEnabled|x86.Build.0 = Debug|Any CPU
		{C20ADFC3-1C00-456F-9DBF-E63268335345}.Release|Any CPU.ActiveCfg = Release|Any CPU
		{C20ADFC3-1C00-456F-9DBF-E63268335345}.Release|Any CPU.Build.0 = Release|Any CPU
		{C20ADFC3-1C00-456F-9DBF-E63268335345}.Release|x64.ActiveCfg = Release|Any CPU
		{C20ADFC3-1C00-456F-9DBF-E63268335345}.Release|x64.Build.0 = Release|Any CPU
		{C20ADFC3-1C00-456F-9DBF-E63268335345}.Release|x86.ActiveCfg = Release|Any CPU
		{C20ADFC3-1C00-456F-9DBF-E63268335345}.Release|x86.Build.0 = Release|Any CPU
		{60402B5F-8281-4655-A0A0-5792F80A64C4}.Debug|Any CPU.ActiveCfg = Debug|Any CPU
		{60402B5F-8281-4655-A0A0-5792F80A64C4}.Debug|Any CPU.Build.0 = Debug|Any CPU
		{60402B5F-8281-4655-A0A0-5792F80A64C4}.Debug|x64.ActiveCfg = Debug|Any CPU
		{60402B5F-8281-4655-A0A0-5792F80A64C4}.Debug|x64.Build.0 = Debug|Any CPU
		{60402B5F-8281-4655-A0A0-5792F80A64C4}.Debug|x86.ActiveCfg = Debug|Any CPU
		{60402B5F-8281-4655-A0A0-5792F80A64C4}.Debug|x86.Build.0 = Debug|Any CPU
		{60402B5F-8281-4655-A0A0-5792F80A64C4}.ReduxDevToolsEnabled|Any CPU.ActiveCfg = Debug|Any CPU
		{60402B5F-8281-4655-A0A0-5792F80A64C4}.ReduxDevToolsEnabled|Any CPU.Build.0 = Debug|Any CPU
		{60402B5F-8281-4655-A0A0-5792F80A64C4}.ReduxDevToolsEnabled|x64.ActiveCfg = Debug|Any CPU
		{60402B5F-8281-4655-A0A0-5792F80A64C4}.ReduxDevToolsEnabled|x64.Build.0 = Debug|Any CPU
		{60402B5F-8281-4655-A0A0-5792F80A64C4}.ReduxDevToolsEnabled|x86.ActiveCfg = Debug|Any CPU
		{60402B5F-8281-4655-A0A0-5792F80A64C4}.ReduxDevToolsEnabled|x86.Build.0 = Debug|Any CPU
		{60402B5F-8281-4655-A0A0-5792F80A64C4}.Release|Any CPU.ActiveCfg = Release|Any CPU
		{60402B5F-8281-4655-A0A0-5792F80A64C4}.Release|Any CPU.Build.0 = Release|Any CPU
		{60402B5F-8281-4655-A0A0-5792F80A64C4}.Release|x64.ActiveCfg = Release|Any CPU
		{60402B5F-8281-4655-A0A0-5792F80A64C4}.Release|x64.Build.0 = Release|Any CPU
		{60402B5F-8281-4655-A0A0-5792F80A64C4}.Release|x86.ActiveCfg = Release|Any CPU
		{60402B5F-8281-4655-A0A0-5792F80A64C4}.Release|x86.Build.0 = Release|Any CPU
	EndGlobalSection
	GlobalSection(SolutionProperties) = preSolution
		HideSolutionNode = FALSE
	EndGlobalSection
	GlobalSection(NestedProjects) = preSolution
		{F324E68B-9E03-4D9F-848E-398203410723} = {2902FDFD-016E-4BF7-8B41-53D674FA53DD}
		{40FA15DA-FF57-49E7-AD29-3C6C12F29237} = {3FE33776-60AF-4FAA-AF1A-EC3E15BBB509}
		{F549E7AE-C09B-402D-8AEC-43013297EDC3} = {3FE33776-60AF-4FAA-AF1A-EC3E15BBB509}
		{A6A5A004-4F3D-46E8-BA25-BCEF3DB8A4E2} = {3FE33776-60AF-4FAA-AF1A-EC3E15BBB509}
		{45A9CAA5-8BF5-48E9-BBAD-85D5001764AC} = {3FE33776-60AF-4FAA-AF1A-EC3E15BBB509}
		{E3B896E0-4EBE-410B-A036-2EC3B6FA9EFE} = {F324E68B-9E03-4D9F-848E-398203410723}
		{97A8BD76-BAAC-4BEB-8D61-4BC1D51EB0A8} = {F324E68B-9E03-4D9F-848E-398203410723}
		{4F06C18A-94D0-4F34-89C9-F189FD1C8E74} = {F324E68B-9E03-4D9F-848E-398203410723}
		{0A40E8BE-AAE4-4382-A76C-5F65D3ABF62E} = {78D09B55-6B42-4869-B943-87ACAD8439FB}
		{4777B983-0F31-4F72-BD72-70B62D3D8143} = {78D09B55-6B42-4869-B943-87ACAD8439FB}
		{3F3814F8-BEA1-4447-98A4-4DE447ED7BB8} = {2DB1A6D9-AD51-4D72-9A4C-B08592E7ABA9}
		{B7BFD6D0-E502-4AA4-BF2E-D94C2F084F41} = {2DB1A6D9-AD51-4D72-9A4C-B08592E7ABA9}
		{95F17ABE-8AC6-4EDC-B837-7F3C533D4562} = {2DB1A6D9-AD51-4D72-9A4C-B08592E7ABA9}
		{02257162-95A3-45AB-A022-68A35A93BE3C} = {2DB1A6D9-AD51-4D72-9A4C-B08592E7ABA9}
		{74203078-7F4E-4025-B713-79F2D7DC9D52} = {2DB1A6D9-AD51-4D72-9A4C-B08592E7ABA9}
		{77DF0E93-7A26-442E-A995-BACAD6A3B3C7} = {4F06C18A-94D0-4F34-89C9-F189FD1C8E74}
		{C734286B-E573-4F72-BBE6-57ADDD4265D5} = {4F06C18A-94D0-4F34-89C9-F189FD1C8E74}
		{03E78D0D-A549-4D34-BD55-0AF81B1A203D} = {4F06C18A-94D0-4F34-89C9-F189FD1C8E74}
		{9DB258A0-067A-4F5C-94F0-0D39A1927C6D} = {40FA15DA-FF57-49E7-AD29-3C6C12F29237}
		{FF19203B-D199-459E-8448-06A37D3C7E88} = {40FA15DA-FF57-49E7-AD29-3C6C12F29237}
		{A0330F86-0A50-4264-88EE-3745C187767D} = {40FA15DA-FF57-49E7-AD29-3C6C12F29237}
		{C0DECA29-541A-4BA1-93B3-8C8C2AF5B2C2} = {40FA15DA-FF57-49E7-AD29-3C6C12F29237}
		{4D43F8E5-727F-4382-A606-21E1C8E204D0} = {40FA15DA-FF57-49E7-AD29-3C6C12F29237}
		{86B3E2AC-37E8-4A07-9DFC-41DC831ECE51} = {F549E7AE-C09B-402D-8AEC-43013297EDC3}
		{8C377EA5-3EBE-4DDC-B800-85731946DEB7} = {F549E7AE-C09B-402D-8AEC-43013297EDC3}
		{BACD8F0E-B087-4B2E-AE73-D468CCF94B16} = {F549E7AE-C09B-402D-8AEC-43013297EDC3}
		{39C108FB-C8E1-45B6-B067-83A26054DA2B} = {F549E7AE-C09B-402D-8AEC-43013297EDC3}
		{F8CCA479-E0F4-4E88-A439-39CC8B3B7C9B} = {F549E7AE-C09B-402D-8AEC-43013297EDC3}
		{CFFB80F7-6230-4244-A07F-12F5A295FB21} = {A6A5A004-4F3D-46E8-BA25-BCEF3DB8A4E2}
		{545E3103-354C-4058-8D8F-60D70DCC115B} = {A6A5A004-4F3D-46E8-BA25-BCEF3DB8A4E2}
		{5122D985-AB9C-442E-B60D-27BE2BDED4CE} = {A6A5A004-4F3D-46E8-BA25-BCEF3DB8A4E2}
		{FEF1F47E-97AE-45BC-9211-2ECF5A227342} = {A6A5A004-4F3D-46E8-BA25-BCEF3DB8A4E2}
		{8BCA26F0-1960-4092-8FC3-ADCBAE9F3868} = {A6A5A004-4F3D-46E8-BA25-BCEF3DB8A4E2}
		{DBDCECC2-1280-40E7-BDF8-71BB3F941279} = {A6A5A004-4F3D-46E8-BA25-BCEF3DB8A4E2}
		{08ED6B59-E051-4B4A-AEEA-351D0720FC46} = {45A9CAA5-8BF5-48E9-BBAD-85D5001764AC}
		{AF802A33-1D61-4089-986C-1265BFD04C79} = {2902FDFD-016E-4BF7-8B41-53D674FA53DD}
		{92834F28-8ECE-4F49-A4F5-DF6AA560CC67} = {AF802A33-1D61-4089-986C-1265BFD04C79}
		{8A027784-9F48-4EF7-979F-9DF6AA37F25B} = {DA25DAAF-F149-43EB-AD42-34DB9840D97D}
		{C0785709-7B33-46AA-ACB3-D8DE09DA0AA8} = {DA25DAAF-F149-43EB-AD42-34DB9840D97D}
		{03E1531D-A295-4B91-91A9-DF50D3BF3C53} = {F324E68B-9E03-4D9F-848E-398203410723}
		{13F27F0D-B598-464F-83A0-E4EB4E3B9B34} = {E3B896E0-4EBE-410B-A036-2EC3B6FA9EFE}
		{B190F92F-6117-48F1-AB9A-E2097F1C062E} = {F324E68B-9E03-4D9F-848E-398203410723}
		{A1AB07F6-E7FF-4A19-8B95-8653273E4EC3} = {03E1531D-A295-4B91-91A9-DF50D3BF3C53}
		{3979C93A-21A2-4166-99B9-C62E2839B561} = {2902FDFD-016E-4BF7-8B41-53D674FA53DD}
		{3AEDDC5D-2E97-49DF-85AD-11DC2E9BB084} = {3979C93A-21A2-4166-99B9-C62E2839B561}
		{7069BD78-9259-4AD8-B5D2-68644ADE46D8} = {A988AE51-34CF-4B84-9CCE-461AA31A560D}
		{3BAC7DCB-CDA5-4B9F-8330-DA2FD955304D} = {78D09B55-6B42-4869-B943-87ACAD8439FB}
		{7602C1F5-4F2C-4BF3-8C66-1E5C0C0F6C2D} = {A988AE51-34CF-4B84-9CCE-461AA31A560D}
		{8C7E9D2F-9E2B-4F2D-8C66-1E5C0C0F6C2D} = {3979C93A-21A2-4166-99B9-C62E2839B561}
		{83873073-34C9-45DE-B2D0-2F101002C75E} = {A988AE51-34CF-4B84-9CCE-461AA31A560D}
		{A3D6B7C7-820E-487A-A63A-56D2E10FAD45} = {48F3B877-972E-4970-9726-26122D873ABD}
		{BCB5D317-2779-CDB3-7592-E872FA1688FC} = {48F3B877-972E-4970-9726-26122D873ABD}
		{C20ADFC3-1C00-456F-9DBF-E63268335345} = {78D09B55-6B42-4869-B943-87ACAD8439FB}
		{D74B136E-03BA-4EDC-A652-9930966A15E3} = {2902FDFD-016E-4BF7-8B41-53D674FA53DD}
		{60402B5F-8281-4655-A0A0-5792F80A64C4} = {D74B136E-03BA-4EDC-A652-9930966A15E3}
	EndGlobalSection
	GlobalSection(ExtensibilityGlobals) = postSolution
		SolutionGuid = {16FA64C2-4A0E-42D4-94E6-C8CFDE84597E}
	EndGlobalSection
EndGlobal
