
Microsoft Visual Studio Solution File, Format Version 12.00
# Visual Studio Version 17
VisualStudioVersion = 17.0.31717.71
MinimumVisualStudioVersion = 10.0.40219.1
Project("{2150E333-8FDC-42A3-9474-1A3956D46DE8}") = "00-DevOps", "00-DevOps", "{968CBDA4-4227-4C7B-9F41-804376A8F193}"
EndProject
Project("{2150E333-8FDC-42A3-9474-1A3956D46DE8}") = "00-Libraries", "00-Libraries", "{78D09B55-6B42-4869-B943-87ACAD8439FB}"
EndProject
Project("{2150E333-8FDC-42A3-9474-1A3956D46DE8}") = "01-Tools", "01-Tools", "{E1A28909-AC7A-4D97-810F-D9F2BDEAAFAF}"
EndProject
Project("{2150E333-8FDC-42A3-9474-1A3956D46DE8}") = "02-Common", "02-Common", "{2DB1A6D9-AD51-4D72-9A4C-B08592E7ABA9}"
EndProject
Project("{2150E333-8FDC-42A3-9474-1A3956D46DE8}") = "03-Solution Items", "03-Solution Items", "{6B623CDC-91E7-47FD-A039-A40427FB7FE8}"
	ProjectSection(SolutionItems) = preProject
		.editorconfig = .editorconfig
		.gitignore = .gitignore
		CodeMaid.config = CodeMaid.config
		Directory.Build.props = Directory.Build.props
		Directory.Packages.props = Directory.Packages.props
		global.json = global.json
		NuGet.config = NuGet.config
		README.md = README.md
		Run.ps1 = Run.ps1
		.template.config\template.json = .template.config\template.json
		TestCafe.ps1 = TestCafe.ps1
		TimeWarp.ruleset = TimeWarp.ruleset
		UNLICENSE.md = UNLICENSE.md
		Watch.ps1 = Watch.ps1
	EndProjectSection
EndProject
Project("{2150E333-8FDC-42A3-9474-1A3956D46DE8}") = "04-Tests", "04-Tests", "{2902FDFD-016E-4BF7-8B41-53D674FA53DD}"
EndProject
Project("{2150E333-8FDC-42A3-9474-1A3956D46DE8}") = "05-ContainerApps", "05-ContainerApps", "{3FE33776-60AF-4FAA-AF1A-EC3E15BBB509}"
EndProject
Project("{2150E333-8FDC-42A3-9474-1A3956D46DE8}") = "ContainerApps", "ContainerApps", "{F324E68B-9E03-4D9F-848E-398203410723}"
EndProject
Project("{2150E333-8FDC-42A3-9474-1A3956D46DE8}") = "Api", "Api", "{40FA15DA-FF57-49E7-AD29-3C6C12F29237}"
EndProject
Project("{2150E333-8FDC-42A3-9474-1A3956D46DE8}") = "Grpc", "Grpc", "{F549E7AE-C09B-402D-8AEC-43013297EDC3}"
	ProjectSection(SolutionItems) = preProject
		AboutModal.razor = AboutModal.razor
	EndProjectSection
EndProject
Project("{2150E333-8FDC-42A3-9474-1A3956D46DE8}") = "Web", "Web", "{A6A5A004-4F3D-46E8-BA25-BCEF3DB8A4E2}"
EndProject
Project("{2150E333-8FDC-42A3-9474-1A3956D46DE8}") = "Yarp", "Yarp", "{45A9CAA5-8BF5-48E9-BBAD-85D5001764AC}"
EndProject
Project("{2150E333-8FDC-42A3-9474-1A3956D46DE8}") = "Api", "Api", "{E3B896E0-4EBE-410B-A036-2EC3B6FA9EFE}"
EndProject
Project("{2150E333-8FDC-42A3-9474-1A3956D46DE8}") = "Grpc", "Grpc", "{97A8BD76-BAAC-4BEB-8D61-4BC1D51EB0A8}"
EndProject
Project("{2150E333-8FDC-42A3-9474-1A3956D46DE8}") = "Web", "Web", "{4F06C18A-94D0-4F34-89C9-F189FD1C8E74}"
EndProject
Project("{9A19103F-16F7-4668-BE54-9A1E7A4F7556}") = "Testing.Common", "Tests\TimeWarp.Testing\Testing.Common.csproj", "{0A40E8BE-AAE4-4382-A76C-5F65D3ABF62E}"
EndProject
Project("{9A19103F-16F7-4668-BE54-9A1E7A4F7556}") = "TimeWarp.Modules", "Source\Libraries\TimeWarp.Modules\TimeWarp.Modules.csproj", "{4777B983-0F31-4F72-BD72-70B62D3D8143}"
EndProject
Project("{9A19103F-16F7-4668-BE54-9A1E7A4F7556}") = "Common.Application", "Source\Common\Common.Application\Common.Application.csproj", "{3F3814F8-BEA1-4447-98A4-4DE447ED7BB8}"
EndProject
Project("{9A19103F-16F7-4668-BE54-9A1E7A4F7556}") = "Common.Contracts", "Source\Common\Common.Contracts\Common.Contracts.csproj", "{B7BFD6D0-E502-4AA4-BF2E-D94C2F084F41}"
EndProject
Project("{9A19103F-16F7-4668-BE54-9A1E7A4F7556}") = "Common.Domain", "Source\Common\Common.Domain\Common.Domain.csproj", "{95F17ABE-8AC6-4EDC-B837-7F3C533D4562}"
EndProject
Project("{9A19103F-16F7-4668-BE54-9A1E7A4F7556}") = "Common.Infrastructure", "Source\Common\Common.Infrastructure\Common.Infrastructure.csproj", "{02257162-95A3-45AB-A022-68A35A93BE3C}"
EndProject
Project("{9A19103F-16F7-4668-BE54-9A1E7A4F7556}") = "Common.Server", "Source\Common\Common.Server\Common.Server.csproj", "{74203078-7F4E-4025-B713-79F2D7DC9D52}"
EndProject
Project("{9A19103F-16F7-4668-BE54-9A1E7A4F7556}") = "Api.Server.Integration.Tests", "Tests\Api.Server.Integration.Tests\Api.Server.Integration.Tests.csproj", "{E5570C46-7FB6-413A-92C8-061876C3D568}"
EndProject
Project("{9A19103F-16F7-4668-BE54-9A1E7A4F7556}") = "EndToEnd.Playwright.Tests", "Tests\EndToEnd.Playwright.Tests\EndToEnd.Playwright.Tests.csproj", "{77DF0E93-7A26-442E-A995-BACAD6A3B3C7}"
EndProject
Project("{9A19103F-16F7-4668-BE54-9A1E7A4F7556}") = "EndToEnd.TestCafe.Tests", "Tests\EndToEnd.TestCafe.Tests\EndToEnd.TestCafe.Tests.csproj", "{607246B4-BE03-4E76-99F5-71EE1E90B22C}"
EndProject
Project("{9A19103F-16F7-4668-BE54-9A1E7A4F7556}") = "Web.Server.Integration.Tests", "Tests\Web.Server.Integration.Tests\Web.Server.Integration.Tests.csproj", "{C734286B-E573-4F72-BBE6-57ADDD4265D5}"
EndProject
Project("{9A19103F-16F7-4668-BE54-9A1E7A4F7556}") = "Web.Spa.Integration.Tests", "Tests\Web.Spa.Integration.Tests\Web.Spa.Integration.Tests.csproj", "{03E78D0D-A549-4D34-BD55-0AF81B1A203D}"
EndProject
Project("{9A19103F-16F7-4668-BE54-9A1E7A4F7556}") = "Api.Server", "Source\ContainerApps\Api\Api.Server\Api.Server.csproj", "{9DB258A0-067A-4F5C-94F0-0D39A1927C6D}"
EndProject
Project("{9A19103F-16F7-4668-BE54-9A1E7A4F7556}") = "Api.Contracts", "Source\ContainerApps\Api\Api.Contracts\Api.Contracts.csproj", "{FF19203B-D199-459E-8448-06A37D3C7E88}"
EndProject
Project("{9A19103F-16F7-4668-BE54-9A1E7A4F7556}") = "Api.Application", "Source\ContainerApps\Api\Api.Application\Api.Application.csproj", "{A0330F86-0A50-4264-88EE-3745C187767D}"
EndProject
Project("{9A19103F-16F7-4668-BE54-9A1E7A4F7556}") = "Api.Infrastructure", "Source\ContainerApps\Api\Api.Infrastructure\Api.Infrastructure.csproj", "{C0DECA29-541A-4BA1-93B3-8C8C2AF5B2C2}"
EndProject
Project("{9A19103F-16F7-4668-BE54-9A1E7A4F7556}") = "Api.Domain", "Source\ContainerApps\Api\Api.Domain\Api.Domain.csproj", "{4D43F8E5-727F-4382-A606-21E1C8E204D0}"
EndProject
Project("{9A19103F-16F7-4668-BE54-9A1E7A4F7556}") = "Grpc.Server", "Source\ContainerApps\Grpc\Grpc.Server\Grpc.Server.csproj", "{86B3E2AC-37E8-4A07-9DFC-41DC831ECE51}"
EndProject
Project("{9A19103F-16F7-4668-BE54-9A1E7A4F7556}") = "Grpc.Contracts", "Source\ContainerApps\Grpc\Grpc.Contracts\Grpc.Contracts.csproj", "{8C377EA5-3EBE-4DDC-B800-85731946DEB7}"
EndProject
Project("{9A19103F-16F7-4668-BE54-9A1E7A4F7556}") = "Grpc.Application", "Source\ContainerApps\Grpc\Grpc.Application\Grpc.Application.csproj", "{BACD8F0E-B087-4B2E-AE73-D468CCF94B16}"
EndProject
Project("{9A19103F-16F7-4668-BE54-9A1E7A4F7556}") = "Grpc.Domain", "Source\ContainerApps\Grpc\Grpc.Domain\Grpc.Domain.csproj", "{39C108FB-C8E1-45B6-B067-83A26054DA2B}"
EndProject
Project("{9A19103F-16F7-4668-BE54-9A1E7A4F7556}") = "Grpc.Infrastructure", "Source\ContainerApps\Grpc\Grpc.Infrastructure\Grpc.Infrastructure.csproj", "{F8CCA479-E0F4-4E88-A439-39CC8B3B7C9B}"
EndProject
Project("{9A19103F-16F7-4668-BE54-9A1E7A4F7556}") = "Web.Server", "Source\ContainerApps\Web\Web.Server\Web.Server.csproj", "{CFFB80F7-6230-4244-A07F-12F5A295FB21}"
EndProject
Project("{9A19103F-16F7-4668-BE54-9A1E7A4F7556}") = "Web.Spa", "Source\ContainerApps\Web\Web.Spa\Web.Spa.csproj", "{545E3103-354C-4058-8D8F-60D70DCC115B}"
EndProject
Project("{54A90642-561A-4BB1-A94E-469ADEE60C69}") = "Web.TypeScript", "Source\ContainerApps\Web\Web.TypeScript\Web.TypeScript.esproj", "{2929D233-BD18-46BD-93C3-A4B69EE91BCC}"
EndProject
Project("{9A19103F-16F7-4668-BE54-9A1E7A4F7556}") = "Web.Application", "Source\ContainerApps\Web\Web.Application\Web.Application.csproj", "{5122D985-AB9C-442E-B60D-27BE2BDED4CE}"
EndProject
Project("{9A19103F-16F7-4668-BE54-9A1E7A4F7556}") = "Web.Domain", "Source\ContainerApps\Web\Web.Domain\Web.Domain.csproj", "{FEF1F47E-97AE-45BC-9211-2ECF5A227342}"
EndProject
Project("{9A19103F-16F7-4668-BE54-9A1E7A4F7556}") = "Web.Infrastructure", "Source\ContainerApps\Web\Web.Infrastructure\Web.Infrastructure.csproj", "{8BCA26F0-1960-4092-8FC3-ADCBAE9F3868}"
EndProject
Project("{9A19103F-16F7-4668-BE54-9A1E7A4F7556}") = "Web.Contracts", "Source\ContainerApps\Web\Web.Contracts\Web.Contracts.csproj", "{DBDCECC2-1280-40E7-BDF8-71BB3F941279}"
EndProject
Project("{9A19103F-16F7-4668-BE54-9A1E7A4F7556}") = "Yarp", "Source\ContainerApps\Yarp\Yarp.csproj", "{08ED6B59-E051-4B4A-AEEA-351D0720FC46}"
EndProject
Project("{2150E333-8FDC-42A3-9474-1A3956D46DE8}") = "Common", "Common", "{AF802A33-1D61-4089-986C-1265BFD04C79}"
EndProject
Project("{9A19103F-16F7-4668-BE54-9A1E7A4F7556}") = "Common.Infrastructure.Tests", "Tests\Common\Common.Infrastructure.Tests\Common.Infrastructure.Tests.csproj", "{92834F28-8ECE-4F49-A4F5-DF6AA560CC67}"
EndProject
Project("{2150E333-8FDC-42A3-9474-1A3956D46DE8}") = "06-NewFileTemplates", "06-NewFileTemplates", "{B5A98DD8-85DD-408D-A60F-D9D1CD5F17CF}"
	ProjectSection(SolutionItems) = preProject
		.templates\.cs-interface.txt = .templates\.cs-interface.txt
		.templates\.cs.txt = .templates\.cs.txt
		.templates\.html.txt = .templates\.html.txt
		.templates\.json.txt = .templates\.json.txt
		.templates\.md.txt = .templates\.md.txt
		.templates\action.cs.txt = .templates\action.cs.txt
		.templates\package.json.txt = .templates\package.json.txt
		.templates\validator.txt = .templates\validator.txt
	EndProjectSection
EndProject
Global
	GlobalSection(SolutionConfigurationPlatforms) = preSolution
		Debug|Any CPU = Debug|Any CPU
		ReduxDevToolsEnabled|Any CPU = ReduxDevToolsEnabled|Any CPU
		Release|Any CPU = Release|Any CPU
	EndGlobalSection
	GlobalSection(ProjectConfigurationPlatforms) = postSolution
		{0A40E8BE-AAE4-4382-A76C-5F65D3ABF62E}.Debug|Any CPU.ActiveCfg = Debug|Any CPU
		{0A40E8BE-AAE4-4382-A76C-5F65D3ABF62E}.Debug|Any CPU.Build.0 = Debug|Any CPU
		{0A40E8BE-AAE4-4382-A76C-5F65D3ABF62E}.ReduxDevToolsEnabled|Any CPU.ActiveCfg = Release|Any CPU
		{0A40E8BE-AAE4-4382-A76C-5F65D3ABF62E}.ReduxDevToolsEnabled|Any CPU.Build.0 = Release|Any CPU
		{0A40E8BE-AAE4-4382-A76C-5F65D3ABF62E}.Release|Any CPU.ActiveCfg = Release|Any CPU
		{0A40E8BE-AAE4-4382-A76C-5F65D3ABF62E}.Release|Any CPU.Build.0 = Release|Any CPU
		{4777B983-0F31-4F72-BD72-70B62D3D8143}.Debug|Any CPU.ActiveCfg = Debug|Any CPU
		{4777B983-0F31-4F72-BD72-70B62D3D8143}.Debug|Any CPU.Build.0 = Debug|Any CPU
		{4777B983-0F31-4F72-BD72-70B62D3D8143}.ReduxDevToolsEnabled|Any CPU.ActiveCfg = Release|Any CPU
		{4777B983-0F31-4F72-BD72-70B62D3D8143}.ReduxDevToolsEnabled|Any CPU.Build.0 = Release|Any CPU
		{4777B983-0F31-4F72-BD72-70B62D3D8143}.Release|Any CPU.ActiveCfg = Release|Any CPU
		{4777B983-0F31-4F72-BD72-70B62D3D8143}.Release|Any CPU.Build.0 = Release|Any CPU
		{3F3814F8-BEA1-4447-98A4-4DE447ED7BB8}.Debug|Any CPU.ActiveCfg = Debug|Any CPU
		{3F3814F8-BEA1-4447-98A4-4DE447ED7BB8}.Debug|Any CPU.Build.0 = Debug|Any CPU
		{3F3814F8-BEA1-4447-98A4-4DE447ED7BB8}.ReduxDevToolsEnabled|Any CPU.ActiveCfg = Release|Any CPU
		{3F3814F8-BEA1-4447-98A4-4DE447ED7BB8}.ReduxDevToolsEnabled|Any CPU.Build.0 = Release|Any CPU
		{3F3814F8-BEA1-4447-98A4-4DE447ED7BB8}.Release|Any CPU.ActiveCfg = Release|Any CPU
		{3F3814F8-BEA1-4447-98A4-4DE447ED7BB8}.Release|Any CPU.Build.0 = Release|Any CPU
		{B7BFD6D0-E502-4AA4-BF2E-D94C2F084F41}.Debug|Any CPU.ActiveCfg = Debug|Any CPU
		{B7BFD6D0-E502-4AA4-BF2E-D94C2F084F41}.Debug|Any CPU.Build.0 = Debug|Any CPU
		{B7BFD6D0-E502-4AA4-BF2E-D94C2F084F41}.ReduxDevToolsEnabled|Any CPU.ActiveCfg = Release|Any CPU
		{B7BFD6D0-E502-4AA4-BF2E-D94C2F084F41}.ReduxDevToolsEnabled|Any CPU.Build.0 = Release|Any CPU
		{B7BFD6D0-E502-4AA4-BF2E-D94C2F084F41}.Release|Any CPU.ActiveCfg = Release|Any CPU
		{B7BFD6D0-E502-4AA4-BF2E-D94C2F084F41}.Release|Any CPU.Build.0 = Release|Any CPU
		{95F17ABE-8AC6-4EDC-B837-7F3C533D4562}.Debug|Any CPU.ActiveCfg = Debug|Any CPU
		{95F17ABE-8AC6-4EDC-B837-7F3C533D4562}.Debug|Any CPU.Build.0 = Debug|Any CPU
		{95F17ABE-8AC6-4EDC-B837-7F3C533D4562}.ReduxDevToolsEnabled|Any CPU.ActiveCfg = Release|Any CPU
		{95F17ABE-8AC6-4EDC-B837-7F3C533D4562}.ReduxDevToolsEnabled|Any CPU.Build.0 = Release|Any CPU
		{95F17ABE-8AC6-4EDC-B837-7F3C533D4562}.Release|Any CPU.ActiveCfg = Release|Any CPU
		{95F17ABE-8AC6-4EDC-B837-7F3C533D4562}.Release|Any CPU.Build.0 = Release|Any CPU
		{02257162-95A3-45AB-A022-68A35A93BE3C}.Debug|Any CPU.ActiveCfg = Debug|Any CPU
		{02257162-95A3-45AB-A022-68A35A93BE3C}.Debug|Any CPU.Build.0 = Debug|Any CPU
		{02257162-95A3-45AB-A022-68A35A93BE3C}.ReduxDevToolsEnabled|Any CPU.ActiveCfg = Release|Any CPU
		{02257162-95A3-45AB-A022-68A35A93BE3C}.ReduxDevToolsEnabled|Any CPU.Build.0 = Release|Any CPU
		{02257162-95A3-45AB-A022-68A35A93BE3C}.Release|Any CPU.ActiveCfg = Release|Any CPU
		{02257162-95A3-45AB-A022-68A35A93BE3C}.Release|Any CPU.Build.0 = Release|Any CPU
		{74203078-7F4E-4025-B713-79F2D7DC9D52}.Debug|Any CPU.ActiveCfg = Debug|Any CPU
		{74203078-7F4E-4025-B713-79F2D7DC9D52}.Debug|Any CPU.Build.0 = Debug|Any CPU
		{74203078-7F4E-4025-B713-79F2D7DC9D52}.ReduxDevToolsEnabled|Any CPU.ActiveCfg = Release|Any CPU
		{74203078-7F4E-4025-B713-79F2D7DC9D52}.ReduxDevToolsEnabled|Any CPU.Build.0 = Release|Any CPU
		{74203078-7F4E-4025-B713-79F2D7DC9D52}.Release|Any CPU.ActiveCfg = Release|Any CPU
		{74203078-7F4E-4025-B713-79F2D7DC9D52}.Release|Any CPU.Build.0 = Release|Any CPU
		{E5570C46-7FB6-413A-92C8-061876C3D568}.Debug|Any CPU.ActiveCfg = Debug|Any CPU
		{E5570C46-7FB6-413A-92C8-061876C3D568}.Debug|Any CPU.Build.0 = Debug|Any CPU
		{E5570C46-7FB6-413A-92C8-061876C3D568}.ReduxDevToolsEnabled|Any CPU.ActiveCfg = Release|Any CPU
		{E5570C46-7FB6-413A-92C8-061876C3D568}.ReduxDevToolsEnabled|Any CPU.Build.0 = Release|Any CPU
		{E5570C46-7FB6-413A-92C8-061876C3D568}.Release|Any CPU.ActiveCfg = Release|Any CPU
		{E5570C46-7FB6-413A-92C8-061876C3D568}.Release|Any CPU.Build.0 = Release|Any CPU
		{77DF0E93-7A26-442E-A995-BACAD6A3B3C7}.Debug|Any CPU.ActiveCfg = Debug|Any CPU
		{77DF0E93-7A26-442E-A995-BACAD6A3B3C7}.Debug|Any CPU.Build.0 = Debug|Any CPU
		{77DF0E93-7A26-442E-A995-BACAD6A3B3C7}.ReduxDevToolsEnabled|Any CPU.ActiveCfg = Release|Any CPU
		{77DF0E93-7A26-442E-A995-BACAD6A3B3C7}.ReduxDevToolsEnabled|Any CPU.Build.0 = Release|Any CPU
		{77DF0E93-7A26-442E-A995-BACAD6A3B3C7}.Release|Any CPU.ActiveCfg = Release|Any CPU
		{77DF0E93-7A26-442E-A995-BACAD6A3B3C7}.Release|Any CPU.Build.0 = Release|Any CPU
		{607246B4-BE03-4E76-99F5-71EE1E90B22C}.Debug|Any CPU.ActiveCfg = Debug|Any CPU
		{607246B4-BE03-4E76-99F5-71EE1E90B22C}.Debug|Any CPU.Build.0 = Debug|Any CPU
		{607246B4-BE03-4E76-99F5-71EE1E90B22C}.ReduxDevToolsEnabled|Any CPU.ActiveCfg = Release|Any CPU
		{607246B4-BE03-4E76-99F5-71EE1E90B22C}.ReduxDevToolsEnabled|Any CPU.Build.0 = Release|Any CPU
		{607246B4-BE03-4E76-99F5-71EE1E90B22C}.Release|Any CPU.ActiveCfg = Release|Any CPU
		{607246B4-BE03-4E76-99F5-71EE1E90B22C}.Release|Any CPU.Build.0 = Release|Any CPU
		{C734286B-E573-4F72-BBE6-57ADDD4265D5}.Debug|Any CPU.ActiveCfg = Debug|Any CPU
		{C734286B-E573-4F72-BBE6-57ADDD4265D5}.Debug|Any CPU.Build.0 = Debug|Any CPU
		{C734286B-E573-4F72-BBE6-57ADDD4265D5}.ReduxDevToolsEnabled|Any CPU.ActiveCfg = Release|Any CPU
		{C734286B-E573-4F72-BBE6-57ADDD4265D5}.ReduxDevToolsEnabled|Any CPU.Build.0 = Release|Any CPU
		{C734286B-E573-4F72-BBE6-57ADDD4265D5}.Release|Any CPU.ActiveCfg = Release|Any CPU
		{C734286B-E573-4F72-BBE6-57ADDD4265D5}.Release|Any CPU.Build.0 = Release|Any CPU
		{03E78D0D-A549-4D34-BD55-0AF81B1A203D}.Debug|Any CPU.ActiveCfg = Debug|Any CPU
		{03E78D0D-A549-4D34-BD55-0AF81B1A203D}.Debug|Any CPU.Build.0 = Debug|Any CPU
		{03E78D0D-A549-4D34-BD55-0AF81B1A203D}.ReduxDevToolsEnabled|Any CPU.ActiveCfg = Release|Any CPU
		{03E78D0D-A549-4D34-BD55-0AF81B1A203D}.ReduxDevToolsEnabled|Any CPU.Build.0 = Release|Any CPU
		{03E78D0D-A549-4D34-BD55-0AF81B1A203D}.Release|Any CPU.ActiveCfg = Release|Any CPU
		{03E78D0D-A549-4D34-BD55-0AF81B1A203D}.Release|Any CPU.Build.0 = Release|Any CPU
		{9DB258A0-067A-4F5C-94F0-0D39A1927C6D}.Debug|Any CPU.ActiveCfg = Debug|Any CPU
		{9DB258A0-067A-4F5C-94F0-0D39A1927C6D}.Debug|Any CPU.Build.0 = Debug|Any CPU
		{9DB258A0-067A-4F5C-94F0-0D39A1927C6D}.ReduxDevToolsEnabled|Any CPU.ActiveCfg = Release|Any CPU
		{9DB258A0-067A-4F5C-94F0-0D39A1927C6D}.ReduxDevToolsEnabled|Any CPU.Build.0 = Release|Any CPU
		{9DB258A0-067A-4F5C-94F0-0D39A1927C6D}.Release|Any CPU.ActiveCfg = Release|Any CPU
		{9DB258A0-067A-4F5C-94F0-0D39A1927C6D}.Release|Any CPU.Build.0 = Release|Any CPU
		{FF19203B-D199-459E-8448-06A37D3C7E88}.Debug|Any CPU.ActiveCfg = Debug|Any CPU
		{FF19203B-D199-459E-8448-06A37D3C7E88}.Debug|Any CPU.Build.0 = Debug|Any CPU
		{FF19203B-D199-459E-8448-06A37D3C7E88}.ReduxDevToolsEnabled|Any CPU.ActiveCfg = Release|Any CPU
		{FF19203B-D199-459E-8448-06A37D3C7E88}.ReduxDevToolsEnabled|Any CPU.Build.0 = Release|Any CPU
		{FF19203B-D199-459E-8448-06A37D3C7E88}.Release|Any CPU.ActiveCfg = Release|Any CPU
		{FF19203B-D199-459E-8448-06A37D3C7E88}.Release|Any CPU.Build.0 = Release|Any CPU
		{A0330F86-0A50-4264-88EE-3745C187767D}.Debug|Any CPU.ActiveCfg = Debug|Any CPU
		{A0330F86-0A50-4264-88EE-3745C187767D}.Debug|Any CPU.Build.0 = Debug|Any CPU
		{A0330F86-0A50-4264-88EE-3745C187767D}.ReduxDevToolsEnabled|Any CPU.ActiveCfg = Release|Any CPU
		{A0330F86-0A50-4264-88EE-3745C187767D}.ReduxDevToolsEnabled|Any CPU.Build.0 = Release|Any CPU
		{A0330F86-0A50-4264-88EE-3745C187767D}.Release|Any CPU.ActiveCfg = Release|Any CPU
		{A0330F86-0A50-4264-88EE-3745C187767D}.Release|Any CPU.Build.0 = Release|Any CPU
		{C0DECA29-541A-4BA1-93B3-8C8C2AF5B2C2}.Debug|Any CPU.ActiveCfg = Debug|Any CPU
		{C0DECA29-541A-4BA1-93B3-8C8C2AF5B2C2}.Debug|Any CPU.Build.0 = Debug|Any CPU
		{C0DECA29-541A-4BA1-93B3-8C8C2AF5B2C2}.ReduxDevToolsEnabled|Any CPU.ActiveCfg = Release|Any CPU
		{C0DECA29-541A-4BA1-93B3-8C8C2AF5B2C2}.ReduxDevToolsEnabled|Any CPU.Build.0 = Release|Any CPU
		{C0DECA29-541A-4BA1-93B3-8C8C2AF5B2C2}.Release|Any CPU.ActiveCfg = Release|Any CPU
		{C0DECA29-541A-4BA1-93B3-8C8C2AF5B2C2}.Release|Any CPU.Build.0 = Release|Any CPU
		{4D43F8E5-727F-4382-A606-21E1C8E204D0}.Debug|Any CPU.ActiveCfg = Debug|Any CPU
		{4D43F8E5-727F-4382-A606-21E1C8E204D0}.Debug|Any CPU.Build.0 = Debug|Any CPU
		{4D43F8E5-727F-4382-A606-21E1C8E204D0}.ReduxDevToolsEnabled|Any CPU.ActiveCfg = Release|Any CPU
		{4D43F8E5-727F-4382-A606-21E1C8E204D0}.ReduxDevToolsEnabled|Any CPU.Build.0 = Release|Any CPU
		{4D43F8E5-727F-4382-A606-21E1C8E204D0}.Release|Any CPU.ActiveCfg = Release|Any CPU
		{4D43F8E5-727F-4382-A606-21E1C8E204D0}.Release|Any CPU.Build.0 = Release|Any CPU
		{86B3E2AC-37E8-4A07-9DFC-41DC831ECE51}.Debug|Any CPU.ActiveCfg = Debug|Any CPU
		{86B3E2AC-37E8-4A07-9DFC-41DC831ECE51}.Debug|Any CPU.Build.0 = Debug|Any CPU
		{86B3E2AC-37E8-4A07-9DFC-41DC831ECE51}.ReduxDevToolsEnabled|Any CPU.ActiveCfg = Release|Any CPU
		{86B3E2AC-37E8-4A07-9DFC-41DC831ECE51}.ReduxDevToolsEnabled|Any CPU.Build.0 = Release|Any CPU
		{86B3E2AC-37E8-4A07-9DFC-41DC831ECE51}.Release|Any CPU.ActiveCfg = Release|Any CPU
		{86B3E2AC-37E8-4A07-9DFC-41DC831ECE51}.Release|Any CPU.Build.0 = Release|Any CPU
		{8C377EA5-3EBE-4DDC-B800-85731946DEB7}.Debug|Any CPU.ActiveCfg = Debug|Any CPU
		{8C377EA5-3EBE-4DDC-B800-85731946DEB7}.Debug|Any CPU.Build.0 = Debug|Any CPU
		{8C377EA5-3EBE-4DDC-B800-85731946DEB7}.ReduxDevToolsEnabled|Any CPU.ActiveCfg = Release|Any CPU
		{8C377EA5-3EBE-4DDC-B800-85731946DEB7}.ReduxDevToolsEnabled|Any CPU.Build.0 = Release|Any CPU
		{8C377EA5-3EBE-4DDC-B800-85731946DEB7}.Release|Any CPU.ActiveCfg = Release|Any CPU
		{8C377EA5-3EBE-4DDC-B800-85731946DEB7}.Release|Any CPU.Build.0 = Release|Any CPU
		{BACD8F0E-B087-4B2E-AE73-D468CCF94B16}.Debug|Any CPU.ActiveCfg = Debug|Any CPU
		{BACD8F0E-B087-4B2E-AE73-D468CCF94B16}.Debug|Any CPU.Build.0 = Debug|Any CPU
		{BACD8F0E-B087-4B2E-AE73-D468CCF94B16}.ReduxDevToolsEnabled|Any CPU.ActiveCfg = Release|Any CPU
		{BACD8F0E-B087-4B2E-AE73-D468CCF94B16}.ReduxDevToolsEnabled|Any CPU.Build.0 = Release|Any CPU
		{BACD8F0E-B087-4B2E-AE73-D468CCF94B16}.Release|Any CPU.ActiveCfg = Release|Any CPU
		{BACD8F0E-B087-4B2E-AE73-D468CCF94B16}.Release|Any CPU.Build.0 = Release|Any CPU
		{39C108FB-C8E1-45B6-B067-83A26054DA2B}.Debug|Any CPU.ActiveCfg = Debug|Any CPU
		{39C108FB-C8E1-45B6-B067-83A26054DA2B}.Debug|Any CPU.Build.0 = Debug|Any CPU
		{39C108FB-C8E1-45B6-B067-83A26054DA2B}.ReduxDevToolsEnabled|Any CPU.ActiveCfg = Release|Any CPU
		{39C108FB-C8E1-45B6-B067-83A26054DA2B}.ReduxDevToolsEnabled|Any CPU.Build.0 = Release|Any CPU
		{39C108FB-C8E1-45B6-B067-83A26054DA2B}.Release|Any CPU.ActiveCfg = Release|Any CPU
		{39C108FB-C8E1-45B6-B067-83A26054DA2B}.Release|Any CPU.Build.0 = Release|Any CPU
		{F8CCA479-E0F4-4E88-A439-39CC8B3B7C9B}.Debug|Any CPU.ActiveCfg = Debug|Any CPU
		{F8CCA479-E0F4-4E88-A439-39CC8B3B7C9B}.Debug|Any CPU.Build.0 = Debug|Any CPU
		{F8CCA479-E0F4-4E88-A439-39CC8B3B7C9B}.ReduxDevToolsEnabled|Any CPU.ActiveCfg = Release|Any CPU
		{F8CCA479-E0F4-4E88-A439-39CC8B3B7C9B}.ReduxDevToolsEnabled|Any CPU.Build.0 = Release|Any CPU
		{F8CCA479-E0F4-4E88-A439-39CC8B3B7C9B}.Release|Any CPU.ActiveCfg = Release|Any CPU
		{F8CCA479-E0F4-4E88-A439-39CC8B3B7C9B}.Release|Any CPU.Build.0 = Release|Any CPU
		{CFFB80F7-6230-4244-A07F-12F5A295FB21}.Debug|Any CPU.ActiveCfg = Debug|Any CPU
		{CFFB80F7-6230-4244-A07F-12F5A295FB21}.Debug|Any CPU.Build.0 = Debug|Any CPU
		{CFFB80F7-6230-4244-A07F-12F5A295FB21}.ReduxDevToolsEnabled|Any CPU.ActiveCfg = Release|Any CPU
		{CFFB80F7-6230-4244-A07F-12F5A295FB21}.ReduxDevToolsEnabled|Any CPU.Build.0 = Release|Any CPU
		{CFFB80F7-6230-4244-A07F-12F5A295FB21}.Release|Any CPU.ActiveCfg = Release|Any CPU
		{CFFB80F7-6230-4244-A07F-12F5A295FB21}.Release|Any CPU.Build.0 = Release|Any CPU
		{545E3103-354C-4058-8D8F-60D70DCC115B}.Debug|Any CPU.ActiveCfg = Debug|Any CPU
		{545E3103-354C-4058-8D8F-60D70DCC115B}.Debug|Any CPU.Build.0 = Debug|Any CPU
		{545E3103-354C-4058-8D8F-60D70DCC115B}.ReduxDevToolsEnabled|Any CPU.ActiveCfg = Release|Any CPU
		{545E3103-354C-4058-8D8F-60D70DCC115B}.ReduxDevToolsEnabled|Any CPU.Build.0 = Release|Any CPU
		{545E3103-354C-4058-8D8F-60D70DCC115B}.Release|Any CPU.ActiveCfg = Release|Any CPU
		{545E3103-354C-4058-8D8F-60D70DCC115B}.Release|Any CPU.Build.0 = Release|Any CPU
		{2929D233-BD18-46BD-93C3-A4B69EE91BCC}.Debug|Any CPU.ActiveCfg = Debug|Any CPU
		{2929D233-BD18-46BD-93C3-A4B69EE91BCC}.Debug|Any CPU.Build.0 = Debug|Any CPU
		{2929D233-BD18-46BD-93C3-A4B69EE91BCC}.Debug|Any CPU.Deploy.0 = Debug|Any CPU
		{2929D233-BD18-46BD-93C3-A4B69EE91BCC}.ReduxDevToolsEnabled|Any CPU.ActiveCfg = Release|Any CPU
		{2929D233-BD18-46BD-93C3-A4B69EE91BCC}.ReduxDevToolsEnabled|Any CPU.Build.0 = Release|Any CPU
		{2929D233-BD18-46BD-93C3-A4B69EE91BCC}.ReduxDevToolsEnabled|Any CPU.Deploy.0 = Release|Any CPU
		{2929D233-BD18-46BD-93C3-A4B69EE91BCC}.Release|Any CPU.ActiveCfg = Release|Any CPU
		{2929D233-BD18-46BD-93C3-A4B69EE91BCC}.Release|Any CPU.Build.0 = Release|Any CPU
		{2929D233-BD18-46BD-93C3-A4B69EE91BCC}.Release|Any CPU.Deploy.0 = Release|Any CPU
		{5122D985-AB9C-442E-B60D-27BE2BDED4CE}.Debug|Any CPU.ActiveCfg = Debug|Any CPU
		{5122D985-AB9C-442E-B60D-27BE2BDED4CE}.Debug|Any CPU.Build.0 = Debug|Any CPU
		{5122D985-AB9C-442E-B60D-27BE2BDED4CE}.ReduxDevToolsEnabled|Any CPU.ActiveCfg = Release|Any CPU
		{5122D985-AB9C-442E-B60D-27BE2BDED4CE}.ReduxDevToolsEnabled|Any CPU.Build.0 = Release|Any CPU
		{5122D985-AB9C-442E-B60D-27BE2BDED4CE}.Release|Any CPU.ActiveCfg = Release|Any CPU
		{5122D985-AB9C-442E-B60D-27BE2BDED4CE}.Release|Any CPU.Build.0 = Release|Any CPU
		{FEF1F47E-97AE-45BC-9211-2ECF5A227342}.Debug|Any CPU.ActiveCfg = Debug|Any CPU
		{FEF1F47E-97AE-45BC-9211-2ECF5A227342}.Debug|Any CPU.Build.0 = Debug|Any CPU
		{FEF1F47E-97AE-45BC-9211-2ECF5A227342}.ReduxDevToolsEnabled|Any CPU.ActiveCfg = Release|Any CPU
		{FEF1F47E-97AE-45BC-9211-2ECF5A227342}.ReduxDevToolsEnabled|Any CPU.Build.0 = Release|Any CPU
		{FEF1F47E-97AE-45BC-9211-2ECF5A227342}.Release|Any CPU.ActiveCfg = Release|Any CPU
		{FEF1F47E-97AE-45BC-9211-2ECF5A227342}.Release|Any CPU.Build.0 = Release|Any CPU
		{8BCA26F0-1960-4092-8FC3-ADCBAE9F3868}.Debug|Any CPU.ActiveCfg = Debug|Any CPU
		{8BCA26F0-1960-4092-8FC3-ADCBAE9F3868}.Debug|Any CPU.Build.0 = Debug|Any CPU
		{8BCA26F0-1960-4092-8FC3-ADCBAE9F3868}.ReduxDevToolsEnabled|Any CPU.ActiveCfg = Release|Any CPU
		{8BCA26F0-1960-4092-8FC3-ADCBAE9F3868}.ReduxDevToolsEnabled|Any CPU.Build.0 = Release|Any CPU
		{8BCA26F0-1960-4092-8FC3-ADCBAE9F3868}.Release|Any CPU.ActiveCfg = Release|Any CPU
		{8BCA26F0-1960-4092-8FC3-ADCBAE9F3868}.Release|Any CPU.Build.0 = Release|Any CPU
		{DBDCECC2-1280-40E7-BDF8-71BB3F941279}.Debug|Any CPU.ActiveCfg = Debug|Any CPU
		{DBDCECC2-1280-40E7-BDF8-71BB3F941279}.Debug|Any CPU.Build.0 = Debug|Any CPU
		{DBDCECC2-1280-40E7-BDF8-71BB3F941279}.ReduxDevToolsEnabled|Any CPU.ActiveCfg = Release|Any CPU
		{DBDCECC2-1280-40E7-BDF8-71BB3F941279}.ReduxDevToolsEnabled|Any CPU.Build.0 = Release|Any CPU
		{DBDCECC2-1280-40E7-BDF8-71BB3F941279}.Release|Any CPU.ActiveCfg = Release|Any CPU
		{DBDCECC2-1280-40E7-BDF8-71BB3F941279}.Release|Any CPU.Build.0 = Release|Any CPU
		{08ED6B59-E051-4B4A-AEEA-351D0720FC46}.Debug|Any CPU.ActiveCfg = Debug|Any CPU
		{08ED6B59-E051-4B4A-AEEA-351D0720FC46}.Debug|Any CPU.Build.0 = Debug|Any CPU
		{08ED6B59-E051-4B4A-AEEA-351D0720FC46}.ReduxDevToolsEnabled|Any CPU.ActiveCfg = Release|Any CPU
		{08ED6B59-E051-4B4A-AEEA-351D0720FC46}.ReduxDevToolsEnabled|Any CPU.Build.0 = Release|Any CPU
		{08ED6B59-E051-4B4A-AEEA-351D0720FC46}.Release|Any CPU.ActiveCfg = Release|Any CPU
		{08ED6B59-E051-4B4A-AEEA-351D0720FC46}.Release|Any CPU.Build.0 = Release|Any CPU
		{92834F28-8ECE-4F49-A4F5-DF6AA560CC67}.Debug|Any CPU.ActiveCfg = Debug|Any CPU
		{92834F28-8ECE-4F49-A4F5-DF6AA560CC67}.Debug|Any CPU.Build.0 = Debug|Any CPU
		{92834F28-8ECE-4F49-A4F5-DF6AA560CC67}.ReduxDevToolsEnabled|Any CPU.ActiveCfg = Release|Any CPU
		{92834F28-8ECE-4F49-A4F5-DF6AA560CC67}.ReduxDevToolsEnabled|Any CPU.Build.0 = Release|Any CPU
		{92834F28-8ECE-4F49-A4F5-DF6AA560CC67}.Release|Any CPU.ActiveCfg = Release|Any CPU
		{92834F28-8ECE-4F49-A4F5-DF6AA560CC67}.Release|Any CPU.Build.0 = Release|Any CPU
	EndGlobalSection
	GlobalSection(SolutionProperties) = preSolution
		HideSolutionNode = FALSE
	EndGlobalSection
	GlobalSection(NestedProjects) = preSolution
		{F324E68B-9E03-4D9F-848E-398203410723} = {2902FDFD-016E-4BF7-8B41-53D674FA53DD}
		{40FA15DA-FF57-49E7-AD29-3C6C12F29237} = {3FE33776-60AF-4FAA-AF1A-EC3E15BBB509}
		{F549E7AE-C09B-402D-8AEC-43013297EDC3} = {3FE33776-60AF-4FAA-AF1A-EC3E15BBB509}
		{A6A5A004-4F3D-46E8-BA25-BCEF3DB8A4E2} = {3FE33776-60AF-4FAA-AF1A-EC3E15BBB509}
		{45A9CAA5-8BF5-48E9-BBAD-85D5001764AC} = {3FE33776-60AF-4FAA-AF1A-EC3E15BBB509}
		{E3B896E0-4EBE-410B-A036-2EC3B6FA9EFE} = {F324E68B-9E03-4D9F-848E-398203410723}
		{97A8BD76-BAAC-4BEB-8D61-4BC1D51EB0A8} = {F324E68B-9E03-4D9F-848E-398203410723}
		{4F06C18A-94D0-4F34-89C9-F189FD1C8E74} = {F324E68B-9E03-4D9F-848E-398203410723}
		{0A40E8BE-AAE4-4382-A76C-5F65D3ABF62E} = {78D09B55-6B42-4869-B943-87ACAD8439FB}
		{4777B983-0F31-4F72-BD72-70B62D3D8143} = {78D09B55-6B42-4869-B943-87ACAD8439FB}
		{3F3814F8-BEA1-4447-98A4-4DE447ED7BB8} = {2DB1A6D9-AD51-4D72-9A4C-B08592E7ABA9}
		{B7BFD6D0-E502-4AA4-BF2E-D94C2F084F41} = {2DB1A6D9-AD51-4D72-9A4C-B08592E7ABA9}
		{95F17ABE-8AC6-4EDC-B837-7F3C533D4562} = {2DB1A6D9-AD51-4D72-9A4C-B08592E7ABA9}
		{02257162-95A3-45AB-A022-68A35A93BE3C} = {2DB1A6D9-AD51-4D72-9A4C-B08592E7ABA9}
		{74203078-7F4E-4025-B713-79F2D7DC9D52} = {2DB1A6D9-AD51-4D72-9A4C-B08592E7ABA9}
		{E5570C46-7FB6-413A-92C8-061876C3D568} = {E3B896E0-4EBE-410B-A036-2EC3B6FA9EFE}
		{77DF0E93-7A26-442E-A995-BACAD6A3B3C7} = {4F06C18A-94D0-4F34-89C9-F189FD1C8E74}
		{607246B4-BE03-4E76-99F5-71EE1E90B22C} = {4F06C18A-94D0-4F34-89C9-F189FD1C8E74}
		{C734286B-E573-4F72-BBE6-57ADDD4265D5} = {4F06C18A-94D0-4F34-89C9-F189FD1C8E74}
		{03E78D0D-A549-4D34-BD55-0AF81B1A203D} = {4F06C18A-94D0-4F34-89C9-F189FD1C8E74}
		{9DB258A0-067A-4F5C-94F0-0D39A1927C6D} = {40FA15DA-FF57-49E7-AD29-3C6C12F29237}
		{FF19203B-D199-459E-8448-06A37D3C7E88} = {40FA15DA-FF57-49E7-AD29-3C6C12F29237}
		{A0330F86-0A50-4264-88EE-3745C187767D} = {40FA15DA-FF57-49E7-AD29-3C6C12F29237}
		{C0DECA29-541A-4BA1-93B3-8C8C2AF5B2C2} = {40FA15DA-FF57-49E7-AD29-3C6C12F29237}
		{4D43F8E5-727F-4382-A606-21E1C8E204D0} = {40FA15DA-FF57-49E7-AD29-3C6C12F29237}
		{86B3E2AC-37E8-4A07-9DFC-41DC831ECE51} = {F549E7AE-C09B-402D-8AEC-43013297EDC3}
		{8C377EA5-3EBE-4DDC-B800-85731946DEB7} = {F549E7AE-C09B-402D-8AEC-43013297EDC3}
		{BACD8F0E-B087-4B2E-AE73-D468CCF94B16} = {F549E7AE-C09B-402D-8AEC-43013297EDC3}
		{39C108FB-C8E1-45B6-B067-83A26054DA2B} = {F549E7AE-C09B-402D-8AEC-43013297EDC3}
		{F8CCA479-E0F4-4E88-A439-39CC8B3B7C9B} = {F549E7AE-C09B-402D-8AEC-43013297EDC3}
		{CFFB80F7-6230-4244-A07F-12F5A295FB21} = {A6A5A004-4F3D-46E8-BA25-BCEF3DB8A4E2}
		{545E3103-354C-4058-8D8F-60D70DCC115B} = {A6A5A004-4F3D-46E8-BA25-BCEF3DB8A4E2}
		{2929D233-BD18-46BD-93C3-A4B69EE91BCC} = {A6A5A004-4F3D-46E8-BA25-BCEF3DB8A4E2}
		{5122D985-AB9C-442E-B60D-27BE2BDED4CE} = {A6A5A004-4F3D-46E8-BA25-BCEF3DB8A4E2}
		{FEF1F47E-97AE-45BC-9211-2ECF5A227342} = {A6A5A004-4F3D-46E8-BA25-BCEF3DB8A4E2}
		{8BCA26F0-1960-4092-8FC3-ADCBAE9F3868} = {A6A5A004-4F3D-46E8-BA25-BCEF3DB8A4E2}
		{DBDCECC2-1280-40E7-BDF8-71BB3F941279} = {A6A5A004-4F3D-46E8-BA25-BCEF3DB8A4E2}
		{08ED6B59-E051-4B4A-AEEA-351D0720FC46} = {45A9CAA5-8BF5-48E9-BBAD-85D5001764AC}
		{AF802A33-1D61-4089-986C-1265BFD04C79} = {2902FDFD-016E-4BF7-8B41-53D674FA53DD}
		{92834F28-8ECE-4F49-A4F5-DF6AA560CC67} = {AF802A33-1D61-4089-986C-1265BFD04C79}
	EndGlobalSection
	GlobalSection(ExtensibilityGlobals) = postSolution
		SolutionGuid = {16FA64C2-4A0E-42D4-94E6-C8CFDE84597E}
	EndGlobalSection
EndGlobal
