
Microsoft Visual Studio Solution File, Format Version 12.00
# Visual Studio Version 17
VisualStudioVersion = 17.0.31717.71
MinimumVisualStudioVersion = 10.0.40219.1
Project("{2150E333-8FDC-42A3-9474-1A3956D46DE8}") = "04-Tests", "04-Tests", "{2902FDFD-016E-4BF7-8B41-53D674FA53DD}"
EndProject
Project("{9A19103F-16F7-4668-BE54-9A1E7A4F7556}") = "Web.Shared", "Source\ContainerApps\Web\Web.Shared\Web.Shared.csproj", "{19B3F119-0F8A-430A-8336-9F6797B990E9}"
EndProject
Project("{9A19103F-16F7-4668-BE54-9A1E7A4F7556}") = "Web.Server", "Source\ContainerApps\Web\Web.Server\Web.Server.csproj", "{CFFB80F7-6230-4244-A07F-12F5A295FB21}"
EndProject
Project("{9A19103F-16F7-4668-BE54-9A1E7A4F7556}") = "Web.Spa", "Source\ContainerApps\Web\Web.Spa\Web.Spa.csproj", "{545E3103-354C-4058-8D8F-60D70DCC115B}"
EndProject
Project("{9A19103F-16F7-4668-BE54-9A1E7A4F7556}") = "Web.Spa.Integration.Tests", "Tests\Client.Integration.Tests\Web.Spa.Integration.Tests.csproj", "{7A297947-B1E9-4BC6-9F84-22E5EDB389B8}"
EndProject
Project("{9A19103F-16F7-4668-BE54-9A1E7A4F7556}") = "Web.Server.Integration.Tests", "Tests\Server.Integration.Tests\Web.Server.Integration.Tests.csproj", "{86DAE2F4-34F2-4002-AE80-308D8A7FADE0}"
EndProject
Project("{9A19103F-16F7-4668-BE54-9A1E7A4F7556}") = "EndToEnd.TestCafe.Tests", "Tests\EndToEnd.TestCafe.Tests\EndToEnd.TestCafe.Tests.csproj", "{607246B4-BE03-4E76-99F5-71EE1E90B22C}"
EndProject
Project("{2150E333-8FDC-42A3-9474-1A3956D46DE8}") = "03-Solution Items", "03-Solution Items", "{6B623CDC-91E7-47FD-A039-A40427FB7FE8}"
	ProjectSection(SolutionItems) = preProject
		.editorconfig = .editorconfig
		.gitignore = .gitignore
		CodeMaid.config = CodeMaid.config
		Directory.Build.props = Directory.Build.props
		Directory.Packages.props = Directory.Packages.props
		global.json = global.json
		NuGet.config = NuGet.config
		README.md = README.md
		Run.ps1 = Run.ps1
		.template.config\template.json = .template.config\template.json
		TestCafe.ps1 = TestCafe.ps1
		TimeWarp.ruleset = TimeWarp.ruleset
		UNLICENSE.md = UNLICENSE.md
	EndProjectSection
EndProject
Project("{2150E333-8FDC-42A3-9474-1A3956D46DE8}") = "Analyzers", "Analyzers", "{831BFD66-CAC3-4E90-AE1B-0BA8E5D49FB9}"
EndProject
Project("{9A19103F-16F7-4668-BE54-9A1E7A4F7556}") = "EndToEnd.Playwright.Tests", "Tests\EndToEnd.Playwright.Tests\EndToEnd.Playwright.Tests.csproj", "{77DF0E93-7A26-442E-A995-BACAD6A3B3C7}"
EndProject
Project("{9A19103F-16F7-4668-BE54-9A1E7A4F7556}") = "Testing.Common", "Tests\TimeWarp.Architecture.Testing\Testing.Common.csproj", "{0A40E8BE-AAE4-4382-A76C-5F65D3ABF62E}"
EndProject
Project("{9A19103F-16F7-4668-BE54-9A1E7A4F7556}") = "SourceCodeGenerators", "Source\SourceCodeGenerators\SourceCodeGenerators.csproj", "{4944CA16-DB11-4C09-BFCD-66A62E6ACCF4}"
EndProject
Project("{9A19103F-16F7-4668-BE54-9A1E7A4F7556}") = "SourceCodeGenerators.Tests", "Tests\TimeWarp.SourceCodeGenerators.Tests\SourceCodeGenerators.Tests.csproj", "{21C35DFB-1CCB-4BEC-9E51-7293796EFB88}"
EndProject
Project("{9A19103F-16F7-4668-BE54-9A1E7A4F7556}") = "Yarp", "Source\ContainerApps\Yarp\Yarp.csproj", "{08ED6B59-E051-4B4A-AEEA-351D0720FC46}"
EndProject
Project("{2150E333-8FDC-42A3-9474-1A3956D46DE8}") = "Grpc", "Grpc", "{F549E7AE-C09B-402D-8AEC-43013297EDC3}"
EndProject
Project("{2150E333-8FDC-42A3-9474-1A3956D46DE8}") = "Api", "Api", "{40FA15DA-FF57-49E7-AD29-3C6C12F29237}"
EndProject
Project("{9A19103F-16F7-4668-BE54-9A1E7A4F7556}") = "Grpc.Server", "Source\ContainerApps\Grpc\Grpc.Server\Grpc.Server.csproj", "{86B3E2AC-37E8-4A07-9DFC-41DC831ECE51}"
EndProject
Project("{9A19103F-16F7-4668-BE54-9A1E7A4F7556}") = "Grpc.Contracts", "Source\ContainerApps\Grpc\Grpc.Contracts\Grpc.Contracts.csproj", "{8C377EA5-3EBE-4DDC-B800-85731946DEB7}"
EndProject
Project("{9A19103F-16F7-4668-BE54-9A1E7A4F7556}") = "Api.Server", "Source\ContainerApps\Api\Api.Server\Api.Server.csproj", "{9DB258A0-067A-4F5C-94F0-0D39A1927C6D}"
EndProject
Project("{9A19103F-16F7-4668-BE54-9A1E7A4F7556}") = "Api.Contracts", "Source\ContainerApps\Api\Api.Contracts\Api.Contracts.csproj", "{FF19203B-D199-459E-8448-06A37D3C7E88}"
EndProject
Project("{2150E333-8FDC-42A3-9474-1A3956D46DE8}") = "Yarp", "Yarp", "{45A9CAA5-8BF5-48E9-BBAD-85D5001764AC}"
EndProject
Project("{2150E333-8FDC-42A3-9474-1A3956D46DE8}") = "01-Tools", "01-Tools", "{E1A28909-AC7A-4D97-810F-D9F2BDEAAFAF}"
EndProject
Project("{2150E333-8FDC-42A3-9474-1A3956D46DE8}") = "05-ContainerApps", "05-ContainerApps", "{3FE33776-60AF-4FAA-AF1A-EC3E15BBB509}"
EndProject
Project("{2150E333-8FDC-42A3-9474-1A3956D46DE8}") = "Web", "Web", "{A6A5A004-4F3D-46E8-BA25-BCEF3DB8A4E2}"
EndProject
Project("{2150E333-8FDC-42A3-9474-1A3956D46DE8}") = "02-Common", "02-Common", "{2DB1A6D9-AD51-4D72-9A4C-B08592E7ABA9}"
EndProject
Project("{2150E333-8FDC-42A3-9474-1A3956D46DE8}") = "Api", "Api", "{E3B896E0-4EBE-410B-A036-2EC3B6FA9EFE}"
EndProject
Project("{2150E333-8FDC-42A3-9474-1A3956D46DE8}") = "Grpc", "Grpc", "{97A8BD76-BAAC-4BEB-8D61-4BC1D51EB0A8}"
EndProject
Project("{2150E333-8FDC-42A3-9474-1A3956D46DE8}") = "Web", "Web", "{4F06C18A-94D0-4F34-89C9-F189FD1C8E74}"
EndProject
Project("{2150E333-8FDC-42A3-9474-1A3956D46DE8}") = "ContainerApps", "ContainerApps", "{F324E68B-9E03-4D9F-848E-398203410723}"
EndProject
Project("{2150E333-8FDC-42A3-9474-1A3956D46DE8}") = "Common", "Common", "{B3864467-1369-45DE-9CEB-EF227A5D062A}"
EndProject
Project("{2150E333-8FDC-42A3-9474-1A3956D46DE8}") = "00-DevOps", "00-DevOps", "{968CBDA4-4227-4C7B-9F41-804376A8F193}"
	ProjectSection(SolutionItems) = preProject
		DevOps\Tye\tye.yaml = DevOps\Tye\tye.yaml
	EndProjectSection
EndProject
Project("{54A90642-561A-4BB1-A94E-469ADEE60C69}") = "Web.TypeScript", "Source\ContainerApps\Web\Web.TypeScript\Web.TypeScript.esproj", "{2929D233-BD18-46BD-93C3-A4B69EE91BCC}"
EndProject
Global
	GlobalSection(SolutionConfigurationPlatforms) = preSolution
		Debug|Any CPU = Debug|Any CPU
		ReduxDevToolsEnabled|Any CPU = ReduxDevToolsEnabled|Any CPU
		Release|Any CPU = Release|Any CPU
	EndGlobalSection
	GlobalSection(ProjectConfigurationPlatforms) = postSolution
		{19B3F119-0F8A-430A-8336-9F6797B990E9}.Debug|Any CPU.ActiveCfg = Debug|Any CPU
		{19B3F119-0F8A-430A-8336-9F6797B990E9}.Debug|Any CPU.Build.0 = Debug|Any CPU
		{19B3F119-0F8A-430A-8336-9F6797B990E9}.ReduxDevToolsEnabled|Any CPU.ActiveCfg = Release|Any CPU
		{19B3F119-0F8A-430A-8336-9F6797B990E9}.ReduxDevToolsEnabled|Any CPU.Build.0 = Release|Any CPU
		{19B3F119-0F8A-430A-8336-9F6797B990E9}.Release|Any CPU.ActiveCfg = Release|Any CPU
		{19B3F119-0F8A-430A-8336-9F6797B990E9}.Release|Any CPU.Build.0 = Release|Any CPU
		{CFFB80F7-6230-4244-A07F-12F5A295FB21}.Debug|Any CPU.ActiveCfg = Debug|Any CPU
		{CFFB80F7-6230-4244-A07F-12F5A295FB21}.Debug|Any CPU.Build.0 = Debug|Any CPU
		{CFFB80F7-6230-4244-A07F-12F5A295FB21}.ReduxDevToolsEnabled|Any CPU.ActiveCfg = Release|Any CPU
		{CFFB80F7-6230-4244-A07F-12F5A295FB21}.ReduxDevToolsEnabled|Any CPU.Build.0 = Release|Any CPU
		{CFFB80F7-6230-4244-A07F-12F5A295FB21}.Release|Any CPU.ActiveCfg = Release|Any CPU
		{CFFB80F7-6230-4244-A07F-12F5A295FB21}.Release|Any CPU.Build.0 = Release|Any CPU
		{545E3103-354C-4058-8D8F-60D70DCC115B}.Debug|Any CPU.ActiveCfg = Debug|Any CPU
		{545E3103-354C-4058-8D8F-60D70DCC115B}.Debug|Any CPU.Build.0 = Debug|Any CPU
		{545E3103-354C-4058-8D8F-60D70DCC115B}.ReduxDevToolsEnabled|Any CPU.ActiveCfg = Release|Any CPU
		{545E3103-354C-4058-8D8F-60D70DCC115B}.ReduxDevToolsEnabled|Any CPU.Build.0 = Release|Any CPU
		{545E3103-354C-4058-8D8F-60D70DCC115B}.Release|Any CPU.ActiveCfg = Release|Any CPU
		{545E3103-354C-4058-8D8F-60D70DCC115B}.Release|Any CPU.Build.0 = Release|Any CPU
		{7A297947-B1E9-4BC6-9F84-22E5EDB389B8}.Debug|Any CPU.ActiveCfg = Debug|Any CPU
		{7A297947-B1E9-4BC6-9F84-22E5EDB389B8}.Debug|Any CPU.Build.0 = Debug|Any CPU
		{7A297947-B1E9-4BC6-9F84-22E5EDB389B8}.ReduxDevToolsEnabled|Any CPU.ActiveCfg = Release|Any CPU
		{7A297947-B1E9-4BC6-9F84-22E5EDB389B8}.ReduxDevToolsEnabled|Any CPU.Build.0 = Release|Any CPU
		{7A297947-B1E9-4BC6-9F84-22E5EDB389B8}.Release|Any CPU.ActiveCfg = Release|Any CPU
		{7A297947-B1E9-4BC6-9F84-22E5EDB389B8}.Release|Any CPU.Build.0 = Release|Any CPU
		{86DAE2F4-34F2-4002-AE80-308D8A7FADE0}.Debug|Any CPU.ActiveCfg = Debug|Any CPU
		{86DAE2F4-34F2-4002-AE80-308D8A7FADE0}.Debug|Any CPU.Build.0 = Debug|Any CPU
		{86DAE2F4-34F2-4002-AE80-308D8A7FADE0}.ReduxDevToolsEnabled|Any CPU.ActiveCfg = Release|Any CPU
		{86DAE2F4-34F2-4002-AE80-308D8A7FADE0}.ReduxDevToolsEnabled|Any CPU.Build.0 = Release|Any CPU
		{86DAE2F4-34F2-4002-AE80-308D8A7FADE0}.Release|Any CPU.ActiveCfg = Release|Any CPU
		{86DAE2F4-34F2-4002-AE80-308D8A7FADE0}.Release|Any CPU.Build.0 = Release|Any CPU
		{607246B4-BE03-4E76-99F5-71EE1E90B22C}.Debug|Any CPU.ActiveCfg = Debug|Any CPU
		{607246B4-BE03-4E76-99F5-71EE1E90B22C}.Debug|Any CPU.Build.0 = Debug|Any CPU
		{607246B4-BE03-4E76-99F5-71EE1E90B22C}.ReduxDevToolsEnabled|Any CPU.ActiveCfg = Release|Any CPU
		{607246B4-BE03-4E76-99F5-71EE1E90B22C}.ReduxDevToolsEnabled|Any CPU.Build.0 = Release|Any CPU
		{607246B4-BE03-4E76-99F5-71EE1E90B22C}.Release|Any CPU.ActiveCfg = Release|Any CPU
		{607246B4-BE03-4E76-99F5-71EE1E90B22C}.Release|Any CPU.Build.0 = Release|Any CPU
		{77DF0E93-7A26-442E-A995-BACAD6A3B3C7}.Debug|Any CPU.ActiveCfg = Debug|Any CPU
		{77DF0E93-7A26-442E-A995-BACAD6A3B3C7}.Debug|Any CPU.Build.0 = Debug|Any CPU
		{77DF0E93-7A26-442E-A995-BACAD6A3B3C7}.ReduxDevToolsEnabled|Any CPU.ActiveCfg = Release|Any CPU
		{77DF0E93-7A26-442E-A995-BACAD6A3B3C7}.ReduxDevToolsEnabled|Any CPU.Build.0 = Release|Any CPU
		{77DF0E93-7A26-442E-A995-BACAD6A3B3C7}.Release|Any CPU.ActiveCfg = Release|Any CPU
		{77DF0E93-7A26-442E-A995-BACAD6A3B3C7}.Release|Any CPU.Build.0 = Release|Any CPU
		{0A40E8BE-AAE4-4382-A76C-5F65D3ABF62E}.Debug|Any CPU.ActiveCfg = Debug|Any CPU
		{0A40E8BE-AAE4-4382-A76C-5F65D3ABF62E}.Debug|Any CPU.Build.0 = Debug|Any CPU
		{0A40E8BE-AAE4-4382-A76C-5F65D3ABF62E}.ReduxDevToolsEnabled|Any CPU.ActiveCfg = Release|Any CPU
		{0A40E8BE-AAE4-4382-A76C-5F65D3ABF62E}.ReduxDevToolsEnabled|Any CPU.Build.0 = Release|Any CPU
		{0A40E8BE-AAE4-4382-A76C-5F65D3ABF62E}.Release|Any CPU.ActiveCfg = Release|Any CPU
		{0A40E8BE-AAE4-4382-A76C-5F65D3ABF62E}.Release|Any CPU.Build.0 = Release|Any CPU
		{4944CA16-DB11-4C09-BFCD-66A62E6ACCF4}.Debug|Any CPU.ActiveCfg = Debug|Any CPU
		{4944CA16-DB11-4C09-BFCD-66A62E6ACCF4}.Debug|Any CPU.Build.0 = Debug|Any CPU
		{4944CA16-DB11-4C09-BFCD-66A62E6ACCF4}.ReduxDevToolsEnabled|Any CPU.ActiveCfg = Release|Any CPU
		{4944CA16-DB11-4C09-BFCD-66A62E6ACCF4}.ReduxDevToolsEnabled|Any CPU.Build.0 = Release|Any CPU
		{4944CA16-DB11-4C09-BFCD-66A62E6ACCF4}.Release|Any CPU.ActiveCfg = Release|Any CPU
		{4944CA16-DB11-4C09-BFCD-66A62E6ACCF4}.Release|Any CPU.Build.0 = Release|Any CPU
		{21C35DFB-1CCB-4BEC-9E51-7293796EFB88}.Debug|Any CPU.ActiveCfg = Debug|Any CPU
		{21C35DFB-1CCB-4BEC-9E51-7293796EFB88}.Debug|Any CPU.Build.0 = Debug|Any CPU
		{21C35DFB-1CCB-4BEC-9E51-7293796EFB88}.ReduxDevToolsEnabled|Any CPU.ActiveCfg = Release|Any CPU
		{21C35DFB-1CCB-4BEC-9E51-7293796EFB88}.ReduxDevToolsEnabled|Any CPU.Build.0 = Release|Any CPU
		{21C35DFB-1CCB-4BEC-9E51-7293796EFB88}.Release|Any CPU.ActiveCfg = Release|Any CPU
		{21C35DFB-1CCB-4BEC-9E51-7293796EFB88}.Release|Any CPU.Build.0 = Release|Any CPU
		{08ED6B59-E051-4B4A-AEEA-351D0720FC46}.Debug|Any CPU.ActiveCfg = Debug|Any CPU
		{08ED6B59-E051-4B4A-AEEA-351D0720FC46}.Debug|Any CPU.Build.0 = Debug|Any CPU
		{08ED6B59-E051-4B4A-AEEA-351D0720FC46}.ReduxDevToolsEnabled|Any CPU.ActiveCfg = Release|Any CPU
		{08ED6B59-E051-4B4A-AEEA-351D0720FC46}.ReduxDevToolsEnabled|Any CPU.Build.0 = Release|Any CPU
		{08ED6B59-E051-4B4A-AEEA-351D0720FC46}.Release|Any CPU.ActiveCfg = Release|Any CPU
		{08ED6B59-E051-4B4A-AEEA-351D0720FC46}.Release|Any CPU.Build.0 = Release|Any CPU
		{86B3E2AC-37E8-4A07-9DFC-41DC831ECE51}.Debug|Any CPU.ActiveCfg = Debug|Any CPU
		{86B3E2AC-37E8-4A07-9DFC-41DC831ECE51}.Debug|Any CPU.Build.0 = Debug|Any CPU
		{86B3E2AC-37E8-4A07-9DFC-41DC831ECE51}.ReduxDevToolsEnabled|Any CPU.ActiveCfg = Release|Any CPU
		{86B3E2AC-37E8-4A07-9DFC-41DC831ECE51}.ReduxDevToolsEnabled|Any CPU.Build.0 = Release|Any CPU
		{86B3E2AC-37E8-4A07-9DFC-41DC831ECE51}.Release|Any CPU.ActiveCfg = Release|Any CPU
		{86B3E2AC-37E8-4A07-9DFC-41DC831ECE51}.Release|Any CPU.Build.0 = Release|Any CPU
		{8C377EA5-3EBE-4DDC-B800-85731946DEB7}.Debug|Any CPU.ActiveCfg = Debug|Any CPU
		{8C377EA5-3EBE-4DDC-B800-85731946DEB7}.Debug|Any CPU.Build.0 = Debug|Any CPU
		{8C377EA5-3EBE-4DDC-B800-85731946DEB7}.ReduxDevToolsEnabled|Any CPU.ActiveCfg = Release|Any CPU
		{8C377EA5-3EBE-4DDC-B800-85731946DEB7}.ReduxDevToolsEnabled|Any CPU.Build.0 = Release|Any CPU
		{8C377EA5-3EBE-4DDC-B800-85731946DEB7}.Release|Any CPU.ActiveCfg = Release|Any CPU
		{8C377EA5-3EBE-4DDC-B800-85731946DEB7}.Release|Any CPU.Build.0 = Release|Any CPU
		{9DB258A0-067A-4F5C-94F0-0D39A1927C6D}.Debug|Any CPU.ActiveCfg = Debug|Any CPU
		{9DB258A0-067A-4F5C-94F0-0D39A1927C6D}.Debug|Any CPU.Build.0 = Debug|Any CPU
		{9DB258A0-067A-4F5C-94F0-0D39A1927C6D}.ReduxDevToolsEnabled|Any CPU.ActiveCfg = Release|Any CPU
		{9DB258A0-067A-4F5C-94F0-0D39A1927C6D}.ReduxDevToolsEnabled|Any CPU.Build.0 = Release|Any CPU
		{9DB258A0-067A-4F5C-94F0-0D39A1927C6D}.Release|Any CPU.ActiveCfg = Release|Any CPU
		{9DB258A0-067A-4F5C-94F0-0D39A1927C6D}.Release|Any CPU.Build.0 = Release|Any CPU
		{FF19203B-D199-459E-8448-06A37D3C7E88}.Debug|Any CPU.ActiveCfg = Debug|Any CPU
		{FF19203B-D199-459E-8448-06A37D3C7E88}.Debug|Any CPU.Build.0 = Debug|Any CPU
		{FF19203B-D199-459E-8448-06A37D3C7E88}.ReduxDevToolsEnabled|Any CPU.ActiveCfg = Release|Any CPU
		{FF19203B-D199-459E-8448-06A37D3C7E88}.ReduxDevToolsEnabled|Any CPU.Build.0 = Release|Any CPU
		{FF19203B-D199-459E-8448-06A37D3C7E88}.Release|Any CPU.ActiveCfg = Release|Any CPU
		{FF19203B-D199-459E-8448-06A37D3C7E88}.Release|Any CPU.Build.0 = Release|Any CPU
		{2929D233-BD18-46BD-93C3-A4B69EE91BCC}.Debug|Any CPU.ActiveCfg = Debug|Any CPU
		{2929D233-BD18-46BD-93C3-A4B69EE91BCC}.Debug|Any CPU.Build.0 = Debug|Any CPU
		{2929D233-BD18-46BD-93C3-A4B69EE91BCC}.Debug|Any CPU.Deploy.0 = Debug|Any CPU
		{2929D233-BD18-46BD-93C3-A4B69EE91BCC}.ReduxDevToolsEnabled|Any CPU.ActiveCfg = Release|Any CPU
		{2929D233-BD18-46BD-93C3-A4B69EE91BCC}.ReduxDevToolsEnabled|Any CPU.Build.0 = Release|Any CPU
		{2929D233-BD18-46BD-93C3-A4B69EE91BCC}.ReduxDevToolsEnabled|Any CPU.Deploy.0 = Release|Any CPU
		{2929D233-BD18-46BD-93C3-A4B69EE91BCC}.Release|Any CPU.ActiveCfg = Release|Any CPU
		{2929D233-BD18-46BD-93C3-A4B69EE91BCC}.Release|Any CPU.Build.0 = Release|Any CPU
		{2929D233-BD18-46BD-93C3-A4B69EE91BCC}.Release|Any CPU.Deploy.0 = Release|Any CPU
	EndGlobalSection
	GlobalSection(SolutionProperties) = preSolution
		HideSolutionNode = FALSE
	EndGlobalSection
	GlobalSection(NestedProjects) = preSolution
		{19B3F119-0F8A-430A-8336-9F6797B990E9} = {A6A5A004-4F3D-46E8-BA25-BCEF3DB8A4E2}
		{CFFB80F7-6230-4244-A07F-12F5A295FB21} = {A6A5A004-4F3D-46E8-BA25-BCEF3DB8A4E2}
		{545E3103-354C-4058-8D8F-60D70DCC115B} = {A6A5A004-4F3D-46E8-BA25-BCEF3DB8A4E2}
		{7A297947-B1E9-4BC6-9F84-22E5EDB389B8} = {4F06C18A-94D0-4F34-89C9-F189FD1C8E74}
		{86DAE2F4-34F2-4002-AE80-308D8A7FADE0} = {4F06C18A-94D0-4F34-89C9-F189FD1C8E74}
		{607246B4-BE03-4E76-99F5-71EE1E90B22C} = {4F06C18A-94D0-4F34-89C9-F189FD1C8E74}
		{831BFD66-CAC3-4E90-AE1B-0BA8E5D49FB9} = {2DB1A6D9-AD51-4D72-9A4C-B08592E7ABA9}
		{77DF0E93-7A26-442E-A995-BACAD6A3B3C7} = {4F06C18A-94D0-4F34-89C9-F189FD1C8E74}
		{0A40E8BE-AAE4-4382-A76C-5F65D3ABF62E} = {2DB1A6D9-AD51-4D72-9A4C-B08592E7ABA9}
		{4944CA16-DB11-4C09-BFCD-66A62E6ACCF4} = {2DB1A6D9-AD51-4D72-9A4C-B08592E7ABA9}
		{21C35DFB-1CCB-4BEC-9E51-7293796EFB88} = {B3864467-1369-45DE-9CEB-EF227A5D062A}
		{08ED6B59-E051-4B4A-AEEA-351D0720FC46} = {45A9CAA5-8BF5-48E9-BBAD-85D5001764AC}
		{F549E7AE-C09B-402D-8AEC-43013297EDC3} = {3FE33776-60AF-4FAA-AF1A-EC3E15BBB509}
		{40FA15DA-FF57-49E7-AD29-3C6C12F29237} = {3FE33776-60AF-4FAA-AF1A-EC3E15BBB509}
		{86B3E2AC-37E8-4A07-9DFC-41DC831ECE51} = {F549E7AE-C09B-402D-8AEC-43013297EDC3}
		{8C377EA5-3EBE-4DDC-B800-85731946DEB7} = {F549E7AE-C09B-402D-8AEC-43013297EDC3}
		{9DB258A0-067A-4F5C-94F0-0D39A1927C6D} = {40FA15DA-FF57-49E7-AD29-3C6C12F29237}
		{FF19203B-D199-459E-8448-06A37D3C7E88} = {40FA15DA-FF57-49E7-AD29-3C6C12F29237}
		{45A9CAA5-8BF5-48E9-BBAD-85D5001764AC} = {3FE33776-60AF-4FAA-AF1A-EC3E15BBB509}
		{A6A5A004-4F3D-46E8-BA25-BCEF3DB8A4E2} = {3FE33776-60AF-4FAA-AF1A-EC3E15BBB509}
		{E3B896E0-4EBE-410B-A036-2EC3B6FA9EFE} = {F324E68B-9E03-4D9F-848E-398203410723}
		{97A8BD76-BAAC-4BEB-8D61-4BC1D51EB0A8} = {F324E68B-9E03-4D9F-848E-398203410723}
		{4F06C18A-94D0-4F34-89C9-F189FD1C8E74} = {F324E68B-9E03-4D9F-848E-398203410723}
		{F324E68B-9E03-4D9F-848E-398203410723} = {2902FDFD-016E-4BF7-8B41-53D674FA53DD}
		{B3864467-1369-45DE-9CEB-EF227A5D062A} = {2902FDFD-016E-4BF7-8B41-53D674FA53DD}
		{2929D233-BD18-46BD-93C3-A4B69EE91BCC} = {A6A5A004-4F3D-46E8-BA25-BCEF3DB8A4E2}
	EndGlobalSection
	GlobalSection(ExtensibilityGlobals) = postSolution
		SolutionGuid = {16FA64C2-4A0E-42D4-94E6-C8CFDE84597E}
	EndGlobalSection
EndGlobal
