
Microsoft Visual Studio Solution File, Format Version 12.00
# Visual Studio Version 16
VisualStudioVersion = 16.0.28606.126
MinimumVisualStudioVersion = 10.0.40219.1
Project("{2150E333-8FDC-42A3-9474-1A3956D46DE8}") = "Tests", "Tests", "{2902FDFD-016E-4BF7-8B41-53D674FA53DD}"
EndProject
Project("{9A19103F-16F7-4668-BE54-9A1E7A4F7556}") = "TimeWarp.Blazor.Api", "Source\Api\TimeWarp.Blazor.Api.csproj", "{19B3F119-0F8A-430A-8336-9F6797B990E9}"
EndProject
Project("{9A19103F-16F7-4668-BE54-9A1E7A4F7556}") = "TimeWarp.Blazor.Server", "Source\Server\TimeWarp.Blazor.Server.csproj", "{CFFB80F7-6230-4244-A07F-12F5A295FB21}"
EndProject
Project("{9A19103F-16F7-4668-BE54-9A1E7A4F7556}") = "TimeWarp.Blazor.Client", "Source\Client\TimeWarp.Blazor.Client.csproj", "{545E3103-354C-4058-8D8F-60D70DCC115B}"
EndProject
Project("{9A19103F-16F7-4668-BE54-9A1E7A4F7556}") = "TimeWarp.Blazor.Client.Integration.Tests", "Tests\Client.Integration.Tests\TimeWarp.Blazor.Client.Integration.Tests.csproj", "{7A297947-B1E9-4BC6-9F84-22E5EDB389B8}"
EndProject
Project("{9A19103F-16F7-4668-BE54-9A1E7A4F7556}") = "TimeWarp.Blazor.EndToEnd.Selenium.Tests", "Tests\EndToEnd.Selenium.Tests\TimeWarp.Blazor.EndToEnd.Selenium.Tests.csproj", "{B82C7C95-4892-443C-AA6B-B6086B03DD30}"
EndProject
Project("{9A19103F-16F7-4668-BE54-9A1E7A4F7556}") = "TimeWarp.Blazor.Server.Integration.Tests", "Tests\Server.Integration.Tests\TimeWarp.Blazor.Server.Integration.Tests.csproj", "{86DAE2F4-34F2-4002-AE80-308D8A7FADE0}"
EndProject
Project("{9A19103F-16F7-4668-BE54-9A1E7A4F7556}") = "TimeWarp.Blazor.EndToEnd.TestCafe.Tests", "Tests\EndToEnd.TestCafe.Tests\TimeWarp.Blazor.EndToEnd.TestCafe.Tests.csproj", "{607246B4-BE03-4E76-99F5-71EE1E90B22C}"
EndProject
Project("{2150E333-8FDC-42A3-9474-1A3956D46DE8}") = "Solution Items", "Solution Items", "{6B623CDC-91E7-47FD-A039-A40427FB7FE8}"
	ProjectSection(SolutionItems) = preProject
		.editorconfig = .editorconfig
		.gitignore = .gitignore
		CodeMaid.config = CodeMaid.config
		Directory.Build.props = Directory.Build.props
		NuGet.config = NuGet.config
		README.md = README.md
		Run.ps1 = Run.ps1
		.template.config\template.json = .template.config\template.json
		TestCafe.ps1 = TestCafe.ps1
		UNLICENSE.md = UNLICENSE.md
	EndProjectSection
EndProject
Project("{2150E333-8FDC-42A3-9474-1A3956D46DE8}") = "Build", "Build", "{6DDDEA23-D242-4AB1-92E0-967A60941A81}"
	ProjectSection(SolutionItems) = preProject
		..\..\..\..\Build\TimeWarp.Blazor.Template.yml = ..\..\..\..\Build\TimeWarp.Blazor.Template.yml
	EndProjectSection
EndProject
Global
	GlobalSection(SolutionConfigurationPlatforms) = preSolution
		Debug|Any CPU = Debug|Any CPU
		Release|Any CPU = Release|Any CPU
	EndGlobalSection
	GlobalSection(ProjectConfigurationPlatforms) = postSolution
		{19B3F119-0F8A-430A-8336-9F6797B990E9}.Debug|Any CPU.ActiveCfg = Debug|Any CPU
		{19B3F119-0F8A-430A-8336-9F6797B990E9}.Debug|Any CPU.Build.0 = Debug|Any CPU
		{19B3F119-0F8A-430A-8336-9F6797B990E9}.Release|Any CPU.ActiveCfg = Release|Any CPU
		{19B3F119-0F8A-430A-8336-9F6797B990E9}.Release|Any CPU.Build.0 = Release|Any CPU
		{CFFB80F7-6230-4244-A07F-12F5A295FB21}.Debug|Any CPU.ActiveCfg = Debug|Any CPU
		{CFFB80F7-6230-4244-A07F-12F5A295FB21}.Debug|Any CPU.Build.0 = Debug|Any CPU
		{CFFB80F7-6230-4244-A07F-12F5A295FB21}.Release|Any CPU.ActiveCfg = Release|Any CPU
		{CFFB80F7-6230-4244-A07F-12F5A295FB21}.Release|Any CPU.Build.0 = Release|Any CPU
		{545E3103-354C-4058-8D8F-60D70DCC115B}.Debug|Any CPU.ActiveCfg = Debug|Any CPU
		{545E3103-354C-4058-8D8F-60D70DCC115B}.Debug|Any CPU.Build.0 = Debug|Any CPU
		{545E3103-354C-4058-8D8F-60D70DCC115B}.Release|Any CPU.ActiveCfg = Release|Any CPU
		{545E3103-354C-4058-8D8F-60D70DCC115B}.Release|Any CPU.Build.0 = Release|Any CPU
		{7A297947-B1E9-4BC6-9F84-22E5EDB389B8}.Debug|Any CPU.ActiveCfg = Debug|Any CPU
		{7A297947-B1E9-4BC6-9F84-22E5EDB389B8}.Debug|Any CPU.Build.0 = Debug|Any CPU
		{7A297947-B1E9-4BC6-9F84-22E5EDB389B8}.Release|Any CPU.ActiveCfg = Release|Any CPU
		{7A297947-B1E9-4BC6-9F84-22E5EDB389B8}.Release|Any CPU.Build.0 = Release|Any CPU
		{B82C7C95-4892-443C-AA6B-B6086B03DD30}.Debug|Any CPU.ActiveCfg = Debug|Any CPU
		{B82C7C95-4892-443C-AA6B-B6086B03DD30}.Debug|Any CPU.Build.0 = Debug|Any CPU
		{B82C7C95-4892-443C-AA6B-B6086B03DD30}.Release|Any CPU.ActiveCfg = Release|Any CPU
		{B82C7C95-4892-443C-AA6B-B6086B03DD30}.Release|Any CPU.Build.0 = Release|Any CPU
		{86DAE2F4-34F2-4002-AE80-308D8A7FADE0}.Debug|Any CPU.ActiveCfg = Debug|Any CPU
		{86DAE2F4-34F2-4002-AE80-308D8A7FADE0}.Debug|Any CPU.Build.0 = Debug|Any CPU
		{86DAE2F4-34F2-4002-AE80-308D8A7FADE0}.Release|Any CPU.ActiveCfg = Release|Any CPU
		{86DAE2F4-34F2-4002-AE80-308D8A7FADE0}.Release|Any CPU.Build.0 = Release|Any CPU
		{607246B4-BE03-4E76-99F5-71EE1E90B22C}.Debug|Any CPU.ActiveCfg = Debug|Any CPU
		{607246B4-BE03-4E76-99F5-71EE1E90B22C}.Debug|Any CPU.Build.0 = Debug|Any CPU
		{607246B4-BE03-4E76-99F5-71EE1E90B22C}.Release|Any CPU.ActiveCfg = Release|Any CPU
		{607246B4-BE03-4E76-99F5-71EE1E90B22C}.Release|Any CPU.Build.0 = Release|Any CPU
	EndGlobalSection
	GlobalSection(SolutionProperties) = preSolution
		HideSolutionNode = FALSE
	EndGlobalSection
	GlobalSection(NestedProjects) = preSolution
		{7A297947-B1E9-4BC6-9F84-22E5EDB389B8} = {2902FDFD-016E-4BF7-8B41-53D674FA53DD}
		{B82C7C95-4892-443C-AA6B-B6086B03DD30} = {2902FDFD-016E-4BF7-8B41-53D674FA53DD}
		{86DAE2F4-34F2-4002-AE80-308D8A7FADE0} = {2902FDFD-016E-4BF7-8B41-53D674FA53DD}
		{607246B4-BE03-4E76-99F5-71EE1E90B22C} = {2902FDFD-016E-4BF7-8B41-53D674FA53DD}
	EndGlobalSection
	GlobalSection(ExtensibilityGlobals) = postSolution
		SolutionGuid = {16FA64C2-4A0E-42D4-94E6-C8CFDE84597E}
	EndGlobalSection
EndGlobal
