
Microsoft Visual Studio Solution File, Format Version 12.00
# Visual Studio Version 16
VisualStudioVersion = 16.0.28917.182
MinimumVisualStudioVersion = 15.0.26124.0
Project("{9A19103F-16F7-4668-BE54-9A1E7A4F7556}") = "Console-CSharp", "Source\Console-CSharp.csproj", "{182F0FF1-3BCB-443D-8842-15ADB4778353}"
EndProject
Project("{9A19103F-16F7-4668-BE54-9A1E7A4F7556}") = "Console-CSharp.Tests", "Tests\Console-CSharp.Tests\Console-CSharp.Tests.csproj", "{54906E27-45D8-42A1-9D3D-43A742423EB7}"
EndProject
Project("{2150E333-8FDC-42A3-9474-1A3956D46DE8}") = "Tests", "Tests", "{E3982F33-88EF-4375-89D1-47A9589D07EA}"
EndProject
Project("{2150E333-8FDC-42A3-9474-1A3956D46DE8}") = "Solution Items", "Solution Items", "{137360F6-53B1-4004-8196-24A31A3E80FF}"
	ProjectSection(SolutionItems) = preProject
		.editorconfig = .editorconfig
		NuGet.config = NuGet.config
		..\..\..\..\Build\TimeWarp.Console.Template.yml = ..\..\..\..\Build\TimeWarp.Console.Template.yml
	EndProjectSection
EndProject
Global
	GlobalSection(SolutionConfigurationPlatforms) = preSolution
		Debug|Any CPU = Debug|Any CPU
		Debug|x64 = Debug|x64
		Debug|x86 = Debug|x86
		Release|Any CPU = Release|Any CPU
		Release|x64 = Release|x64
		Release|x86 = Release|x86
	EndGlobalSection
	GlobalSection(ProjectConfigurationPlatforms) = postSolution
		{182F0FF1-3BCB-443D-8842-15ADB4778353}.Debug|Any CPU.ActiveCfg = Debug|Any CPU
		{182F0FF1-3BCB-443D-8842-15ADB4778353}.Debug|Any CPU.Build.0 = Debug|Any CPU
		{182F0FF1-3BCB-443D-8842-15ADB4778353}.Debug|x64.ActiveCfg = Debug|Any CPU
		{182F0FF1-3BCB-443D-8842-15ADB4778353}.Debug|x64.Build.0 = Debug|Any CPU
		{182F0FF1-3BCB-443D-8842-15ADB4778353}.Debug|x86.ActiveCfg = Debug|Any CPU
		{182F0FF1-3BCB-443D-8842-15ADB4778353}.Debug|x86.Build.0 = Debug|Any CPU
		{182F0FF1-3BCB-443D-8842-15ADB4778353}.Release|Any CPU.ActiveCfg = Release|Any CPU
		{182F0FF1-3BCB-443D-8842-15ADB4778353}.Release|Any CPU.Build.0 = Release|Any CPU
		{182F0FF1-3BCB-443D-8842-15ADB4778353}.Release|x64.ActiveCfg = Release|Any CPU
		{182F0FF1-3BCB-443D-8842-15ADB4778353}.Release|x64.Build.0 = Release|Any CPU
		{182F0FF1-3BCB-443D-8842-15ADB4778353}.Release|x86.ActiveCfg = Release|Any CPU
		{182F0FF1-3BCB-443D-8842-15ADB4778353}.Release|x86.Build.0 = Release|Any CPU
		{54906E27-45D8-42A1-9D3D-43A742423EB7}.Debug|Any CPU.ActiveCfg = Debug|Any CPU
		{54906E27-45D8-42A1-9D3D-43A742423EB7}.Debug|Any CPU.Build.0 = Debug|Any CPU
		{54906E27-45D8-42A1-9D3D-43A742423EB7}.Debug|x64.ActiveCfg = Debug|Any CPU
		{54906E27-45D8-42A1-9D3D-43A742423EB7}.Debug|x64.Build.0 = Debug|Any CPU
		{54906E27-45D8-42A1-9D3D-43A742423EB7}.Debug|x86.ActiveCfg = Debug|Any CPU
		{54906E27-45D8-42A1-9D3D-43A742423EB7}.Debug|x86.Build.0 = Debug|Any CPU
		{54906E27-45D8-42A1-9D3D-43A742423EB7}.Release|Any CPU.ActiveCfg = Release|Any CPU
		{54906E27-45D8-42A1-9D3D-43A742423EB7}.Release|Any CPU.Build.0 = Release|Any CPU
		{54906E27-45D8-42A1-9D3D-43A742423EB7}.Release|x64.ActiveCfg = Release|Any CPU
		{54906E27-45D8-42A1-9D3D-43A742423EB7}.Release|x64.Build.0 = Release|Any CPU
		{54906E27-45D8-42A1-9D3D-43A742423EB7}.Release|x86.ActiveCfg = Release|Any CPU
		{54906E27-45D8-42A1-9D3D-43A742423EB7}.Release|x86.Build.0 = Release|Any CPU
	EndGlobalSection
	GlobalSection(SolutionProperties) = preSolution
		HideSolutionNode = FALSE
	EndGlobalSection
	GlobalSection(NestedProjects) = preSolution
		{54906E27-45D8-42A1-9D3D-43A742423EB7} = {E3982F33-88EF-4375-89D1-47A9589D07EA}
	EndGlobalSection
	GlobalSection(ExtensibilityGlobals) = postSolution
		SolutionGuid = {4433FF6C-C287-47B2-A6B6-3D2547ED478A}
	EndGlobalSection
EndGlobal
